PODS:
  - Alamofire (2.0.2)
  - DACircularProgress (2.3.1)
  - JTCalendar (2.1.4)
  - Kingfisher (1.6.0)
  - MBProgressHUD (0.9.1)
  - MWPhotoBrowser (2.1.1):
    - DACircularProgress (~> 2.3)
    - MBProgressHUD (~> 0.9)
    - SDWebImage (!= 3.7.2, ~> 3.7)
  - SDWebImage (3.7.3):
    - SDWebImage/Core (= 3.7.3)
  - SDWebImage/Core (3.7.3)
  - XLForm (3.0.2)

DEPENDENCIES:
  - Alamofire (~> 2.0)
  - JTCalendar (~> 2.0)
  - Kingfisher (~> 1.6)
  - MBProgressHUD (~> 0.9.1)
  - MWPhotoBrowser
  - XLForm (~> 3.0.0)

SPEC CHECKSUMS:
  Alamofire: 8edbab00802a752bb5240cc2abe70e7e881488ad
  DACircularProgress: 4dd437c0fc3da5161cb289e07ac449493d41db71
  JTCalendar: 9b1352c7ec41cc26b19c189d6608ba48060a53d9
  Kingfisher: 3308d487e5c2a0fba9c1054fc3b8c45923e03c40
  MBProgressHUD: c47f2c166c126cf2ce36498d80f33e754d4e93ad
  MWPhotoBrowser: ba0d0c09ffda3a7ea10093518738c502c1c7141c
  SDWebImage: 1d2b1a1efda1ade1b00b6f8498865f8ddedc8a84
  XLForm: 7817ce29f3f259186e837bb7309ac7e5b7e9b883

COCOAPODS: 0.38.2
