PODS:
  - Alamofire (1.3.1)
  - DACircularProgress (2.3.1)
  - JSONJoy-Swift (0.9.3)
  - JTCalendar (2.1.4)
  - Kingfisher (1.4.5)
  - MBProgressHUD (0.9.1)
  - MWPhotoBrowser (2.1.1):
    - DACircularProgress (~> 2.3)
    - MBProgressHUD (~> 0.9)
    - SDWebImage (!= 3.7.2, ~> 3.7)
  - SDWebImage (3.7.3):
    - SDWebImage/Core (= 3.7.3)
  - SDWebImage/Core (3.7.3)
  - SwiftForms (1.0)
  - SwiftHTTP (0.9.5)
  - XLForm (3.0.2)

DEPENDENCIES:
  - Alamofire (~> 1.3)
  - JSONJoy-Swift (~> 0.9.1)
  - JTCalendar (~> 2.0)
  - Kingfisher (~> 1.4)
  - MBProgressHUD (~> 0.9.1)
  - MWPhotoBrowser
  - SwiftForms
  - SwiftHTTP (~> 0.9.4)
  - XLForm (~> 3.0.0)

SPEC CHECKSUMS:
  Alamofire: e4ab637e3195b645c814b87a652373439e59f2a4
  DACircularProgress: 4dd437c0fc3da5161cb289e07ac449493d41db71
  JSONJoy-Swift: 5faf6a7c150264d606627b26d82e89a43f740c77
  JTCalendar: 9b1352c7ec41cc26b19c189d6608ba48060a53d9
  Kingfisher: 22fa7d41c83b214c19fbb82a77a9db52300b3719
  MBProgressHUD: c47f2c166c126cf2ce36498d80f33e754d4e93ad
  MWPhotoBrowser: ba0d0c09ffda3a7ea10093518738c502c1c7141c
  SDWebImage: 1d2b1a1efda1ade1b00b6f8498865f8ddedc8a84
  SwiftForms: b16bf2978e6eb6617bc9f438322a1daa6c3d2dbd
  SwiftHTTP: cd7b248bc07db02926ff54cf19b580b78f7abfa1
  XLForm: 7817ce29f3f259186e837bb7309ac7e5b7e9b883

COCOAPODS: 0.38.2
