// !$*UTF8*$!
{
	archiveVersion = 1;
	classes = {
	};
	objectVersion = 46;
	objects = {

/* Begin PBXBuildFile section */
		25CE5FB74C9AD9AE4E129F85 /* Pods.framework in Frameworks */ = {isa = PBXBuildFile; fileRef = 796C19CCCCEFA6858136DF35 /* Pods.framework */; settings = {ATTRIBUTES = (Weak, ); }; };
		E3001B891B79DAD300F38CEC /* SwiftColors.swift in Sources */ = {isa = PBXBuildFile; fileRef = E3001B881B79DAD300F38CEC /* SwiftColors.swift */; };
		E304C20D1B8EE33E00A40348 /* AlbumCover.png in Resources */ = {isa = PBXBuildFile; fileRef = E304C20C1B8EE33E00A40348 /* AlbumCover.png */; };
		E304C20F1B8EE90F00A40348 /* head.jpg in Resources */ = {isa = PBXBuildFile; fileRef = E304C20E1B8EE90F00A40348 /* head.jpg */; };
		E30B30E11B7857CE00864989 /* DataInit.swift in Sources */ = {isa = PBXBuildFile; fileRef = E30B30E01B7857CE00864989 /* DataInit.swift */; };
		E30E70181BB16CE50084EDFB /* SignedPeopleTableViewCell.swift in Sources */ = {isa = PBXBuildFile; fileRef = E30E70161BB16CE50084EDFB /* SignedPeopleTableViewCell.swift */; settings = {ASSET_TAGS = (); }; };
		E30E701C1BB172E00084EDFB /* SignedPeopleCollectionViewCell.swift in Sources */ = {isa = PBXBuildFile; fileRef = E30E701B1BB172E00084EDFB /* SignedPeopleCollectionViewCell.swift */; settings = {ASSET_TAGS = (); }; };
		E32E22371B960B6300BC0A0D /* ConfigViewController.swift in Sources */ = {isa = PBXBuildFile; fileRef = E32E22361B960B6300BC0A0D /* ConfigViewController.swift */; };
		E334520E1B73191B004E6FD4 /* BaseInfoEditViewController.swift in Sources */ = {isa = PBXBuildFile; fileRef = E334520D1B73191B004E6FD4 /* BaseInfoEditViewController.swift */; };
		E33802BB1B9023B200A9ADD3 /* BodyInfoEditViewController.swift in Sources */ = {isa = PBXBuildFile; fileRef = E33802BA1B9023B200A9ADD3 /* BodyInfoEditViewController.swift */; };
		E33802BD1B9023C300A9ADD3 /* BusinessInfoEditViewController.swift in Sources */ = {isa = PBXBuildFile; fileRef = E33802BC1B9023C300A9ADD3 /* BusinessInfoEditViewController.swift */; };
		E33F378C1BB2FDA500E59D7C /* SwiftBadge.swift in Sources */ = {isa = PBXBuildFile; fileRef = E33F378B1BB2FDA500E59D7C /* SwiftBadge.swift */; settings = {ASSET_TAGS = (); }; };
		E34CC6461B96DD7F0089EED1 /* Confirm.swift in Sources */ = {isa = PBXBuildFile; fileRef = E34CC6451B96DD7F0089EED1 /* Confirm.swift */; };
		E35080CE1B81892F000D6B65 /* PhotoBrowserViewController.swift in Sources */ = {isa = PBXBuildFile; fileRef = E35080CD1B81892F000D6B65 /* PhotoBrowserViewController.swift */; };
		E350E5661BABA78B006981FF /* JSONJoy.swift in Sources */ = {isa = PBXBuildFile; fileRef = E350E5651BABA78B006981FF /* JSONJoy.swift */; settings = {ASSET_TAGS = (); }; };
		E350E56C1BABFD94006981FF /* TaskNavi.swift in Sources */ = {isa = PBXBuildFile; fileRef = E350E56B1BABFD94006981FF /* TaskNavi.swift */; settings = {ASSET_TAGS = (); }; };
		E350E56E1BABFDA6006981FF /* ChatNavi.swift in Sources */ = {isa = PBXBuildFile; fileRef = E350E56D1BABFDA6006981FF /* ChatNavi.swift */; settings = {ASSET_TAGS = (); }; };
		E350E5701BABFDB5006981FF /* ProfileNavi.swift in Sources */ = {isa = PBXBuildFile; fileRef = E350E56F1BABFDB5006981FF /* ProfileNavi.swift */; settings = {ASSET_TAGS = (); }; };
		E350E5721BAC0051006981FF /* MainTabBar.swift in Sources */ = {isa = PBXBuildFile; fileRef = E350E5711BAC0051006981FF /* MainTabBar.swift */; settings = {ASSET_TAGS = (); }; };
		E36920B71B8700B900D8F345 /* Calendar.swift in Sources */ = {isa = PBXBuildFile; fileRef = E36920B61B8700B900D8F345 /* Calendar.swift */; };
		E36937031BA16D4E00F0F04E /* ButtonTableViewCell.swift in Sources */ = {isa = PBXBuildFile; fileRef = E36937021BA16D4E00F0F04E /* ButtonTableViewCell.swift */; };
		E36C143F1BA5D64D00D6FA4D /* arrow@2x.png in Resources */ = {isa = PBXBuildFile; fileRef = E36C14381BA5D64D00D6FA4D /* arrow@2x.png */; };
		E36C14401BA5D64D00D6FA4D /* Refresh.swift in Sources */ = {isa = PBXBuildFile; fileRef = E36C14391BA5D64D00D6FA4D /* Refresh.swift */; };
		E36C14411BA5D64D00D6FA4D /* RefreshBaseView.swift in Sources */ = {isa = PBXBuildFile; fileRef = E36C143A1BA5D64D00D6FA4D /* RefreshBaseView.swift */; };
		E36C14421BA5D64D00D6FA4D /* RefreshConst.swift in Sources */ = {isa = PBXBuildFile; fileRef = E36C143B1BA5D64D00D6FA4D /* RefreshConst.swift */; };
		E36C14431BA5D64D00D6FA4D /* RefreshFooterView.swift in Sources */ = {isa = PBXBuildFile; fileRef = E36C143C1BA5D64D00D6FA4D /* RefreshFooterView.swift */; };
		E36C14441BA5D64D00D6FA4D /* RefreshHeaderView.swift in Sources */ = {isa = PBXBuildFile; fileRef = E36C143D1BA5D64D00D6FA4D /* RefreshHeaderView.swift */; };
		E36C14451BA5D64D00D6FA4D /* UIScrollView+Refresh.swift in Sources */ = {isa = PBXBuildFile; fileRef = E36C143E1BA5D64D00D6FA4D /* UIScrollView+Refresh.swift */; };
		E37AD5991B846BC8005DEC92 /* CalendarViewController.swift in Sources */ = {isa = PBXBuildFile; fileRef = E37AD5981B846BC8005DEC92 /* CalendarViewController.swift */; };
		E38518871B7091B40063C2C2 /* starRank_0.png in Resources */ = {isa = PBXBuildFile; fileRef = E38518711B7091B40063C2C2 /* starRank_0.png */; };
		E38518881B7091B40063C2C2 /* starRank_1.png in Resources */ = {isa = PBXBuildFile; fileRef = E38518721B7091B40063C2C2 /* starRank_1.png */; };
		E38518891B7091B40063C2C2 /* starRank_10.png in Resources */ = {isa = PBXBuildFile; fileRef = E38518731B7091B40063C2C2 /* starRank_10.png */; };
		E385188A1B7091B40063C2C2 /* starRank_2.png in Resources */ = {isa = PBXBuildFile; fileRef = E38518741B7091B40063C2C2 /* starRank_2.png */; };
		E385188B1B7091B40063C2C2 /* starRank_3.png in Resources */ = {isa = PBXBuildFile; fileRef = E38518751B7091B40063C2C2 /* starRank_3.png */; };
		E385188C1B7091B40063C2C2 /* starRank_4.png in Resources */ = {isa = PBXBuildFile; fileRef = E38518761B7091B40063C2C2 /* starRank_4.png */; };
		E385188D1B7091B40063C2C2 /* starRank_5.png in Resources */ = {isa = PBXBuildFile; fileRef = E38518771B7091B40063C2C2 /* starRank_5.png */; };
		E385188E1B7091B40063C2C2 /* starRank_6.png in Resources */ = {isa = PBXBuildFile; fileRef = E38518781B7091B40063C2C2 /* starRank_6.png */; };
		E385188F1B7091B40063C2C2 /* starRank_7.png in Resources */ = {isa = PBXBuildFile; fileRef = E38518791B7091B40063C2C2 /* starRank_7.png */; };
		E38518901B7091B40063C2C2 /* starRank_8.png in Resources */ = {isa = PBXBuildFile; fileRef = E385187A1B7091B40063C2C2 /* starRank_8.png */; };
		E38518911B7091B40063C2C2 /* starRank_9.png in Resources */ = {isa = PBXBuildFile; fileRef = E385187B1B7091B40063C2C2 /* starRank_9.png */; };
		E38518921B7091B40063C2C2 /* 信息.png in Resources */ = {isa = PBXBuildFile; fileRef = E385187C1B7091B40063C2C2 /* 信息.png */; };
		E38518931B7091B40063C2C2 /* 基本信息.png in Resources */ = {isa = PBXBuildFile; fileRef = E385187D1B7091B40063C2C2 /* 基本信息.png */; };
		E38518941B7091B40063C2C2 /* 我的.png in Resources */ = {isa = PBXBuildFile; fileRef = E385187E1B7091B40063C2C2 /* 我的.png */; };
		E38518951B7091B40063C2C2 /* 档期管理.png in Resources */ = {isa = PBXBuildFile; fileRef = E385187F1B7091B40063C2C2 /* 档期管理.png */; };
		E38518961B7091B40063C2C2 /* 相册管理里.png in Resources */ = {isa = PBXBuildFile; fileRef = E38518801B7091B40063C2C2 /* 相册管理里.png */; };
		E38518971B7091B40063C2C2 /* 视频模卡.png in Resources */ = {isa = PBXBuildFile; fileRef = E38518811B7091B40063C2C2 /* 视频模卡.png */; };
		E38518981B7091B40063C2C2 /* 设置.png in Resources */ = {isa = PBXBuildFile; fileRef = E38518821B7091B40063C2C2 /* 设置.png */; };
		E38518991B7091B40063C2C2 /* 设置图标-11.png in Resources */ = {isa = PBXBuildFile; fileRef = E38518831B7091B40063C2C2 /* 设置图标-11.png */; };
		E385189A1B7091B40063C2C2 /* 账号绑定.png in Resources */ = {isa = PBXBuildFile; fileRef = E38518841B7091B40063C2C2 /* 账号绑定.png */; };
		E385189B1B7091B40063C2C2 /* 账户余额.png in Resources */ = {isa = PBXBuildFile; fileRef = E38518851B7091B40063C2C2 /* 账户余额.png */; };
		E385189C1B7091B40063C2C2 /* 通告.png in Resources */ = {isa = PBXBuildFile; fileRef = E38518861B7091B40063C2C2 /* 通告.png */; };
		E38556711B7C622B0015285F /* AlbumList.swift in Sources */ = {isa = PBXBuildFile; fileRef = E38556701B7C622B0015285F /* AlbumList.swift */; };
		E38556741B7C63110015285F /* AlbumViewController.swift in Sources */ = {isa = PBXBuildFile; fileRef = E38556731B7C63110015285F /* AlbumViewController.swift */; };
		E38556761B7C63600015285F /* AlbumThumbCell.swift in Sources */ = {isa = PBXBuildFile; fileRef = E38556751B7C63600015285F /* AlbumThumbCell.swift */; };
		E38556791B7C79D00015285F /* PhotoCollectionViewController.swift in Sources */ = {isa = PBXBuildFile; fileRef = E38556771B7C79D00015285F /* PhotoCollectionViewController.swift */; };
		E390121D1B9BD0F400CABB9E /* Networking.swift in Sources */ = {isa = PBXBuildFile; fileRef = E390121C1B9BD0F400CABB9E /* Networking.swift */; };
		E3978F521B7ADFC6002B54A3 /* BodyInfo.swift in Sources */ = {isa = PBXBuildFile; fileRef = E3978F511B7ADFC6002B54A3 /* BodyInfo.swift */; };
		E3978F541B7ADFF3002B54A3 /* BusinessInfo.swift in Sources */ = {isa = PBXBuildFile; fileRef = E3978F531B7ADFF3002B54A3 /* BusinessInfo.swift */; };
		E3978F561B7AE017002B54A3 /* BaseInfo.swift in Sources */ = {isa = PBXBuildFile; fileRef = E3978F551B7AE017002B54A3 /* BaseInfo.swift */; };
		E3978F581B7AE09C002B54A3 /* AlbumInfo.swift in Sources */ = {isa = PBXBuildFile; fileRef = E3978F571B7AE09C002B54A3 /* AlbumInfo.swift */; };
		E3978F5A1B7AE0E5002B54A3 /* VideoInfo.swift in Sources */ = {isa = PBXBuildFile; fileRef = E3978F591B7AE0E5002B54A3 /* VideoInfo.swift */; };
		E3978F5C1B7AE106002B54A3 /* ModelCard.swift in Sources */ = {isa = PBXBuildFile; fileRef = E3978F5B1B7AE106002B54A3 /* ModelCard.swift */; };
		E3978F5E1B7AE12B002B54A3 /* ProductInfo.swift in Sources */ = {isa = PBXBuildFile; fileRef = E3978F5D1B7AE12B002B54A3 /* ProductInfo.swift */; };
		E3978F601B7AE372002B54A3 /* Login.swift in Sources */ = {isa = PBXBuildFile; fileRef = E3978F5F1B7AE372002B54A3 /* Login.swift */; };
		E3978F621B7AE3A1002B54A3 /* PUT.swift in Sources */ = {isa = PBXBuildFile; fileRef = E3978F611B7AE3A1002B54A3 /* PUT.swift */; };
		E3978F641B7AEAFD002B54A3 /* AlbumID.swift in Sources */ = {isa = PBXBuildFile; fileRef = E3978F631B7AEAFD002B54A3 /* AlbumID.swift */; };
		E3978F661B7B1470002B54A3 /* AlbumView.swift in Sources */ = {isa = PBXBuildFile; fileRef = E3978F651B7B1470002B54A3 /* AlbumView.swift */; };
		E3AB7A921B8AF6B800962116 /* bg.png in Resources */ = {isa = PBXBuildFile; fileRef = E3AB7A911B8AF6B800962116 /* bg.png */; };
		E3AB7A961B8AFA1300962116 /* logo.png in Resources */ = {isa = PBXBuildFile; fileRef = E3AB7A951B8AFA1300962116 /* logo.png */; };
		E3AF617E1BB4DDBE005CE35B /* AVFoundation.framework in Frameworks */ = {isa = PBXBuildFile; fileRef = E3AF617D1BB4DDBE005CE35B /* AVFoundation.framework */; };
		E3B561701B7C90870051D125 /* PhotoThumbCell.swift in Sources */ = {isa = PBXBuildFile; fileRef = E3B5616F1B7C90870051D125 /* PhotoThumbCell.swift */; };
		E3B6801A1BA2C420004DF002 /* ChatListTableViewCell.swift in Sources */ = {isa = PBXBuildFile; fileRef = E3B680171BA2C420004DF002 /* ChatListTableViewCell.swift */; };
		E3B6801B1BA2C420004DF002 /* ChatListViewController.swift in Sources */ = {isa = PBXBuildFile; fileRef = E3B680181BA2C420004DF002 /* ChatListViewController.swift */; };
		E3B6801C1BA2C420004DF002 /* ChatViewController.swift in Sources */ = {isa = PBXBuildFile; fileRef = E3B680191BA2C420004DF002 /* ChatViewController.swift */; };
		E3B680301BA2C452004DF002 /* photo.png in Resources */ = {isa = PBXBuildFile; fileRef = E3B6801F1BA2C452004DF002 /* photo.png */; };
		E3B680311BA2C452004DF002 /* photo1.png in Resources */ = {isa = PBXBuildFile; fileRef = E3B680201BA2C452004DF002 /* photo1.png */; };
		E3B680321BA2C452004DF002 /* photo1@2x.png in Resources */ = {isa = PBXBuildFile; fileRef = E3B680211BA2C452004DF002 /* photo1@2x.png */; };
		E3B680331BA2C452004DF002 /* photo@2x.png in Resources */ = {isa = PBXBuildFile; fileRef = E3B680221BA2C452004DF002 /* photo@2x.png */; };
		E3B680341BA2C452004DF002 /* ReceiverTextNodeBkg.png in Resources */ = {isa = PBXBuildFile; fileRef = E3B680231BA2C452004DF002 /* ReceiverTextNodeBkg.png */; };
		E3B680351BA2C452004DF002 /* ReceiverTextNodeBkg@2x.png in Resources */ = {isa = PBXBuildFile; fileRef = E3B680241BA2C452004DF002 /* ReceiverTextNodeBkg@2x.png */; };
		E3B680361BA2C452004DF002 /* ReceiverVoiceNodeDownloading.png in Resources */ = {isa = PBXBuildFile; fileRef = E3B680251BA2C452004DF002 /* ReceiverVoiceNodeDownloading.png */; };
		E3B680371BA2C452004DF002 /* ReceiverVoiceNodeDownloading@2x.png in Resources */ = {isa = PBXBuildFile; fileRef = E3B680261BA2C452004DF002 /* ReceiverVoiceNodeDownloading@2x.png */; };
		E3B680381BA2C452004DF002 /* ReceiverVoiceNodePlaying.png in Resources */ = {isa = PBXBuildFile; fileRef = E3B680271BA2C452004DF002 /* ReceiverVoiceNodePlaying.png */; };
		E3B680391BA2C452004DF002 /* ReceiverVoiceNodePlaying@2x.png in Resources */ = {isa = PBXBuildFile; fileRef = E3B680281BA2C452004DF002 /* ReceiverVoiceNodePlaying@2x.png */; };
		E3B6803A1BA2C452004DF002 /* SenderAppNodeBkg_HL.png in Resources */ = {isa = PBXBuildFile; fileRef = E3B680291BA2C452004DF002 /* SenderAppNodeBkg_HL.png */; };
		E3B6803B1BA2C452004DF002 /* SenderAppNodeBkg_HL@2x.png in Resources */ = {isa = PBXBuildFile; fileRef = E3B6802A1BA2C452004DF002 /* SenderAppNodeBkg_HL@2x.png */; };
		E3B6803C1BA2C452004DF002 /* SenderVoiceNodeDownloading.png in Resources */ = {isa = PBXBuildFile; fileRef = E3B6802B1BA2C452004DF002 /* SenderVoiceNodeDownloading.png */; };
		E3B6803D1BA2C452004DF002 /* SenderVoiceNodeDownloading@2x.png in Resources */ = {isa = PBXBuildFile; fileRef = E3B6802C1BA2C452004DF002 /* SenderVoiceNodeDownloading@2x.png */; };
		E3B6803E1BA2C452004DF002 /* SenderVoiceNodePlaying.png in Resources */ = {isa = PBXBuildFile; fileRef = E3B6802D1BA2C452004DF002 /* SenderVoiceNodePlaying.png */; };
		E3B6803F1BA2C452004DF002 /* SenderVoiceNodePlaying@2x.png in Resources */ = {isa = PBXBuildFile; fileRef = E3B6802E1BA2C452004DF002 /* SenderVoiceNodePlaying@2x.png */; };
		E3BA45C31BAA4B780012DC40 /* emw_demo.xcdatamodeld in Sources */ = {isa = PBXBuildFile; fileRef = E3BA45C11BAA4B780012DC40 /* emw_demo.xcdatamodeld */; };
		E3BA513C1BA91E8E00EA8034 /* libYunBa.a in Frameworks */ = {isa = PBXBuildFile; fileRef = E3BA513A1BA91E8E00EA8034 /* libYunBa.a */; };
		E3BA83751B95794400B39311 /* UserProfileViewController.swift in Sources */ = {isa = PBXBuildFile; fileRef = E3BA83741B95794400B39311 /* UserProfileViewController.swift */; };
		E3C7EB601BB9252900311781 /* ImportCalendarViewController.swift in Sources */ = {isa = PBXBuildFile; fileRef = E3C7EB5F1BB9252900311781 /* ImportCalendarViewController.swift */; settings = {ASSET_TAGS = (); }; };
		E3C899861B744FE000286AC7 /* WelcomePageViewController.swift in Sources */ = {isa = PBXBuildFile; fileRef = E3C899851B744FE000286AC7 /* WelcomePageViewController.swift */; };
		E3C899881B744FFB00286AC7 /* SingleFeatureViewController.swift in Sources */ = {isa = PBXBuildFile; fileRef = E3C899871B744FFB00286AC7 /* SingleFeatureViewController.swift */; };
		E3C899901B7473A400286AC7 /* SignupViewController.swift in Sources */ = {isa = PBXBuildFile; fileRef = E3C8998F1B7473A400286AC7 /* SignupViewController.swift */; };
		E3C899921B7473AD00286AC7 /* LoginViewController.swift in Sources */ = {isa = PBXBuildFile; fileRef = E3C899911B7473AD00286AC7 /* LoginViewController.swift */; };
		E3CED34A1BA10F7300B0B248 /* Like.swift in Sources */ = {isa = PBXBuildFile; fileRef = E3CED3491BA10F7300B0B248 /* Like.swift */; };
		E3CED34C1BA1169000B0B248 /* Task.swift in Sources */ = {isa = PBXBuildFile; fileRef = E3CED34B1BA1169000B0B248 /* Task.swift */; };
		E3D4E4861B9D2E2B00016080 /* PhotoScrollViewController.swift in Sources */ = {isa = PBXBuildFile; fileRef = E3D4E4841B9D2E2B00016080 /* PhotoScrollViewController.swift */; };
		E3D4E4871B9D2E2B00016080 /* PhotoScrollViewController.xib in Resources */ = {isa = PBXBuildFile; fileRef = E3D4E4851B9D2E2B00016080 /* PhotoScrollViewController.xib */; };
		E3E9C21C1B6CA66200998937 /* AppDelegate.swift in Sources */ = {isa = PBXBuildFile; fileRef = E3E9C21B1B6CA66200998937 /* AppDelegate.swift */; };
		E3E9C21E1B6CA66200998937 /* PublicNoticeViewController.swift in Sources */ = {isa = PBXBuildFile; fileRef = E3E9C21D1B6CA66200998937 /* PublicNoticeViewController.swift */; };
		E3E9C2231B6CA66200998937 /* Main.storyboard in Resources */ = {isa = PBXBuildFile; fileRef = E3E9C2211B6CA66200998937 /* Main.storyboard */; };
		E3E9C2251B6CA66200998937 /* Images.xcassets in Resources */ = {isa = PBXBuildFile; fileRef = E3E9C2241B6CA66200998937 /* Images.xcassets */; };
		E3E9C2281B6CA66200998937 /* LaunchScreen.xib in Resources */ = {isa = PBXBuildFile; fileRef = E3E9C2261B6CA66200998937 /* LaunchScreen.xib */; };
		E3E9C2341B6CA66200998937 /* emw_demoTests.swift in Sources */ = {isa = PBXBuildFile; fileRef = E3E9C2331B6CA66200998937 /* emw_demoTests.swift */; };
		E3E9C2421B6CAF5000998937 /* SMSegment.swift in Sources */ = {isa = PBXBuildFile; fileRef = E3E9C2401B6CAF5000998937 /* SMSegment.swift */; };
		E3E9C2431B6CAF5000998937 /* SMSegmentView.swift in Sources */ = {isa = PBXBuildFile; fileRef = E3E9C2411B6CAF5000998937 /* SMSegmentView.swift */; };
		E3E9C2471B6CC73600998937 /* NoticeTableCell.swift in Sources */ = {isa = PBXBuildFile; fileRef = E3E9C2461B6CC73600998937 /* NoticeTableCell.swift */; };
		E3E9C2511B6CE4A200998937 /* NoticeDetailViewController.swift in Sources */ = {isa = PBXBuildFile; fileRef = E3E9C2501B6CE4A200998937 /* NoticeDetailViewController.swift */; };
		E3E9C2531B6CE5D700998937 /* img.jpg in Resources */ = {isa = PBXBuildFile; fileRef = E3E9C2521B6CE5D700998937 /* img.jpg */; };
		E3E9C2551B6CF5D500998937 /* NoticeDetailTableCell.swift in Sources */ = {isa = PBXBuildFile; fileRef = E3E9C2541B6CF5D500998937 /* NoticeDetailTableCell.swift */; };
		E3EFC1721BA1601D0088F24C /* NoticeDetailTextTableViewCell.swift in Sources */ = {isa = PBXBuildFile; fileRef = E3EFC1711BA1601D0088F24C /* NoticeDetailTextTableViewCell.swift */; };
		E3F271F91BB269A1003A33EE /* recentChatList.plist in Resources */ = {isa = PBXBuildFile; fileRef = E3F271F81BB269A1003A33EE /* recentChatList.plist */; settings = {ASSET_TAGS = (); }; };
		E3F533FA1BAFA82D003BC841 /* YunbaChatMessage.swift in Sources */ = {isa = PBXBuildFile; fileRef = E3F533F91BAFA82D003BC841 /* YunbaChatMessage.swift */; settings = {ASSET_TAGS = (); }; };
		E3F533FC1BAFBE28003BC841 /* ChatMessage.swift in Sources */ = {isa = PBXBuildFile; fileRef = E3F533FB1BAFBE28003BC841 /* ChatMessage.swift */; settings = {ASSET_TAGS = (); }; };
		E3F7CC3D1B704F79001D82D3 /* Signup.swift in Sources */ = {isa = PBXBuildFile; fileRef = E3F7CC3C1B704F79001D82D3 /* Signup.swift */; };
		E3FBE9BD1B845C5500EA6440 /* User.swift in Sources */ = {isa = PBXBuildFile; fileRef = E3FBE9BC1B845C5500EA6440 /* User.swift */; };
/* End PBXBuildFile section */

/* Begin PBXContainerItemProxy section */
		E3E9C22E1B6CA66200998937 /* PBXContainerItemProxy */ = {
			isa = PBXContainerItemProxy;
			containerPortal = E3E9C20E1B6CA66200998937 /* Project object */;
			proxyType = 1;
			remoteGlobalIDString = E3E9C2151B6CA66200998937;
			remoteInfo = emw_demo;
		};
/* End PBXContainerItemProxy section */

/* Begin PBXFileReference section */
		796C19CCCCEFA6858136DF35 /* Pods.framework */ = {isa = PBXFileReference; explicitFileType = wrapper.framework; includeInIndex = 0; path = Pods.framework; sourceTree = BUILT_PRODUCTS_DIR; };
		C04BBC078BC2E0637D81E084 /* Pods.debug.xcconfig */ = {isa = PBXFileReference; includeInIndex = 1; lastKnownFileType = text.xcconfig; name = Pods.debug.xcconfig; path = "Pods/Target Support Files/Pods/Pods.debug.xcconfig"; sourceTree = "<group>"; };
		E3001B881B79DAD300F38CEC /* SwiftColors.swift */ = {isa = PBXFileReference; fileEncoding = 4; lastKnownFileType = sourcecode.swift; path = SwiftColors.swift; sourceTree = "<group>"; };
		E304C20C1B8EE33E00A40348 /* AlbumCover.png */ = {isa = PBXFileReference; lastKnownFileType = image.png; path = AlbumCover.png; sourceTree = "<group>"; };
		E304C20E1B8EE90F00A40348 /* head.jpg */ = {isa = PBXFileReference; lastKnownFileType = image.jpeg; path = head.jpg; sourceTree = "<group>"; };
		E30B30E01B7857CE00864989 /* DataInit.swift */ = {isa = PBXFileReference; fileEncoding = 4; lastKnownFileType = sourcecode.swift; path = DataInit.swift; sourceTree = "<group>"; };
		E30E70161BB16CE50084EDFB /* SignedPeopleTableViewCell.swift */ = {isa = PBXFileReference; fileEncoding = 4; lastKnownFileType = sourcecode.swift; path = SignedPeopleTableViewCell.swift; sourceTree = "<group>"; };
		E30E701B1BB172E00084EDFB /* SignedPeopleCollectionViewCell.swift */ = {isa = PBXFileReference; fileEncoding = 4; lastKnownFileType = sourcecode.swift; path = SignedPeopleCollectionViewCell.swift; sourceTree = "<group>"; };
		E32E22361B960B6300BC0A0D /* ConfigViewController.swift */ = {isa = PBXFileReference; fileEncoding = 4; lastKnownFileType = sourcecode.swift; path = ConfigViewController.swift; sourceTree = "<group>"; };
		E334520D1B73191B004E6FD4 /* BaseInfoEditViewController.swift */ = {isa = PBXFileReference; fileEncoding = 4; lastKnownFileType = sourcecode.swift; path = BaseInfoEditViewController.swift; sourceTree = "<group>"; };
		E33802BA1B9023B200A9ADD3 /* BodyInfoEditViewController.swift */ = {isa = PBXFileReference; fileEncoding = 4; lastKnownFileType = sourcecode.swift; path = BodyInfoEditViewController.swift; sourceTree = "<group>"; };
		E33802BC1B9023C300A9ADD3 /* BusinessInfoEditViewController.swift */ = {isa = PBXFileReference; fileEncoding = 4; lastKnownFileType = sourcecode.swift; path = BusinessInfoEditViewController.swift; sourceTree = "<group>"; };
		E33F378B1BB2FDA500E59D7C /* SwiftBadge.swift */ = {isa = PBXFileReference; fileEncoding = 4; lastKnownFileType = sourcecode.swift; path = SwiftBadge.swift; sourceTree = "<group>"; };
		E34CC6451B96DD7F0089EED1 /* Confirm.swift */ = {isa = PBXFileReference; fileEncoding = 4; lastKnownFileType = sourcecode.swift; path = Confirm.swift; sourceTree = "<group>"; };
		E35080CD1B81892F000D6B65 /* PhotoBrowserViewController.swift */ = {isa = PBXFileReference; fileEncoding = 4; lastKnownFileType = sourcecode.swift; path = PhotoBrowserViewController.swift; sourceTree = "<group>"; };
		E350E5651BABA78B006981FF /* JSONJoy.swift */ = {isa = PBXFileReference; fileEncoding = 4; lastKnownFileType = sourcecode.swift; path = JSONJoy.swift; sourceTree = "<group>"; };
		E350E56B1BABFD94006981FF /* TaskNavi.swift */ = {isa = PBXFileReference; fileEncoding = 4; lastKnownFileType = sourcecode.swift; path = TaskNavi.swift; sourceTree = "<group>"; };
		E350E56D1BABFDA6006981FF /* ChatNavi.swift */ = {isa = PBXFileReference; fileEncoding = 4; lastKnownFileType = sourcecode.swift; path = ChatNavi.swift; sourceTree = "<group>"; };
		E350E56F1BABFDB5006981FF /* ProfileNavi.swift */ = {isa = PBXFileReference; fileEncoding = 4; lastKnownFileType = sourcecode.swift; path = ProfileNavi.swift; sourceTree = "<group>"; };
		E350E5711BAC0051006981FF /* MainTabBar.swift */ = {isa = PBXFileReference; fileEncoding = 4; lastKnownFileType = sourcecode.swift; path = MainTabBar.swift; sourceTree = "<group>"; };
		E368B5EA1BA91DDE00187BDE /* emw_demo-Bridging-Header.h */ = {isa = PBXFileReference; fileEncoding = 4; lastKnownFileType = sourcecode.c.h; path = "emw_demo-Bridging-Header.h"; sourceTree = "<group>"; };
		E36920B61B8700B900D8F345 /* Calendar.swift */ = {isa = PBXFileReference; fileEncoding = 4; lastKnownFileType = sourcecode.swift; path = Calendar.swift; sourceTree = "<group>"; };
		E36937021BA16D4E00F0F04E /* ButtonTableViewCell.swift */ = {isa = PBXFileReference; fileEncoding = 4; lastKnownFileType = sourcecode.swift; path = ButtonTableViewCell.swift; sourceTree = "<group>"; };
		E36C14381BA5D64D00D6FA4D /* arrow@2x.png */ = {isa = PBXFileReference; lastKnownFileType = image.png; path = "arrow@2x.png"; sourceTree = "<group>"; };
		E36C14391BA5D64D00D6FA4D /* Refresh.swift */ = {isa = PBXFileReference; fileEncoding = 4; lastKnownFileType = sourcecode.swift; path = Refresh.swift; sourceTree = "<group>"; };
		E36C143A1BA5D64D00D6FA4D /* RefreshBaseView.swift */ = {isa = PBXFileReference; fileEncoding = 4; lastKnownFileType = sourcecode.swift; path = RefreshBaseView.swift; sourceTree = "<group>"; };
		E36C143B1BA5D64D00D6FA4D /* RefreshConst.swift */ = {isa = PBXFileReference; fileEncoding = 4; lastKnownFileType = sourcecode.swift; path = RefreshConst.swift; sourceTree = "<group>"; };
		E36C143C1BA5D64D00D6FA4D /* RefreshFooterView.swift */ = {isa = PBXFileReference; fileEncoding = 4; lastKnownFileType = sourcecode.swift; path = RefreshFooterView.swift; sourceTree = "<group>"; };
		E36C143D1BA5D64D00D6FA4D /* RefreshHeaderView.swift */ = {isa = PBXFileReference; fileEncoding = 4; lastKnownFileType = sourcecode.swift; path = RefreshHeaderView.swift; sourceTree = "<group>"; };
		E36C143E1BA5D64D00D6FA4D /* UIScrollView+Refresh.swift */ = {isa = PBXFileReference; fileEncoding = 4; lastKnownFileType = sourcecode.swift; path = "UIScrollView+Refresh.swift"; sourceTree = "<group>"; };
		E37AD5981B846BC8005DEC92 /* CalendarViewController.swift */ = {isa = PBXFileReference; fileEncoding = 4; lastKnownFileType = sourcecode.swift; path = CalendarViewController.swift; sourceTree = "<group>"; };
		E38518711B7091B40063C2C2 /* starRank_0.png */ = {isa = PBXFileReference; lastKnownFileType = image.png; path = starRank_0.png; sourceTree = "<group>"; };
		E38518721B7091B40063C2C2 /* starRank_1.png */ = {isa = PBXFileReference; lastKnownFileType = image.png; path = starRank_1.png; sourceTree = "<group>"; };
		E38518731B7091B40063C2C2 /* starRank_10.png */ = {isa = PBXFileReference; lastKnownFileType = image.png; path = starRank_10.png; sourceTree = "<group>"; };
		E38518741B7091B40063C2C2 /* starRank_2.png */ = {isa = PBXFileReference; lastKnownFileType = image.png; path = starRank_2.png; sourceTree = "<group>"; };
		E38518751B7091B40063C2C2 /* starRank_3.png */ = {isa = PBXFileReference; lastKnownFileType = image.png; path = starRank_3.png; sourceTree = "<group>"; };
		E38518761B7091B40063C2C2 /* starRank_4.png */ = {isa = PBXFileReference; lastKnownFileType = image.png; path = starRank_4.png; sourceTree = "<group>"; };
		E38518771B7091B40063C2C2 /* starRank_5.png */ = {isa = PBXFileReference; lastKnownFileType = image.png; path = starRank_5.png; sourceTree = "<group>"; };
		E38518781B7091B40063C2C2 /* starRank_6.png */ = {isa = PBXFileReference; lastKnownFileType = image.png; path = starRank_6.png; sourceTree = "<group>"; };
		E38518791B7091B40063C2C2 /* starRank_7.png */ = {isa = PBXFileReference; lastKnownFileType = image.png; path = starRank_7.png; sourceTree = "<group>"; };
		E385187A1B7091B40063C2C2 /* starRank_8.png */ = {isa = PBXFileReference; lastKnownFileType = image.png; path = starRank_8.png; sourceTree = "<group>"; };
		E385187B1B7091B40063C2C2 /* starRank_9.png */ = {isa = PBXFileReference; lastKnownFileType = image.png; path = starRank_9.png; sourceTree = "<group>"; };
		E385187C1B7091B40063C2C2 /* 信息.png */ = {isa = PBXFileReference; lastKnownFileType = image.png; path = "信息.png"; sourceTree = "<group>"; };
		E385187D1B7091B40063C2C2 /* 基本信息.png */ = {isa = PBXFileReference; lastKnownFileType = image.png; path = "基本信息.png"; sourceTree = "<group>"; };
		E385187E1B7091B40063C2C2 /* 我的.png */ = {isa = PBXFileReference; lastKnownFileType = image.png; path = "我的.png"; sourceTree = "<group>"; };
		E385187F1B7091B40063C2C2 /* 档期管理.png */ = {isa = PBXFileReference; lastKnownFileType = image.png; path = "档期管理.png"; sourceTree = "<group>"; };
		E38518801B7091B40063C2C2 /* 相册管理里.png */ = {isa = PBXFileReference; lastKnownFileType = image.png; path = "相册管理里.png"; sourceTree = "<group>"; };
		E38518811B7091B40063C2C2 /* 视频模卡.png */ = {isa = PBXFileReference; lastKnownFileType = image.png; path = "视频模卡.png"; sourceTree = "<group>"; };
		E38518821B7091B40063C2C2 /* 设置.png */ = {isa = PBXFileReference; lastKnownFileType = image.png; path = "设置.png"; sourceTree = "<group>"; };
		E38518831B7091B40063C2C2 /* 设置图标-11.png */ = {isa = PBXFileReference; lastKnownFileType = image.png; path = "设置图标-11.png"; sourceTree = "<group>"; };
		E38518841B7091B40063C2C2 /* 账号绑定.png */ = {isa = PBXFileReference; lastKnownFileType = image.png; path = "账号绑定.png"; sourceTree = "<group>"; };
		E38518851B7091B40063C2C2 /* 账户余额.png */ = {isa = PBXFileReference; lastKnownFileType = image.png; path = "账户余额.png"; sourceTree = "<group>"; };
		E38518861B7091B40063C2C2 /* 通告.png */ = {isa = PBXFileReference; lastKnownFileType = image.png; path = "通告.png"; sourceTree = "<group>"; };
		E38556701B7C622B0015285F /* AlbumList.swift */ = {isa = PBXFileReference; fileEncoding = 4; lastKnownFileType = sourcecode.swift; path = AlbumList.swift; sourceTree = "<group>"; };
		E38556731B7C63110015285F /* AlbumViewController.swift */ = {isa = PBXFileReference; fileEncoding = 4; lastKnownFileType = sourcecode.swift; path = AlbumViewController.swift; sourceTree = "<group>"; };
		E38556751B7C63600015285F /* AlbumThumbCell.swift */ = {isa = PBXFileReference; fileEncoding = 4; lastKnownFileType = sourcecode.swift; path = AlbumThumbCell.swift; sourceTree = "<group>"; };
		E38556771B7C79D00015285F /* PhotoCollectionViewController.swift */ = {isa = PBXFileReference; fileEncoding = 4; lastKnownFileType = sourcecode.swift; path = PhotoCollectionViewController.swift; sourceTree = "<group>"; };
		E390121C1B9BD0F400CABB9E /* Networking.swift */ = {isa = PBXFileReference; fileEncoding = 4; lastKnownFileType = sourcecode.swift; path = Networking.swift; sourceTree = "<group>"; };
		E3978F511B7ADFC6002B54A3 /* BodyInfo.swift */ = {isa = PBXFileReference; fileEncoding = 4; lastKnownFileType = sourcecode.swift; path = BodyInfo.swift; sourceTree = "<group>"; };
		E3978F531B7ADFF3002B54A3 /* BusinessInfo.swift */ = {isa = PBXFileReference; fileEncoding = 4; lastKnownFileType = sourcecode.swift; path = BusinessInfo.swift; sourceTree = "<group>"; };
		E3978F551B7AE017002B54A3 /* BaseInfo.swift */ = {isa = PBXFileReference; fileEncoding = 4; lastKnownFileType = sourcecode.swift; path = BaseInfo.swift; sourceTree = "<group>"; };
		E3978F571B7AE09C002B54A3 /* AlbumInfo.swift */ = {isa = PBXFileReference; fileEncoding = 4; lastKnownFileType = sourcecode.swift; path = AlbumInfo.swift; sourceTree = "<group>"; };
		E3978F591B7AE0E5002B54A3 /* VideoInfo.swift */ = {isa = PBXFileReference; fileEncoding = 4; lastKnownFileType = sourcecode.swift; path = VideoInfo.swift; sourceTree = "<group>"; };
		E3978F5B1B7AE106002B54A3 /* ModelCard.swift */ = {isa = PBXFileReference; fileEncoding = 4; lastKnownFileType = sourcecode.swift; path = ModelCard.swift; sourceTree = "<group>"; };
		E3978F5D1B7AE12B002B54A3 /* ProductInfo.swift */ = {isa = PBXFileReference; fileEncoding = 4; lastKnownFileType = sourcecode.swift; path = ProductInfo.swift; sourceTree = "<group>"; };
		E3978F5F1B7AE372002B54A3 /* Login.swift */ = {isa = PBXFileReference; fileEncoding = 4; lastKnownFileType = sourcecode.swift; path = Login.swift; sourceTree = "<group>"; };
		E3978F611B7AE3A1002B54A3 /* PUT.swift */ = {isa = PBXFileReference; fileEncoding = 4; lastKnownFileType = sourcecode.swift; path = PUT.swift; sourceTree = "<group>"; };
		E3978F631B7AEAFD002B54A3 /* AlbumID.swift */ = {isa = PBXFileReference; fileEncoding = 4; lastKnownFileType = sourcecode.swift; path = AlbumID.swift; sourceTree = "<group>"; };
		E3978F651B7B1470002B54A3 /* AlbumView.swift */ = {isa = PBXFileReference; fileEncoding = 4; lastKnownFileType = sourcecode.swift; path = AlbumView.swift; sourceTree = "<group>"; };
		E3AB7A911B8AF6B800962116 /* bg.png */ = {isa = PBXFileReference; lastKnownFileType = image.png; path = bg.png; sourceTree = "<group>"; };
		E3AB7A951B8AFA1300962116 /* logo.png */ = {isa = PBXFileReference; lastKnownFileType = image.png; path = logo.png; sourceTree = "<group>"; };
		E3AF617D1BB4DDBE005CE35B /* AVFoundation.framework */ = {isa = PBXFileReference; lastKnownFileType = wrapper.framework; name = AVFoundation.framework; path = System/Library/Frameworks/AVFoundation.framework; sourceTree = SDKROOT; };
		E3B5616F1B7C90870051D125 /* PhotoThumbCell.swift */ = {isa = PBXFileReference; fileEncoding = 4; lastKnownFileType = sourcecode.swift; path = PhotoThumbCell.swift; sourceTree = "<group>"; };
		E3B680171BA2C420004DF002 /* ChatListTableViewCell.swift */ = {isa = PBXFileReference; fileEncoding = 4; lastKnownFileType = sourcecode.swift; path = ChatListTableViewCell.swift; sourceTree = "<group>"; };
		E3B680181BA2C420004DF002 /* ChatListViewController.swift */ = {isa = PBXFileReference; fileEncoding = 4; lastKnownFileType = sourcecode.swift; path = ChatListViewController.swift; sourceTree = "<group>"; };
		E3B680191BA2C420004DF002 /* ChatViewController.swift */ = {isa = PBXFileReference; fileEncoding = 4; lastKnownFileType = sourcecode.swift; path = ChatViewController.swift; sourceTree = "<group>"; };
		E3B6801F1BA2C452004DF002 /* photo.png */ = {isa = PBXFileReference; lastKnownFileType = image.png; path = photo.png; sourceTree = "<group>"; };
		E3B680201BA2C452004DF002 /* photo1.png */ = {isa = PBXFileReference; lastKnownFileType = image.png; path = photo1.png; sourceTree = "<group>"; };
		E3B680211BA2C452004DF002 /* photo1@2x.png */ = {isa = PBXFileReference; lastKnownFileType = image.png; path = "photo1@2x.png"; sourceTree = "<group>"; };
		E3B680221BA2C452004DF002 /* photo@2x.png */ = {isa = PBXFileReference; lastKnownFileType = image.png; path = "photo@2x.png"; sourceTree = "<group>"; };
		E3B680231BA2C452004DF002 /* ReceiverTextNodeBkg.png */ = {isa = PBXFileReference; lastKnownFileType = image.png; path = ReceiverTextNodeBkg.png; sourceTree = "<group>"; };
		E3B680241BA2C452004DF002 /* ReceiverTextNodeBkg@2x.png */ = {isa = PBXFileReference; lastKnownFileType = image.png; path = "ReceiverTextNodeBkg@2x.png"; sourceTree = "<group>"; };
		E3B680251BA2C452004DF002 /* ReceiverVoiceNodeDownloading.png */ = {isa = PBXFileReference; lastKnownFileType = image.png; path = ReceiverVoiceNodeDownloading.png; sourceTree = "<group>"; };
		E3B680261BA2C452004DF002 /* ReceiverVoiceNodeDownloading@2x.png */ = {isa = PBXFileReference; lastKnownFileType = image.png; path = "ReceiverVoiceNodeDownloading@2x.png"; sourceTree = "<group>"; };
		E3B680271BA2C452004DF002 /* ReceiverVoiceNodePlaying.png */ = {isa = PBXFileReference; lastKnownFileType = image.png; path = ReceiverVoiceNodePlaying.png; sourceTree = "<group>"; };
		E3B680281BA2C452004DF002 /* ReceiverVoiceNodePlaying@2x.png */ = {isa = PBXFileReference; lastKnownFileType = image.png; path = "ReceiverVoiceNodePlaying@2x.png"; sourceTree = "<group>"; };
		E3B680291BA2C452004DF002 /* SenderAppNodeBkg_HL.png */ = {isa = PBXFileReference; lastKnownFileType = image.png; path = SenderAppNodeBkg_HL.png; sourceTree = "<group>"; };
		E3B6802A1BA2C452004DF002 /* SenderAppNodeBkg_HL@2x.png */ = {isa = PBXFileReference; lastKnownFileType = image.png; path = "SenderAppNodeBkg_HL@2x.png"; sourceTree = "<group>"; };
		E3B6802B1BA2C452004DF002 /* SenderVoiceNodeDownloading.png */ = {isa = PBXFileReference; lastKnownFileType = image.png; path = SenderVoiceNodeDownloading.png; sourceTree = "<group>"; };
		E3B6802C1BA2C452004DF002 /* SenderVoiceNodeDownloading@2x.png */ = {isa = PBXFileReference; lastKnownFileType = image.png; path = "SenderVoiceNodeDownloading@2x.png"; sourceTree = "<group>"; };
		E3B6802D1BA2C452004DF002 /* SenderVoiceNodePlaying.png */ = {isa = PBXFileReference; lastKnownFileType = image.png; path = SenderVoiceNodePlaying.png; sourceTree = "<group>"; };
		E3B6802E1BA2C452004DF002 /* SenderVoiceNodePlaying@2x.png */ = {isa = PBXFileReference; lastKnownFileType = image.png; path = "SenderVoiceNodePlaying@2x.png"; sourceTree = "<group>"; };
		E3BA45C21BAA4B780012DC40 /* emw_demo.xcdatamodel */ = {isa = PBXFileReference; lastKnownFileType = wrapper.xcdatamodel; path = emw_demo.xcdatamodel; sourceTree = "<group>"; };
		E3BA513A1BA91E8E00EA8034 /* libYunBa.a */ = {isa = PBXFileReference; lastKnownFileType = archive.ar; path = libYunBa.a; sourceTree = "<group>"; };
		E3BA513B1BA91E8E00EA8034 /* YunBaService.h */ = {isa = PBXFileReference; fileEncoding = 4; lastKnownFileType = sourcecode.c.h; path = YunBaService.h; sourceTree = "<group>"; };
		E3BA83741B95794400B39311 /* UserProfileViewController.swift */ = {isa = PBXFileReference; fileEncoding = 4; lastKnownFileType = sourcecode.swift; path = UserProfileViewController.swift; sourceTree = "<group>"; };
		E3C7EB5F1BB9252900311781 /* ImportCalendarViewController.swift */ = {isa = PBXFileReference; fileEncoding = 4; lastKnownFileType = sourcecode.swift; path = ImportCalendarViewController.swift; sourceTree = "<group>"; };
		E3C899851B744FE000286AC7 /* WelcomePageViewController.swift */ = {isa = PBXFileReference; fileEncoding = 4; lastKnownFileType = sourcecode.swift; path = WelcomePageViewController.swift; sourceTree = "<group>"; };
		E3C899871B744FFB00286AC7 /* SingleFeatureViewController.swift */ = {isa = PBXFileReference; fileEncoding = 4; lastKnownFileType = sourcecode.swift; path = SingleFeatureViewController.swift; sourceTree = "<group>"; };
		E3C8998F1B7473A400286AC7 /* SignupViewController.swift */ = {isa = PBXFileReference; fileEncoding = 4; lastKnownFileType = sourcecode.swift; path = SignupViewController.swift; sourceTree = "<group>"; };
		E3C899911B7473AD00286AC7 /* LoginViewController.swift */ = {isa = PBXFileReference; fileEncoding = 4; lastKnownFileType = sourcecode.swift; path = LoginViewController.swift; sourceTree = "<group>"; };
		E3CED3491BA10F7300B0B248 /* Like.swift */ = {isa = PBXFileReference; fileEncoding = 4; lastKnownFileType = sourcecode.swift; path = Like.swift; sourceTree = "<group>"; };
		E3CED34B1BA1169000B0B248 /* Task.swift */ = {isa = PBXFileReference; fileEncoding = 4; lastKnownFileType = sourcecode.swift; path = Task.swift; sourceTree = "<group>"; };
		E3D4E4841B9D2E2B00016080 /* PhotoScrollViewController.swift */ = {isa = PBXFileReference; fileEncoding = 4; lastKnownFileType = sourcecode.swift; path = PhotoScrollViewController.swift; sourceTree = "<group>"; };
		E3D4E4851B9D2E2B00016080 /* PhotoScrollViewController.xib */ = {isa = PBXFileReference; fileEncoding = 4; lastKnownFileType = file.xib; path = PhotoScrollViewController.xib; sourceTree = "<group>"; };
		E3E9C2161B6CA66200998937 /* emw_demo.app */ = {isa = PBXFileReference; explicitFileType = wrapper.application; includeInIndex = 0; path = emw_demo.app; sourceTree = BUILT_PRODUCTS_DIR; };
		E3E9C21A1B6CA66200998937 /* Info.plist */ = {isa = PBXFileReference; lastKnownFileType = text.plist.xml; path = Info.plist; sourceTree = "<group>"; };
		E3E9C21B1B6CA66200998937 /* AppDelegate.swift */ = {isa = PBXFileReference; lastKnownFileType = sourcecode.swift; path = AppDelegate.swift; sourceTree = "<group>"; };
		E3E9C21D1B6CA66200998937 /* PublicNoticeViewController.swift */ = {isa = PBXFileReference; lastKnownFileType = sourcecode.swift; path = PublicNoticeViewController.swift; sourceTree = "<group>"; };
		E3E9C2221B6CA66200998937 /* Base */ = {isa = PBXFileReference; lastKnownFileType = file.storyboard; name = Base; path = Base.lproj/Main.storyboard; sourceTree = "<group>"; };
		E3E9C2241B6CA66200998937 /* Images.xcassets */ = {isa = PBXFileReference; lastKnownFileType = folder.assetcatalog; path = Images.xcassets; sourceTree = "<group>"; };
		E3E9C2271B6CA66200998937 /* Base */ = {isa = PBXFileReference; lastKnownFileType = file.xib; name = Base; path = Base.lproj/LaunchScreen.xib; sourceTree = "<group>"; };
		E3E9C22D1B6CA66200998937 /* emw_demoTests.xctest */ = {isa = PBXFileReference; explicitFileType = wrapper.cfbundle; includeInIndex = 0; path = emw_demoTests.xctest; sourceTree = BUILT_PRODUCTS_DIR; };
		E3E9C2321B6CA66200998937 /* Info.plist */ = {isa = PBXFileReference; lastKnownFileType = text.plist.xml; path = Info.plist; sourceTree = "<group>"; };
		E3E9C2331B6CA66200998937 /* emw_demoTests.swift */ = {isa = PBXFileReference; lastKnownFileType = sourcecode.swift; path = emw_demoTests.swift; sourceTree = "<group>"; };
		E3E9C2401B6CAF5000998937 /* SMSegment.swift */ = {isa = PBXFileReference; fileEncoding = 4; lastKnownFileType = sourcecode.swift; path = SMSegment.swift; sourceTree = "<group>"; };
		E3E9C2411B6CAF5000998937 /* SMSegmentView.swift */ = {isa = PBXFileReference; fileEncoding = 4; lastKnownFileType = sourcecode.swift; path = SMSegmentView.swift; sourceTree = "<group>"; };
		E3E9C2461B6CC73600998937 /* NoticeTableCell.swift */ = {isa = PBXFileReference; fileEncoding = 4; lastKnownFileType = sourcecode.swift; path = NoticeTableCell.swift; sourceTree = "<group>"; };
		E3E9C2501B6CE4A200998937 /* NoticeDetailViewController.swift */ = {isa = PBXFileReference; fileEncoding = 4; lastKnownFileType = sourcecode.swift; path = NoticeDetailViewController.swift; sourceTree = "<group>"; };
		E3E9C2521B6CE5D700998937 /* img.jpg */ = {isa = PBXFileReference; lastKnownFileType = image.jpeg; path = img.jpg; sourceTree = "<group>"; };
		E3E9C2541B6CF5D500998937 /* NoticeDetailTableCell.swift */ = {isa = PBXFileReference; fileEncoding = 4; lastKnownFileType = sourcecode.swift; path = NoticeDetailTableCell.swift; sourceTree = "<group>"; };
		E3EFC1711BA1601D0088F24C /* NoticeDetailTextTableViewCell.swift */ = {isa = PBXFileReference; fileEncoding = 4; lastKnownFileType = sourcecode.swift; path = NoticeDetailTextTableViewCell.swift; sourceTree = "<group>"; };
		E3F271F81BB269A1003A33EE /* recentChatList.plist */ = {isa = PBXFileReference; fileEncoding = 4; lastKnownFileType = text.plist.xml; path = recentChatList.plist; sourceTree = "<group>"; };
		E3F533F91BAFA82D003BC841 /* YunbaChatMessage.swift */ = {isa = PBXFileReference; fileEncoding = 4; lastKnownFileType = sourcecode.swift; path = YunbaChatMessage.swift; sourceTree = "<group>"; };
		E3F533FB1BAFBE28003BC841 /* ChatMessage.swift */ = {isa = PBXFileReference; fileEncoding = 4; lastKnownFileType = sourcecode.swift; path = ChatMessage.swift; sourceTree = "<group>"; };
		E3F7CC3C1B704F79001D82D3 /* Signup.swift */ = {isa = PBXFileReference; fileEncoding = 4; lastKnownFileType = sourcecode.swift; path = Signup.swift; sourceTree = "<group>"; };
		E3F83E4C1B82FD47005AD24C /* zh-Hans */ = {isa = PBXFileReference; lastKnownFileType = text.plist.strings; name = "zh-Hans"; path = "zh-Hans.lproj/Main.strings"; sourceTree = "<group>"; };
		E3F83E4D1B82FD47005AD24C /* zh-Hans */ = {isa = PBXFileReference; lastKnownFileType = text.plist.strings; name = "zh-Hans"; path = "zh-Hans.lproj/LaunchScreen.strings"; sourceTree = "<group>"; };
		E3FBE9BC1B845C5500EA6440 /* User.swift */ = {isa = PBXFileReference; fileEncoding = 4; lastKnownFileType = sourcecode.swift; path = User.swift; sourceTree = "<group>"; };
		F3D2F2A9A29A9CFB400AAA3D /* Pods.release.xcconfig */ = {isa = PBXFileReference; includeInIndex = 1; lastKnownFileType = text.xcconfig; name = Pods.release.xcconfig; path = "Pods/Target Support Files/Pods/Pods.release.xcconfig"; sourceTree = "<group>"; };
/* End PBXFileReference section */

/* Begin PBXFrameworksBuildPhase section */
		E3E9C2131B6CA66200998937 /* Frameworks */ = {
			isa = PBXFrameworksBuildPhase;
			buildActionMask = 2147483647;
			files = (
				E3AF617E1BB4DDBE005CE35B /* AVFoundation.framework in Frameworks */,
				25CE5FB74C9AD9AE4E129F85 /* Pods.framework in Frameworks */,
				E3BA513C1BA91E8E00EA8034 /* libYunBa.a in Frameworks */,
			);
			runOnlyForDeploymentPostprocessing = 0;
		};
		E3E9C22A1B6CA66200998937 /* Frameworks */ = {
			isa = PBXFrameworksBuildPhase;
			buildActionMask = 2147483647;
			files = (
			);
			runOnlyForDeploymentPostprocessing = 0;
		};
/* End PBXFrameworksBuildPhase section */

/* Begin PBXGroup section */
		4338E03C5A1A63FFCF3A4AE6 /* Pods */ = {
			isa = PBXGroup;
			children = (
				C04BBC078BC2E0637D81E084 /* Pods.debug.xcconfig */,
				F3D2F2A9A29A9CFB400AAA3D /* Pods.release.xcconfig */,
			);
			name = Pods;
			sourceTree = "<group>";
		};
		7123ABDA140D20092584BAD8 /* Frameworks */ = {
			isa = PBXGroup;
			children = (
				E3AF617D1BB4DDBE005CE35B /* AVFoundation.framework */,
				796C19CCCCEFA6858136DF35 /* Pods.framework */,
			);
			name = Frameworks;
			sourceTree = "<group>";
		};
		E30E701A1BB172B00084EDFB /* 已报名人头 */ = {
			isa = PBXGroup;
			children = (
				E30E70161BB16CE50084EDFB /* SignedPeopleTableViewCell.swift */,
				E30E701B1BB172E00084EDFB /* SignedPeopleCollectionViewCell.swift */,
			);
			name = "已报名人头";
			sourceTree = "<group>";
		};
		E34CC6471B96E4300089EED1 /* InfoEdit */ = {
			isa = PBXGroup;
			children = (
				E334520D1B73191B004E6FD4 /* BaseInfoEditViewController.swift */,
				E33802BC1B9023C300A9ADD3 /* BusinessInfoEditViewController.swift */,
				E33802BA1B9023B200A9ADD3 /* BodyInfoEditViewController.swift */,
			);
			name = InfoEdit;
			sourceTree = "<group>";
		};
		E36C14371BA5D64D00D6FA4D /* Refresh */ = {
			isa = PBXGroup;
			children = (
				E36C14381BA5D64D00D6FA4D /* arrow@2x.png */,
				E36C14391BA5D64D00D6FA4D /* Refresh.swift */,
				E36C143A1BA5D64D00D6FA4D /* RefreshBaseView.swift */,
				E36C143B1BA5D64D00D6FA4D /* RefreshConst.swift */,
				E36C143C1BA5D64D00D6FA4D /* RefreshFooterView.swift */,
				E36C143D1BA5D64D00D6FA4D /* RefreshHeaderView.swift */,
				E36C143E1BA5D64D00D6FA4D /* UIScrollView+Refresh.swift */,
			);
			path = Refresh;
			sourceTree = "<group>";
		};
		E38518701B7091B40063C2C2 /* 图标 */ = {
			isa = PBXGroup;
			children = (
				E38518711B7091B40063C2C2 /* starRank_0.png */,
				E38518721B7091B40063C2C2 /* starRank_1.png */,
				E38518731B7091B40063C2C2 /* starRank_10.png */,
				E38518741B7091B40063C2C2 /* starRank_2.png */,
				E38518751B7091B40063C2C2 /* starRank_3.png */,
				E38518761B7091B40063C2C2 /* starRank_4.png */,
				E38518771B7091B40063C2C2 /* starRank_5.png */,
				E38518781B7091B40063C2C2 /* starRank_6.png */,
				E38518791B7091B40063C2C2 /* starRank_7.png */,
				E385187A1B7091B40063C2C2 /* starRank_8.png */,
				E385187B1B7091B40063C2C2 /* starRank_9.png */,
				E385187C1B7091B40063C2C2 /* 信息.png */,
				E385187D1B7091B40063C2C2 /* 基本信息.png */,
				E385187E1B7091B40063C2C2 /* 我的.png */,
				E385187F1B7091B40063C2C2 /* 档期管理.png */,
				E38518801B7091B40063C2C2 /* 相册管理里.png */,
				E38518811B7091B40063C2C2 /* 视频模卡.png */,
				E38518821B7091B40063C2C2 /* 设置.png */,
				E38518831B7091B40063C2C2 /* 设置图标-11.png */,
				E38518841B7091B40063C2C2 /* 账号绑定.png */,
				E38518851B7091B40063C2C2 /* 账户余额.png */,
				E38518861B7091B40063C2C2 /* 通告.png */,
			);
			path = "图标";
			sourceTree = "<group>";
		};
		E38556721B7C62CD0015285F /* Album */ = {
			isa = PBXGroup;
			children = (
				E38556731B7C63110015285F /* AlbumViewController.swift */,
				E38556771B7C79D00015285F /* PhotoCollectionViewController.swift */,
				E3B5616F1B7C90870051D125 /* PhotoThumbCell.swift */,
				E38556751B7C63600015285F /* AlbumThumbCell.swift */,
				E3D4E4841B9D2E2B00016080 /* PhotoScrollViewController.swift */,
				E3D4E4851B9D2E2B00016080 /* PhotoScrollViewController.xib */,
				E35080CD1B81892F000D6B65 /* PhotoBrowserViewController.swift */,
			);
			name = Album;
			sourceTree = "<group>";
		};
		E3978F501B7ADF99002B54A3 /* API数据 */ = {
			isa = PBXGroup;
			children = (
				E3978F571B7AE09C002B54A3 /* AlbumInfo.swift */,
				E3CED34B1BA1169000B0B248 /* Task.swift */,
				E3CED3491BA10F7300B0B248 /* Like.swift */,
				E3978F551B7AE017002B54A3 /* BaseInfo.swift */,
				E3978F511B7ADFC6002B54A3 /* BodyInfo.swift */,
				E3978F531B7ADFF3002B54A3 /* BusinessInfo.swift */,
				E36920B61B8700B900D8F345 /* Calendar.swift */,
				E3978F5B1B7AE106002B54A3 /* ModelCard.swift */,
				E3978F611B7AE3A1002B54A3 /* PUT.swift */,
				E3978F591B7AE0E5002B54A3 /* VideoInfo.swift */,
				E3978F631B7AEAFD002B54A3 /* AlbumID.swift */,
				E38556701B7C622B0015285F /* AlbumList.swift */,
				E3978F5D1B7AE12B002B54A3 /* ProductInfo.swift */,
				E3978F5F1B7AE372002B54A3 /* Login.swift */,
				E3F7CC3C1B704F79001D82D3 /* Signup.swift */,
				E3FBE9BC1B845C5500EA6440 /* User.swift */,
				E34CC6451B96DD7F0089EED1 /* Confirm.swift */,
			);
			name = "API数据";
			sourceTree = "<group>";
		};
		E3B6801D1BA2C452004DF002 /* bubbleImage */ = {
			isa = PBXGroup;
			children = (
				E3B6801F1BA2C452004DF002 /* photo.png */,
				E3B680201BA2C452004DF002 /* photo1.png */,
				E3B680211BA2C452004DF002 /* photo1@2x.png */,
				E3B680221BA2C452004DF002 /* photo@2x.png */,
				E3B680231BA2C452004DF002 /* ReceiverTextNodeBkg.png */,
				E3B680241BA2C452004DF002 /* ReceiverTextNodeBkg@2x.png */,
				E3B680251BA2C452004DF002 /* ReceiverVoiceNodeDownloading.png */,
				E3B680261BA2C452004DF002 /* ReceiverVoiceNodeDownloading@2x.png */,
				E3B680271BA2C452004DF002 /* ReceiverVoiceNodePlaying.png */,
				E3B680281BA2C452004DF002 /* ReceiverVoiceNodePlaying@2x.png */,
				E3B680291BA2C452004DF002 /* SenderAppNodeBkg_HL.png */,
				E3B6802A1BA2C452004DF002 /* SenderAppNodeBkg_HL@2x.png */,
				E3B6802B1BA2C452004DF002 /* SenderVoiceNodeDownloading.png */,
				E3B6802C1BA2C452004DF002 /* SenderVoiceNodeDownloading@2x.png */,
				E3B6802D1BA2C452004DF002 /* SenderVoiceNodePlaying.png */,
				E3B6802E1BA2C452004DF002 /* SenderVoiceNodePlaying@2x.png */,
			);
			path = bubbleImage;
			sourceTree = "<group>";
		};
		E3BA51391BA91E8E00EA8034 /* YunBaSDK */ = {
			isa = PBXGroup;
			children = (
				E3BA513A1BA91E8E00EA8034 /* libYunBa.a */,
				E3BA513B1BA91E8E00EA8034 /* YunBaService.h */,
			);
			path = YunBaSDK;
			sourceTree = "<group>";
		};
		E3C899931B748B1500286AC7 /* 1st Tab */ = {
			isa = PBXGroup;
			children = (
				E3E9C2461B6CC73600998937 /* NoticeTableCell.swift */,
				E3EFC1711BA1601D0088F24C /* NoticeDetailTextTableViewCell.swift */,
				E3E9C2541B6CF5D500998937 /* NoticeDetailTableCell.swift */,
				E36937021BA16D4E00F0F04E /* ButtonTableViewCell.swift */,
				E3E9C21D1B6CA66200998937 /* PublicNoticeViewController.swift */,
				E3E9C2501B6CE4A200998937 /* NoticeDetailViewController.swift */,
				E30E701A1BB172B00084EDFB /* 已报名人头 */,
			);
			name = "1st Tab";
			sourceTree = "<group>";
		};
		E3C899981B749DC500286AC7 /* 2nd Tab */ = {
			isa = PBXGroup;
			children = (
				E3F533F91BAFA82D003BC841 /* YunbaChatMessage.swift */,
				E3F533FB1BAFBE28003BC841 /* ChatMessage.swift */,
				E3B680171BA2C420004DF002 /* ChatListTableViewCell.swift */,
				E3B680181BA2C420004DF002 /* ChatListViewController.swift */,
				E3B680191BA2C420004DF002 /* ChatViewController.swift */,
			);
			name = "2nd Tab";
			sourceTree = "<group>";
		};
		E3C899991B749DD300286AC7 /* 3rd Tab */ = {
			isa = PBXGroup;
			children = (
				E3BA83741B95794400B39311 /* UserProfileViewController.swift */,
				E32E22361B960B6300BC0A0D /* ConfigViewController.swift */,
				E37AD5981B846BC8005DEC92 /* CalendarViewController.swift */,
				E3C7EB5F1BB9252900311781 /* ImportCalendarViewController.swift */,
				E38556721B7C62CD0015285F /* Album */,
				E34CC6471B96E4300089EED1 /* InfoEdit */,
			);
			name = "3rd Tab";
			sourceTree = "<group>";
		};
		E3C8999A1B749E0C00286AC7 /* Welcome */ = {
			isa = PBXGroup;
			children = (
				E3C899871B744FFB00286AC7 /* SingleFeatureViewController.swift */,
				E3C899851B744FE000286AC7 /* WelcomePageViewController.swift */,
				E3C8998F1B7473A400286AC7 /* SignupViewController.swift */,
				E3C899911B7473AD00286AC7 /* LoginViewController.swift */,
			);
			name = Welcome;
			sourceTree = "<group>";
		};
		E3E9C20D1B6CA66200998937 = {
			isa = PBXGroup;
			children = (
				E3E9C2181B6CA66200998937 /* emw_demo */,
				E3E9C2301B6CA66200998937 /* emw_demoTests */,
				E3E9C2171B6CA66200998937 /* Products */,
				7123ABDA140D20092584BAD8 /* Frameworks */,
				4338E03C5A1A63FFCF3A4AE6 /* Pods */,
			);
			sourceTree = "<group>";
		};
		E3E9C2171B6CA66200998937 /* Products */ = {
			isa = PBXGroup;
			children = (
				E3E9C2161B6CA66200998937 /* emw_demo.app */,
				E3E9C22D1B6CA66200998937 /* emw_demoTests.xctest */,
			);
			name = Products;
			sourceTree = "<group>";
		};
		E3E9C2181B6CA66200998937 /* emw_demo */ = {
			isa = PBXGroup;
			children = (
				E3E9C21B1B6CA66200998937 /* AppDelegate.swift */,
				E3BA45C11BAA4B780012DC40 /* emw_demo.xcdatamodeld */,
				E368B5EA1BA91DDE00187BDE /* emw_demo-Bridging-Header.h */,
				E3978F501B7ADF99002B54A3 /* API数据 */,
				E3C8999A1B749E0C00286AC7 /* Welcome */,
				E3C899931B748B1500286AC7 /* 1st Tab */,
				E3C899981B749DC500286AC7 /* 2nd Tab */,
				E3C899991B749DD300286AC7 /* 3rd Tab */,
				E3E9C2211B6CA66200998937 /* Main.storyboard */,
				E3E9C2241B6CA66200998937 /* Images.xcassets */,
				E350E56B1BABFD94006981FF /* TaskNavi.swift */,
				E350E56D1BABFDA6006981FF /* ChatNavi.swift */,
				E350E5711BAC0051006981FF /* MainTabBar.swift */,
				E350E56F1BABFDB5006981FF /* ProfileNavi.swift */,
				E33F378B1BB2FDA500E59D7C /* SwiftBadge.swift */,
				E36C14371BA5D64D00D6FA4D /* Refresh */,
				E38518701B7091B40063C2C2 /* 图标 */,
				E3E9C2261B6CA66200998937 /* LaunchScreen.xib */,
				E3E9C23F1B6CAF5000998937 /* SMSegmentView */,
				E3B6801D1BA2C452004DF002 /* bubbleImage */,
				E3E9C2191B6CA66200998937 /* Supporting Files */,
				E3978F651B7B1470002B54A3 /* AlbumView.swift */,
				E3F271F81BB269A1003A33EE /* recentChatList.plist */,
				E30B30E01B7857CE00864989 /* DataInit.swift */,
			);
			path = emw_demo;
			sourceTree = "<group>";
		};
		E3E9C2191B6CA66200998937 /* Supporting Files */ = {
			isa = PBXGroup;
			children = (
				E3BA51391BA91E8E00EA8034 /* YunBaSDK */,
				E304C20C1B8EE33E00A40348 /* AlbumCover.png */,
				E350E5651BABA78B006981FF /* JSONJoy.swift */,
				E390121C1B9BD0F400CABB9E /* Networking.swift */,
				E304C20E1B8EE90F00A40348 /* head.jpg */,
				E3AB7A951B8AFA1300962116 /* logo.png */,
				E3AB7A911B8AF6B800962116 /* bg.png */,
				E3001B881B79DAD300F38CEC /* SwiftColors.swift */,
				E3E9C2521B6CE5D700998937 /* img.jpg */,
				E3E9C21A1B6CA66200998937 /* Info.plist */,
			);
			name = "Supporting Files";
			sourceTree = "<group>";
		};
		E3E9C2301B6CA66200998937 /* emw_demoTests */ = {
			isa = PBXGroup;
			children = (
				E3E9C2331B6CA66200998937 /* emw_demoTests.swift */,
				E3E9C2311B6CA66200998937 /* Supporting Files */,
			);
			path = emw_demoTests;
			sourceTree = "<group>";
		};
		E3E9C2311B6CA66200998937 /* Supporting Files */ = {
			isa = PBXGroup;
			children = (
				E3E9C2321B6CA66200998937 /* Info.plist */,
			);
			name = "Supporting Files";
			sourceTree = "<group>";
		};
		E3E9C23F1B6CAF5000998937 /* SMSegmentView */ = {
			isa = PBXGroup;
			children = (
				E3E9C2401B6CAF5000998937 /* SMSegment.swift */,
				E3E9C2411B6CAF5000998937 /* SMSegmentView.swift */,
			);
			path = SMSegmentView;
			sourceTree = "<group>";
		};
/* End PBXGroup section */

/* Begin PBXNativeTarget section */
		E3E9C2151B6CA66200998937 /* emw_demo */ = {
			isa = PBXNativeTarget;
			buildConfigurationList = E3E9C2371B6CA66200998937 /* Build configuration list for PBXNativeTarget "emw_demo" */;
			buildPhases = (
				9DDF9BC9F85005156F120B06 /* Check Pods Manifest.lock */,
				E3E9C2121B6CA66200998937 /* Sources */,
				E3E9C2131B6CA66200998937 /* Frameworks */,
				E3E9C2141B6CA66200998937 /* Resources */,
				D9E084F180FD1B7E08B059EB /* Embed Pods Frameworks */,
				0101801C7918E8DA351D844F /* Copy Pods Resources */,
			);
			buildRules = (
			);
			dependencies = (
			);
			name = emw_demo;
			productName = emw_demo;
			productReference = E3E9C2161B6CA66200998937 /* emw_demo.app */;
			productType = "com.apple.product-type.application";
		};
		E3E9C22C1B6CA66200998937 /* emw_demoTests */ = {
			isa = PBXNativeTarget;
			buildConfigurationList = E3E9C23A1B6CA66200998937 /* Build configuration list for PBXNativeTarget "emw_demoTests" */;
			buildPhases = (
				E3E9C2291B6CA66200998937 /* Sources */,
				E3E9C22A1B6CA66200998937 /* Frameworks */,
				E3E9C22B1B6CA66200998937 /* Resources */,
			);
			buildRules = (
			);
			dependencies = (
				E3E9C22F1B6CA66200998937 /* PBXTargetDependency */,
			);
			name = emw_demoTests;
			productName = emw_demoTests;
			productReference = E3E9C22D1B6CA66200998937 /* emw_demoTests.xctest */;
			productType = "com.apple.product-type.bundle.unit-test";
		};
/* End PBXNativeTarget section */

/* Begin PBXProject section */
		E3E9C20E1B6CA66200998937 /* Project object */ = {
			isa = PBXProject;
			attributes = {
				LastSwiftMigration = 0700;
				LastSwiftUpdateCheck = 0700;
				LastUpgradeCheck = 0700;
				ORGANIZATIONNAME = emodel;
				TargetAttributes = {
					E3E9C2151B6CA66200998937 = {
						CreatedOnToolsVersion = 6.4;
						DevelopmentTeam = LPAW9Y2YV2;
					};
					E3E9C22C1B6CA66200998937 = {
						CreatedOnToolsVersion = 6.4;
						TestTargetID = E3E9C2151B6CA66200998937;
					};
				};
			};
			buildConfigurationList = E3E9C2111B6CA66200998937 /* Build configuration list for PBXProject "emw_demo" */;
			compatibilityVersion = "Xcode 3.2";
			developmentRegion = English;
			hasScannedForEncodings = 0;
			knownRegions = (
				en,
				Base,
			);
			mainGroup = E3E9C20D1B6CA66200998937;
			productRefGroup = E3E9C2171B6CA66200998937 /* Products */;
			projectDirPath = "";
			projectRoot = "";
			targets = (
				E3E9C2151B6CA66200998937 /* emw_demo */,
				E3E9C22C1B6CA66200998937 /* emw_demoTests */,
			);
		};
/* End PBXProject section */

/* Begin PBXResourcesBuildPhase section */
		E3E9C2141B6CA66200998937 /* Resources */ = {
			isa = PBXResourcesBuildPhase;
			buildActionMask = 2147483647;
			files = (
				E3B680321BA2C452004DF002 /* photo1@2x.png in Resources */,
				E38518981B7091B40063C2C2 /* 设置.png in Resources */,
				E3B680341BA2C452004DF002 /* ReceiverTextNodeBkg.png in Resources */,
				E304C20F1B8EE90F00A40348 /* head.jpg in Resources */,
				E385188A1B7091B40063C2C2 /* starRank_2.png in Resources */,
				E385189C1B7091B40063C2C2 /* 通告.png in Resources */,
				E38518991B7091B40063C2C2 /* 设置图标-11.png in Resources */,
				E3AB7A961B8AFA1300962116 /* logo.png in Resources */,
				E38518961B7091B40063C2C2 /* 相册管理里.png in Resources */,
				E38518871B7091B40063C2C2 /* starRank_0.png in Resources */,
				E3E9C2231B6CA66200998937 /* Main.storyboard in Resources */,
				E38518881B7091B40063C2C2 /* starRank_1.png in Resources */,
				E38518971B7091B40063C2C2 /* 视频模卡.png in Resources */,
				E385188C1B7091B40063C2C2 /* starRank_4.png in Resources */,
				E38518921B7091B40063C2C2 /* 信息.png in Resources */,
				E385189A1B7091B40063C2C2 /* 账号绑定.png in Resources */,
				E3B6803E1BA2C452004DF002 /* SenderVoiceNodePlaying.png in Resources */,
				E38518931B7091B40063C2C2 /* 基本信息.png in Resources */,
				E3F271F91BB269A1003A33EE /* recentChatList.plist in Resources */,
				E38518941B7091B40063C2C2 /* 我的.png in Resources */,
				E38518891B7091B40063C2C2 /* starRank_10.png in Resources */,
				E36C143F1BA5D64D00D6FA4D /* arrow@2x.png in Resources */,
				E385188E1B7091B40063C2C2 /* starRank_6.png in Resources */,
				E3B680311BA2C452004DF002 /* photo1.png in Resources */,
				E38518951B7091B40063C2C2 /* 档期管理.png in Resources */,
				E3AB7A921B8AF6B800962116 /* bg.png in Resources */,
				E3E9C2281B6CA66200998937 /* LaunchScreen.xib in Resources */,
				E3B680331BA2C452004DF002 /* photo@2x.png in Resources */,
				E3B680391BA2C452004DF002 /* ReceiverVoiceNodePlaying@2x.png in Resources */,
				E3E9C2251B6CA66200998937 /* Images.xcassets in Resources */,
				E304C20D1B8EE33E00A40348 /* AlbumCover.png in Resources */,
				E3D4E4871B9D2E2B00016080 /* PhotoScrollViewController.xib in Resources */,
				E385188B1B7091B40063C2C2 /* starRank_3.png in Resources */,
				E385188D1B7091B40063C2C2 /* starRank_5.png in Resources */,
				E385188F1B7091B40063C2C2 /* starRank_7.png in Resources */,
				E385189B1B7091B40063C2C2 /* 账户余额.png in Resources */,
				E3B6803C1BA2C452004DF002 /* SenderVoiceNodeDownloading.png in Resources */,
				E3B680381BA2C452004DF002 /* ReceiverVoiceNodePlaying.png in Resources */,
				E3E9C2531B6CE5D700998937 /* img.jpg in Resources */,
				E38518901B7091B40063C2C2 /* starRank_8.png in Resources */,
				E38518911B7091B40063C2C2 /* starRank_9.png in Resources */,
				E3B6803B1BA2C452004DF002 /* SenderAppNodeBkg_HL@2x.png in Resources */,
				E3B680301BA2C452004DF002 /* photo.png in Resources */,
				E3B680361BA2C452004DF002 /* ReceiverVoiceNodeDownloading.png in Resources */,
				E3B6803F1BA2C452004DF002 /* SenderVoiceNodePlaying@2x.png in Resources */,
				E3B680351BA2C452004DF002 /* ReceiverTextNodeBkg@2x.png in Resources */,
				E3B6803D1BA2C452004DF002 /* SenderVoiceNodeDownloading@2x.png in Resources */,
				E3B6803A1BA2C452004DF002 /* SenderAppNodeBkg_HL.png in Resources */,
				E3B680371BA2C452004DF002 /* ReceiverVoiceNodeDownloading@2x.png in Resources */,
			);
			runOnlyForDeploymentPostprocessing = 0;
		};
		E3E9C22B1B6CA66200998937 /* Resources */ = {
			isa = PBXResourcesBuildPhase;
			buildActionMask = 2147483647;
			files = (
			);
			runOnlyForDeploymentPostprocessing = 0;
		};
/* End PBXResourcesBuildPhase section */

/* Begin PBXShellScriptBuildPhase section */
		0101801C7918E8DA351D844F /* Copy Pods Resources */ = {
			isa = PBXShellScriptBuildPhase;
			buildActionMask = 2147483647;
			files = (
			);
			inputPaths = (
			);
			name = "Copy Pods Resources";
			outputPaths = (
			);
			runOnlyForDeploymentPostprocessing = 0;
			shellPath = /bin/sh;
			shellScript = "\"${SRCROOT}/Pods/Target Support Files/Pods/Pods-resources.sh\"\n";
			showEnvVarsInLog = 0;
		};
		9DDF9BC9F85005156F120B06 /* Check Pods Manifest.lock */ = {
			isa = PBXShellScriptBuildPhase;
			buildActionMask = 2147483647;
			files = (
			);
			inputPaths = (
			);
			name = "Check Pods Manifest.lock";
			outputPaths = (
			);
			runOnlyForDeploymentPostprocessing = 0;
			shellPath = /bin/sh;
			shellScript = "diff \"${PODS_ROOT}/../Podfile.lock\" \"${PODS_ROOT}/Manifest.lock\" > /dev/null\nif [[ $? != 0 ]] ; then\n    cat << EOM\nerror: The sandbox is not in sync with the Podfile.lock. Run 'pod install' or update your CocoaPods installation.\nEOM\n    exit 1\nfi\n";
			showEnvVarsInLog = 0;
		};
		D9E084F180FD1B7E08B059EB /* Embed Pods Frameworks */ = {
			isa = PBXShellScriptBuildPhase;
			buildActionMask = 2147483647;
			files = (
			);
			inputPaths = (
			);
			name = "Embed Pods Frameworks";
			outputPaths = (
			);
			runOnlyForDeploymentPostprocessing = 0;
			shellPath = /bin/sh;
			shellScript = "\"${SRCROOT}/Pods/Target Support Files/Pods/Pods-frameworks.sh\"\n";
			showEnvVarsInLog = 0;
		};
/* End PBXShellScriptBuildPhase section */

/* Begin PBXSourcesBuildPhase section */
		E3E9C2121B6CA66200998937 /* Sources */ = {
			isa = PBXSourcesBuildPhase;
			buildActionMask = 2147483647;
			files = (
				E3F533FC1BAFBE28003BC841 /* ChatMessage.swift in Sources */,
				E3E9C2551B6CF5D500998937 /* NoticeDetailTableCell.swift in Sources */,
				E36937031BA16D4E00F0F04E /* ButtonTableViewCell.swift in Sources */,
				E38556741B7C63110015285F /* AlbumViewController.swift in Sources */,
				E3B6801C1BA2C420004DF002 /* ChatViewController.swift in Sources */,
				E3978F661B7B1470002B54A3 /* AlbumView.swift in Sources */,
				E36C14441BA5D64D00D6FA4D /* RefreshHeaderView.swift in Sources */,
				E3CED34C1BA1169000B0B248 /* Task.swift in Sources */,
				E3B561701B7C90870051D125 /* PhotoThumbCell.swift in Sources */,
				E36C14401BA5D64D00D6FA4D /* Refresh.swift in Sources */,
				E3978F561B7AE017002B54A3 /* BaseInfo.swift in Sources */,
				E3978F601B7AE372002B54A3 /* Login.swift in Sources */,
				E3978F5E1B7AE12B002B54A3 /* ProductInfo.swift in Sources */,
				E34CC6461B96DD7F0089EED1 /* Confirm.swift in Sources */,
				E334520E1B73191B004E6FD4 /* BaseInfoEditViewController.swift in Sources */,
				E3978F541B7ADFF3002B54A3 /* BusinessInfo.swift in Sources */,
				E33802BD1B9023C300A9ADD3 /* BusinessInfoEditViewController.swift in Sources */,
				E32E22371B960B6300BC0A0D /* ConfigViewController.swift in Sources */,
				E37AD5991B846BC8005DEC92 /* CalendarViewController.swift in Sources */,
				E38556761B7C63600015285F /* AlbumThumbCell.swift in Sources */,
				E3F533FA1BAFA82D003BC841 /* YunbaChatMessage.swift in Sources */,
				E3C899881B744FFB00286AC7 /* SingleFeatureViewController.swift in Sources */,
				E3978F641B7AEAFD002B54A3 /* AlbumID.swift in Sources */,
				E3B6801B1BA2C420004DF002 /* ChatListViewController.swift in Sources */,
				E350E5661BABA78B006981FF /* JSONJoy.swift in Sources */,
				E3E9C2471B6CC73600998937 /* NoticeTableCell.swift in Sources */,
				E3D4E4861B9D2E2B00016080 /* PhotoScrollViewController.swift in Sources */,
				E36C14421BA5D64D00D6FA4D /* RefreshConst.swift in Sources */,
				E3C899921B7473AD00286AC7 /* LoginViewController.swift in Sources */,
				E3BA45C31BAA4B780012DC40 /* emw_demo.xcdatamodeld in Sources */,
				E36C14451BA5D64D00D6FA4D /* UIScrollView+Refresh.swift in Sources */,
				E390121D1B9BD0F400CABB9E /* Networking.swift in Sources */,
				E36C14431BA5D64D00D6FA4D /* RefreshFooterView.swift in Sources */,
				E3FBE9BD1B845C5500EA6440 /* User.swift in Sources */,
				E38556711B7C622B0015285F /* AlbumList.swift in Sources */,
				E3C899901B7473A400286AC7 /* SignupViewController.swift in Sources */,
				E3CED34A1BA10F7300B0B248 /* Like.swift in Sources */,
				E3E9C2431B6CAF5000998937 /* SMSegmentView.swift in Sources */,
				E350E5721BAC0051006981FF /* MainTabBar.swift in Sources */,
				E3001B891B79DAD300F38CEC /* SwiftColors.swift in Sources */,
				E36920B71B8700B900D8F345 /* Calendar.swift in Sources */,
				E3C899861B744FE000286AC7 /* WelcomePageViewController.swift in Sources */,
				E3978F581B7AE09C002B54A3 /* AlbumInfo.swift in Sources */,
				E3E9C21C1B6CA66200998937 /* AppDelegate.swift in Sources */,
				E3C7EB601BB9252900311781 /* ImportCalendarViewController.swift in Sources */,
				E3E9C2511B6CE4A200998937 /* NoticeDetailViewController.swift in Sources */,
				E3978F5C1B7AE106002B54A3 /* ModelCard.swift in Sources */,
				E3E9C2421B6CAF5000998937 /* SMSegment.swift in Sources */,
				E38556791B7C79D00015285F /* PhotoCollectionViewController.swift in Sources */,
				E3E9C21E1B6CA66200998937 /* PublicNoticeViewController.swift in Sources */,
				E30B30E11B7857CE00864989 /* DataInit.swift in Sources */,
				E350E5701BABFDB5006981FF /* ProfileNavi.swift in Sources */,
				E3978F5A1B7AE0E5002B54A3 /* VideoInfo.swift in Sources */,
				E350E56E1BABFDA6006981FF /* ChatNavi.swift in Sources */,
				E35080CE1B81892F000D6B65 /* PhotoBrowserViewController.swift in Sources */,
				E3BA83751B95794400B39311 /* UserProfileViewController.swift in Sources */,
				E3EFC1721BA1601D0088F24C /* NoticeDetailTextTableViewCell.swift in Sources */,
				E3B6801A1BA2C420004DF002 /* ChatListTableViewCell.swift in Sources */,
				E33802BB1B9023B200A9ADD3 /* BodyInfoEditViewController.swift in Sources */,
				E36C14411BA5D64D00D6FA4D /* RefreshBaseView.swift in Sources */,
				E3978F521B7ADFC6002B54A3 /* BodyInfo.swift in Sources */,
				E30E70181BB16CE50084EDFB /* SignedPeopleTableViewCell.swift in Sources */,
				E3978F621B7AE3A1002B54A3 /* PUT.swift in Sources */,
				E350E56C1BABFD94006981FF /* TaskNavi.swift in Sources */,
				E3F7CC3D1B704F79001D82D3 /* Signup.swift in Sources */,
				E30E701C1BB172E00084EDFB /* SignedPeopleCollectionViewCell.swift in Sources */,
				E33F378C1BB2FDA500E59D7C /* SwiftBadge.swift in Sources */,
			);
			runOnlyForDeploymentPostprocessing = 0;
		};
		E3E9C2291B6CA66200998937 /* Sources */ = {
			isa = PBXSourcesBuildPhase;
			buildActionMask = 2147483647;
			files = (
				E3E9C2341B6CA66200998937 /* emw_demoTests.swift in Sources */,
			);
			runOnlyForDeploymentPostprocessing = 0;
		};
/* End PBXSourcesBuildPhase section */

/* Begin PBXTargetDependency section */
		E3E9C22F1B6CA66200998937 /* PBXTargetDependency */ = {
			isa = PBXTargetDependency;
			target = E3E9C2151B6CA66200998937 /* emw_demo */;
			targetProxy = E3E9C22E1B6CA66200998937 /* PBXContainerItemProxy */;
		};
/* End PBXTargetDependency section */

/* Begin PBXVariantGroup section */
		E3E9C2211B6CA66200998937 /* Main.storyboard */ = {
			isa = PBXVariantGroup;
			children = (
				E3E9C2221B6CA66200998937 /* Base */,
				E3F83E4C1B82FD47005AD24C /* zh-Hans */,
			);
			name = Main.storyboard;
			sourceTree = "<group>";
		};
		E3E9C2261B6CA66200998937 /* LaunchScreen.xib */ = {
			isa = PBXVariantGroup;
			children = (
				E3E9C2271B6CA66200998937 /* Base */,
				E3F83E4D1B82FD47005AD24C /* zh-Hans */,
			);
			name = LaunchScreen.xib;
			sourceTree = "<group>";
		};
/* End PBXVariantGroup section */

/* Begin XCBuildConfiguration section */
		E3E9C2351B6CA66200998937 /* Debug */ = {
			isa = XCBuildConfiguration;
			buildSettings = {
				ALWAYS_SEARCH_USER_PATHS = NO;
				CLANG_CXX_LANGUAGE_STANDARD = "gnu++0x";
				CLANG_CXX_LIBRARY = "libc++";
				CLANG_ENABLE_MODULES = YES;
				CLANG_ENABLE_OBJC_ARC = YES;
				CLANG_WARN_BOOL_CONVERSION = YES;
				CLANG_WARN_CONSTANT_CONVERSION = YES;
				CLANG_WARN_DIRECT_OBJC_ISA_USAGE = YES_ERROR;
				CLANG_WARN_EMPTY_BODY = YES;
				CLANG_WARN_ENUM_CONVERSION = YES;
				CLANG_WARN_INT_CONVERSION = YES;
				CLANG_WARN_OBJC_ROOT_CLASS = YES_ERROR;
				CLANG_WARN_UNREACHABLE_CODE = YES;
				CLANG_WARN__DUPLICATE_METHOD_MATCH = YES;
				"CODE_SIGN_IDENTITY[sdk=iphoneos*]" = "iPhone Developer";
				COPY_PHASE_STRIP = NO;
				DEBUG_INFORMATION_FORMAT = "dwarf-with-dsym";
				ENABLE_STRICT_OBJC_MSGSEND = YES;
				ENABLE_TESTABILITY = YES;
				GCC_C_LANGUAGE_STANDARD = gnu99;
				GCC_DYNAMIC_NO_PIC = NO;
				GCC_NO_COMMON_BLOCKS = YES;
				GCC_OPTIMIZATION_LEVEL = 0;
				GCC_PREPROCESSOR_DEFINITIONS = (
					"DEBUG=1",
					"$(inherited)",
				);
				GCC_SYMBOLS_PRIVATE_EXTERN = NO;
				GCC_WARN_64_TO_32_BIT_CONVERSION = YES;
				GCC_WARN_ABOUT_RETURN_TYPE = YES_ERROR;
				GCC_WARN_UNDECLARED_SELECTOR = YES;
				GCC_WARN_UNINITIALIZED_AUTOS = YES_AGGRESSIVE;
				GCC_WARN_UNUSED_FUNCTION = YES;
				GCC_WARN_UNUSED_VARIABLE = YES;
				IPHONEOS_DEPLOYMENT_TARGET = 8.4;
				MTL_ENABLE_DEBUG_INFO = YES;
				ONLY_ACTIVE_ARCH = YES;
				SDKROOT = iphoneos;
				SWIFT_OPTIMIZATION_LEVEL = "-Onone";
			};
			name = Debug;
		};
		E3E9C2361B6CA66200998937 /* Release */ = {
			isa = XCBuildConfiguration;
			buildSettings = {
				ALWAYS_SEARCH_USER_PATHS = NO;
				CLANG_CXX_LANGUAGE_STANDARD = "gnu++0x";
				CLANG_CXX_LIBRARY = "libc++";
				CLANG_ENABLE_MODULES = YES;
				CLANG_ENABLE_OBJC_ARC = YES;
				CLANG_WARN_BOOL_CONVERSION = YES;
				CLANG_WARN_CONSTANT_CONVERSION = YES;
				CLANG_WARN_DIRECT_OBJC_ISA_USAGE = YES_ERROR;
				CLANG_WARN_EMPTY_BODY = YES;
				CLANG_WARN_ENUM_CONVERSION = YES;
				CLANG_WARN_INT_CONVERSION = YES;
				CLANG_WARN_OBJC_ROOT_CLASS = YES_ERROR;
				CLANG_WARN_UNREACHABLE_CODE = YES;
				CLANG_WARN__DUPLICATE_METHOD_MATCH = YES;
				"CODE_SIGN_IDENTITY[sdk=iphoneos*]" = "iPhone Developer";
				COPY_PHASE_STRIP = NO;
				DEBUG_INFORMATION_FORMAT = "dwarf-with-dsym";
				ENABLE_NS_ASSERTIONS = NO;
				ENABLE_STRICT_OBJC_MSGSEND = YES;
				GCC_C_LANGUAGE_STANDARD = gnu99;
				GCC_NO_COMMON_BLOCKS = YES;
				GCC_WARN_64_TO_32_BIT_CONVERSION = YES;
				GCC_WARN_ABOUT_RETURN_TYPE = YES_ERROR;
				GCC_WARN_UNDECLARED_SELECTOR = YES;
				GCC_WARN_UNINITIALIZED_AUTOS = YES_AGGRESSIVE;
				GCC_WARN_UNUSED_FUNCTION = YES;
				GCC_WARN_UNUSED_VARIABLE = YES;
				IPHONEOS_DEPLOYMENT_TARGET = 8.4;
				MTL_ENABLE_DEBUG_INFO = NO;
				SDKROOT = iphoneos;
				VALIDATE_PRODUCT = YES;
			};
			name = Release;
		};
		E3E9C2381B6CA66200998937 /* Debug */ = {
			isa = XCBuildConfiguration;
			baseConfigurationReference = C04BBC078BC2E0637D81E084 /* Pods.debug.xcconfig */;
			buildSettings = {
				ASSETCATALOG_COMPILER_APPICON_NAME = AppIcon;
				CODE_SIGN_IDENTITY = "iPhone Developer";
				"CODE_SIGN_IDENTITY[sdk=iphoneos*]" = "iPhone Developer";
				ENABLE_BITCODE = NO;
				FRAMEWORK_SEARCH_PATHS = "$(inherited)";
				INFOPLIST_FILE = emw_demo/Info.plist;
				IPHONEOS_DEPLOYMENT_TARGET = 8.0;
				LD_RUNPATH_SEARCH_PATHS = "$(inherited) @executable_path/Frameworks";
				LIBRARY_SEARCH_PATHS = (
					"$(inherited)",
					"$(PROJECT_DIR)/emw_demo/YunBaSDK",
				);
				OTHER_LDFLAGS = "-ObjC";
				PRODUCT_BUNDLE_IDENTIFIER = "com.emodel.$(PRODUCT_NAME:rfc1034identifier)";
				PRODUCT_NAME = "$(TARGET_NAME)";
				PROVISIONING_PROFILE = "";
				SWIFT_OBJC_BRIDGING_HEADER = "emw_demo-Bridging-Header.h";
			};
			name = Debug;
		};
		E3E9C2391B6CA66200998937 /* Release */ = {
			isa = XCBuildConfiguration;
			baseConfigurationReference = F3D2F2A9A29A9CFB400AAA3D /* Pods.release.xcconfig */;
			buildSettings = {
				ASSETCATALOG_COMPILER_APPICON_NAME = AppIcon;
				CODE_SIGN_IDENTITY = "iPhone Developer";
				"CODE_SIGN_IDENTITY[sdk=iphoneos*]" = "iPhone Developer";
				ENABLE_BITCODE = NO;
				FRAMEWORK_SEARCH_PATHS = "$(inherited)";
				INFOPLIST_FILE = emw_demo/Info.plist;
				IPHONEOS_DEPLOYMENT_TARGET = 8.0;
				LD_RUNPATH_SEARCH_PATHS = "$(inherited) @executable_path/Frameworks";
				LIBRARY_SEARCH_PATHS = (
					"$(inherited)",
					"$(PROJECT_DIR)/emw_demo/YunBaSDK",
				);
				OTHER_LDFLAGS = "-ObjC";
				PRODUCT_BUNDLE_IDENTIFIER = "com.emodel.$(PRODUCT_NAME:rfc1034identifier)";
				PRODUCT_NAME = "$(TARGET_NAME)";
				PROVISIONING_PROFILE = "";
				SWIFT_OBJC_BRIDGING_HEADER = "emw_demo-Bridging-Header.h";
			};
			name = Release;
		};
		E3E9C23B1B6CA66200998937 /* Debug */ = {
			isa = XCBuildConfiguration;
			buildSettings = {
				BUNDLE_LOADER = "$(TEST_HOST)";
				FRAMEWORK_SEARCH_PATHS = "$(inherited)";
				GCC_PREPROCESSOR_DEFINITIONS = (
					"DEBUG=1",
					"$(inherited)",
				);
				INFOPLIST_FILE = emw_demoTests/Info.plist;
				LD_RUNPATH_SEARCH_PATHS = "$(inherited) @executable_path/Frameworks @loader_path/Frameworks";
				PRODUCT_BUNDLE_IDENTIFIER = "com.emodel.$(PRODUCT_NAME:rfc1034identifier)";
				PRODUCT_NAME = "$(TARGET_NAME)";
				TEST_HOST = "$(BUILT_PRODUCTS_DIR)/emw_demo.app/emw_demo";
			};
			name = Debug;
		};
		E3E9C23C1B6CA66200998937 /* Release */ = {
			isa = XCBuildConfiguration;
			buildSettings = {
				BUNDLE_LOADER = "$(TEST_HOST)";
				FRAMEWORK_SEARCH_PATHS = "$(inherited)";
				INFOPLIST_FILE = emw_demoTests/Info.plist;
				LD_RUNPATH_SEARCH_PATHS = "$(inherited) @executable_path/Frameworks @loader_path/Frameworks";
				PRODUCT_BUNDLE_IDENTIFIER = "com.emodel.$(PRODUCT_NAME:rfc1034identifier)";
				PRODUCT_NAME = "$(TARGET_NAME)";
				TEST_HOST = "$(BUILT_PRODUCTS_DIR)/emw_demo.app/emw_demo";
			};
			name = Release;
		};
/* End XCBuildConfiguration section */

/* Begin XCConfigurationList section */
		E3E9C2111B6CA66200998937 /* Build configuration list for PBXProject "emw_demo" */ = {
			isa = XCConfigurationList;
			buildConfigurations = (
				E3E9C2351B6CA66200998937 /* Debug */,
				E3E9C2361B6CA66200998937 /* Release */,
			);
			defaultConfigurationIsVisible = 0;
			defaultConfigurationName = Release;
		};
		E3E9C2371B6CA66200998937 /* Build configuration list for PBXNativeTarget "emw_demo" */ = {
			isa = XCConfigurationList;
			buildConfigurations = (
				E3E9C2381B6CA66200998937 /* Debug */,
				E3E9C2391B6CA66200998937 /* Release */,
			);
			defaultConfigurationIsVisible = 0;
			defaultConfigurationName = Release;
		};
		E3E9C23A1B6CA66200998937 /* Build configuration list for PBXNativeTarget "emw_demoTests" */ = {
			isa = XCConfigurationList;
			buildConfigurations = (
				E3E9C23B1B6CA66200998937 /* Debug */,
				E3E9C23C1B6CA66200998937 /* Release */,
			);
			defaultConfigurationIsVisible = 0;
			defaultConfigurationName = Release;
		};
/* End XCConfigurationList section */

/* Begin XCVersionGroup section */
		E3BA45C11BAA4B780012DC40 /* emw_demo.xcdatamodeld */ = {
			isa = XCVersionGroup;
			children = (
				E3BA45C21BAA4B780012DC40 /* emw_demo.xcdatamodel */,
			);
			currentVersion = E3BA45C21BAA4B780012DC40 /* emw_demo.xcdatamodel */;
			path = emw_demo.xcdatamodeld;
			sourceTree = "<group>";
			versionGroupType = wrapper.xcdatamodel;
		};
/* End XCVersionGroup section */
	};
	rootObject = E3E9C20E1B6CA66200998937 /* Project object */;
}
