// !$*UTF8*$!
{
	archiveVersion = 1;
	classes = {
	};
	objectVersion = 46;
	objects = {

/* Begin PBXBuildFile section */
		250C24C01B733FFA006EF48C /* EMWBusinessInfo.m in Sources */ = {isa = PBXBuildFile; fileRef = 250C24BF1B733FFA006EF48C /* EMWBusinessInfo.m */; };
		250C24C71B734779006EF48C /* EMWBusinessBaseClass.m in Sources */ = {isa = PBXBuildFile; fileRef = 250C24C41B734779006EF48C /* EMWBusinessBaseClass.m */; };
		250C24C81B734779006EF48C /* EMWBusinessData.m in Sources */ = {isa = PBXBuildFile; fileRef = 250C24C61B734779006EF48C /* EMWBusinessData.m */; };
		250C687A1B70AA6400A112A0 /* MessageTableViewCell.m in Sources */ = {isa = PBXBuildFile; fileRef = 250C68781B70AA6400A112A0 /* MessageTableViewCell.m */; };
		250C687B1B70AA6400A112A0 /* MessageTableViewCell.xib in Resources */ = {isa = PBXBuildFile; fileRef = 250C68791B70AA6400A112A0 /* MessageTableViewCell.xib */; };
		255B9CBD1B787F0C00161C5A /* OrderData.m in Sources */ = {isa = PBXBuildFile; fileRef = 255B9CB91B787F0C00161C5A /* OrderData.m */; };
		255B9CBE1B787F0C00161C5A /* OrderOrderBC.m in Sources */ = {isa = PBXBuildFile; fileRef = 255B9CBC1B787F0C00161C5A /* OrderOrderBC.m */; };
		256C1A8C1B5CEC6D00461B84 /* main.m in Sources */ = {isa = PBXBuildFile; fileRef = 256C1A8B1B5CEC6D00461B84 /* main.m */; };
		256C1A8F1B5CEC6D00461B84 /* AppDelegate.m in Sources */ = {isa = PBXBuildFile; fileRef = 256C1A8E1B5CEC6D00461B84 /* AppDelegate.m */; };
		256C1A921B5CEC6D00461B84 /* ViewController.m in Sources */ = {isa = PBXBuildFile; fileRef = 256C1A911B5CEC6D00461B84 /* ViewController.m */; };
		256C1A951B5CEC6D00461B84 /* Main.storyboard in Resources */ = {isa = PBXBuildFile; fileRef = 256C1A931B5CEC6D00461B84 /* Main.storyboard */; };
		256C1A971B5CEC6D00461B84 /* Images.xcassets in Resources */ = {isa = PBXBuildFile; fileRef = 256C1A961B5CEC6D00461B84 /* Images.xcassets */; };
		256C1A9A1B5CEC6D00461B84 /* LaunchScreen.xib in Resources */ = {isa = PBXBuildFile; fileRef = 256C1A981B5CEC6D00461B84 /* LaunchScreen.xib */; };
		256C1AA61B5CEC6D00461B84 /* e_ModelTests.m in Sources */ = {isa = PBXBuildFile; fileRef = 256C1AA51B5CEC6D00461B84 /* e_ModelTests.m */; };
		256C1AB41B5CEE6D00461B84 /* LoginViewController.m in Sources */ = {isa = PBXBuildFile; fileRef = 256C1AB21B5CEE6D00461B84 /* LoginViewController.m */; };
		256C1AB51B5CEE6D00461B84 /* LoginViewController.xib in Resources */ = {isa = PBXBuildFile; fileRef = 256C1AB31B5CEE6D00461B84 /* LoginViewController.xib */; };
		256C1AB91B5CEE7F00461B84 /* RegistViewController.m in Sources */ = {isa = PBXBuildFile; fileRef = 256C1AB71B5CEE7F00461B84 /* RegistViewController.m */; };
		256C1ABA1B5CEE7F00461B84 /* RegistViewController.xib in Resources */ = {isa = PBXBuildFile; fileRef = 256C1AB81B5CEE7F00461B84 /* RegistViewController.xib */; };
		256C1ABF1B5CFB0100461B84 /* MainViewController.m in Sources */ = {isa = PBXBuildFile; fileRef = 256C1ABD1B5CFB0100461B84 /* MainViewController.m */; };
		256C1AC01B5CFB0100461B84 /* MainViewController.xib in Resources */ = {isa = PBXBuildFile; fileRef = 256C1ABE1B5CFB0100461B84 /* MainViewController.xib */; };
		256C1AC71B5D19CA00461B84 /* SMS_SDKLocalizable.strings in Resources */ = {isa = PBXBuildFile; fileRef = 256C1AC31B5D19CA00461B84 /* SMS_SDKLocalizable.strings */; };
		256C1AC81B5D19CA00461B84 /* SMS_SDK.framework in Frameworks */ = {isa = PBXBuildFile; fileRef = 256C1AC51B5D19CA00461B84 /* SMS_SDK.framework */; };
		256C1ACA1B5D1A1B00461B84 /* Foundation.framework in Frameworks */ = {isa = PBXBuildFile; fileRef = 256C1AC91B5D1A1B00461B84 /* Foundation.framework */; };
		256C1ACC1B5D1A3000461B84 /* UIKit.framework in Frameworks */ = {isa = PBXBuildFile; fileRef = 256C1ACB1B5D1A3000461B84 /* UIKit.framework */; };
		256C1ACE1B5D1A4600461B84 /* CoreGraphics.framework in Frameworks */ = {isa = PBXBuildFile; fileRef = 256C1ACD1B5D1A4600461B84 /* CoreGraphics.framework */; };
		256C1AD01B5D1A5200461B84 /* libz.dylib in Frameworks */ = {isa = PBXBuildFile; fileRef = 256C1ACF1B5D1A5200461B84 /* libz.dylib */; };
		256C1AD21B5D1A7700461B84 /* libicucore.dylib in Frameworks */ = {isa = PBXBuildFile; fileRef = 256C1AD11B5D1A7700461B84 /* libicucore.dylib */; };
		256C1AD41B5D1A8100461B84 /* MessageUI.framework in Frameworks */ = {isa = PBXBuildFile; fileRef = 256C1AD31B5D1A8100461B84 /* MessageUI.framework */; };
		256C1AD61B5D1A8A00461B84 /* Security.framework in Frameworks */ = {isa = PBXBuildFile; fileRef = 256C1AD51B5D1A8A00461B84 /* Security.framework */; };
		256C1AD81B5D1A9200461B84 /* AddressBook.framework in Frameworks */ = {isa = PBXBuildFile; fileRef = 256C1AD71B5D1A9200461B84 /* AddressBook.framework */; };
		256C1ADA1B5D1A9700461B84 /* AddressBookUI.framework in Frameworks */ = {isa = PBXBuildFile; fileRef = 256C1AD91B5D1A9700461B84 /* AddressBookUI.framework */; };
		257147B31B719BB1005F6E17 /* ChatViewController.m in Sources */ = {isa = PBXBuildFile; fileRef = 257147B11B719BB1005F6E17 /* ChatViewController.m */; };
		257147B41B719BB1005F6E17 /* ChatViewController.xib in Resources */ = {isa = PBXBuildFile; fileRef = 257147B21B719BB1005F6E17 /* ChatViewController.xib */; };
		257147B81B719CE9005F6E17 /* ChatTableViewCell.m in Sources */ = {isa = PBXBuildFile; fileRef = 257147B61B719CE9005F6E17 /* ChatTableViewCell.m */; };
		257147B91B719CE9005F6E17 /* ChatTableViewCell.xib in Resources */ = {isa = PBXBuildFile; fileRef = 257147B71B719CE9005F6E17 /* ChatTableViewCell.xib */; };
		257147DC1B71A9E8005F6E17 /* MKAnnotationView+WebCache.m in Sources */ = {isa = PBXBuildFile; fileRef = 257147BC1B71A9E8005F6E17 /* MKAnnotationView+WebCache.m */; };
		257147DD1B71A9E8005F6E17 /* NSData+ImageContentType.m in Sources */ = {isa = PBXBuildFile; fileRef = 257147BE1B71A9E8005F6E17 /* NSData+ImageContentType.m */; };
		257147DE1B71A9E8005F6E17 /* SDImageCache.m in Sources */ = {isa = PBXBuildFile; fileRef = 257147C01B71A9E8005F6E17 /* SDImageCache.m */; };
		257147DF1B71A9E8005F6E17 /* SDWebImageCompat.m in Sources */ = {isa = PBXBuildFile; fileRef = 257147C21B71A9E8005F6E17 /* SDWebImageCompat.m */; };
		257147E01B71A9E8005F6E17 /* SDWebImageDecoder.m in Sources */ = {isa = PBXBuildFile; fileRef = 257147C41B71A9E8005F6E17 /* SDWebImageDecoder.m */; };
		257147E11B71A9E8005F6E17 /* SDWebImageDownloader.m in Sources */ = {isa = PBXBuildFile; fileRef = 257147C61B71A9E8005F6E17 /* SDWebImageDownloader.m */; };
		257147E21B71A9E8005F6E17 /* SDWebImageDownloaderOperation.m in Sources */ = {isa = PBXBuildFile; fileRef = 257147C81B71A9E8005F6E17 /* SDWebImageDownloaderOperation.m */; };
		257147E31B71A9E8005F6E17 /* SDWebImageManager.m in Sources */ = {isa = PBXBuildFile; fileRef = 257147CA1B71A9E8005F6E17 /* SDWebImageManager.m */; };
		257147E41B71A9E8005F6E17 /* SDWebImagePrefetcher.m in Sources */ = {isa = PBXBuildFile; fileRef = 257147CD1B71A9E8005F6E17 /* SDWebImagePrefetcher.m */; };
		257147E51B71A9E8005F6E17 /* UIButton+WebCache.m in Sources */ = {isa = PBXBuildFile; fileRef = 257147CF1B71A9E8005F6E17 /* UIButton+WebCache.m */; };
		257147E61B71A9E8005F6E17 /* UIImage+GIF.m in Sources */ = {isa = PBXBuildFile; fileRef = 257147D11B71A9E8005F6E17 /* UIImage+GIF.m */; };
		257147E71B71A9E8005F6E17 /* UIImage+MultiFormat.m in Sources */ = {isa = PBXBuildFile; fileRef = 257147D31B71A9E8005F6E17 /* UIImage+MultiFormat.m */; };
		257147E81B71A9E8005F6E17 /* UIImage+WebP.m in Sources */ = {isa = PBXBuildFile; fileRef = 257147D51B71A9E8005F6E17 /* UIImage+WebP.m */; };
		257147E91B71A9E8005F6E17 /* UIImageView+HighlightedWebCache.m in Sources */ = {isa = PBXBuildFile; fileRef = 257147D71B71A9E8005F6E17 /* UIImageView+HighlightedWebCache.m */; };
		257147EA1B71A9E8005F6E17 /* UIImageView+WebCache.m in Sources */ = {isa = PBXBuildFile; fileRef = 257147D91B71A9E8005F6E17 /* UIImageView+WebCache.m */; };
		257147EB1B71A9E8005F6E17 /* UIView+WebCacheOperation.m in Sources */ = {isa = PBXBuildFile; fileRef = 257147DB1B71A9E8005F6E17 /* UIView+WebCacheOperation.m */; };
		257148001B71AA0B005F6E17 /* AFHTTPRequestOperation.m in Sources */ = {isa = PBXBuildFile; fileRef = 257147EE1B71AA0B005F6E17 /* AFHTTPRequestOperation.m */; };
		257148011B71AA0B005F6E17 /* AFHTTPRequestOperationManager.m in Sources */ = {isa = PBXBuildFile; fileRef = 257147F01B71AA0B005F6E17 /* AFHTTPRequestOperationManager.m */; };
		257148021B71AA0B005F6E17 /* AFHTTPSessionManager.m in Sources */ = {isa = PBXBuildFile; fileRef = 257147F21B71AA0B005F6E17 /* AFHTTPSessionManager.m */; };
		257148031B71AA0B005F6E17 /* AFNetworkReachabilityManager.m in Sources */ = {isa = PBXBuildFile; fileRef = 257147F51B71AA0B005F6E17 /* AFNetworkReachabilityManager.m */; };
		257148041B71AA0B005F6E17 /* AFSecurityPolicy.m in Sources */ = {isa = PBXBuildFile; fileRef = 257147F71B71AA0B005F6E17 /* AFSecurityPolicy.m */; };
		257148051B71AA0B005F6E17 /* AFURLConnectionOperation.m in Sources */ = {isa = PBXBuildFile; fileRef = 257147F91B71AA0B005F6E17 /* AFURLConnectionOperation.m */; };
		257148061B71AA0B005F6E17 /* AFURLRequestSerialization.m in Sources */ = {isa = PBXBuildFile; fileRef = 257147FB1B71AA0B005F6E17 /* AFURLRequestSerialization.m */; };
		257148071B71AA0B005F6E17 /* AFURLResponseSerialization.m in Sources */ = {isa = PBXBuildFile; fileRef = 257147FD1B71AA0B005F6E17 /* AFURLResponseSerialization.m */; };
		257148081B71AA0B005F6E17 /* AFURLSessionManager.m in Sources */ = {isa = PBXBuildFile; fileRef = 257147FF1B71AA0B005F6E17 /* AFURLSessionManager.m */; };
		2571480F1B71AA17005F6E17 /* UIScrollView+SVInfiniteScrolling.m in Sources */ = {isa = PBXBuildFile; fileRef = 2571480C1B71AA17005F6E17 /* UIScrollView+SVInfiniteScrolling.m */; };
		257148101B71AA17005F6E17 /* UIScrollView+SVPullToRefresh.m in Sources */ = {isa = PBXBuildFile; fileRef = 2571480E1B71AA17005F6E17 /* UIScrollView+SVPullToRefresh.m */; };
		257148121B71AD69005F6E17 /* chatinputbg.png in Resources */ = {isa = PBXBuildFile; fileRef = 257148111B71AD69005F6E17 /* chatinputbg.png */; };
		257148141B71B6E8005F6E17 /* bubble.png in Resources */ = {isa = PBXBuildFile; fileRef = 257148131B71B6E8005F6E17 /* bubble.png */; };
		257148161B71B6F1005F6E17 /* bubbleSelf.png in Resources */ = {isa = PBXBuildFile; fileRef = 257148151B71B6F1005F6E17 /* bubbleSelf.png */; };
		2571481A1B71CBEE005F6E17 /* NoticeTableViewCell.m in Sources */ = {isa = PBXBuildFile; fileRef = 257148181B71CBEE005F6E17 /* NoticeTableViewCell.m */; };
		2571481B1B71CBEE005F6E17 /* NoticeTableViewCell.xib in Resources */ = {isa = PBXBuildFile; fileRef = 257148191B71CBEE005F6E17 /* NoticeTableViewCell.xib */; };
		2571481D1B71D7CB005F6E17 /* 123.png in Resources */ = {isa = PBXBuildFile; fileRef = 2571481C1B71D7CB005F6E17 /* 123.png */; };
		2571481F1B71D98C005F6E17 /* 456.png in Resources */ = {isa = PBXBuildFile; fileRef = 2571481E1B71D98C005F6E17 /* 456.png */; };
		257148221B71DEC3005F6E17 /* 1.png in Resources */ = {isa = PBXBuildFile; fileRef = 257148201B71DEC3005F6E17 /* 1.png */; };
		257148231B71DEC3005F6E17 /* 0.png in Resources */ = {isa = PBXBuildFile; fileRef = 257148211B71DEC3005F6E17 /* 0.png */; };
		257148281B71E90C005F6E17 /* NoticeDetailViewController.m in Sources */ = {isa = PBXBuildFile; fileRef = 257148261B71E90C005F6E17 /* NoticeDetailViewController.m */; };
		257148291B71E90C005F6E17 /* NoticeDetailViewController.xib in Resources */ = {isa = PBXBuildFile; fileRef = 257148271B71E90C005F6E17 /* NoticeDetailViewController.xib */; };
		2571482C1B71FAEB005F6E17 /* EMWUser.m in Sources */ = {isa = PBXBuildFile; fileRef = 2571482B1B71FAEB005F6E17 /* EMWUser.m */; };
		25B228861B5DD386001B450C /* EMWHttpManager.m in Sources */ = {isa = PBXBuildFile; fileRef = 25B228851B5DD386001B450C /* EMWHttpManager.m */; };
		25B2288B1B5DD748001B450C /* MessageViewController.m in Sources */ = {isa = PBXBuildFile; fileRef = 25B228891B5DD748001B450C /* MessageViewController.m */; };
		25B2288C1B5DD748001B450C /* MessageViewController.xib in Resources */ = {isa = PBXBuildFile; fileRef = 25B2288A1B5DD748001B450C /* MessageViewController.xib */; };
		25B228951B5DD7CF001B450C /* NoticeViewController.m in Sources */ = {isa = PBXBuildFile; fileRef = 25B228931B5DD7CF001B450C /* NoticeViewController.m */; };
		25B228961B5DD7CF001B450C /* NoticeViewController.xib in Resources */ = {isa = PBXBuildFile; fileRef = 25B228941B5DD7CF001B450C /* NoticeViewController.xib */; };
		25B2289B1B5DD80F001B450C /* PersonViewController.m in Sources */ = {isa = PBXBuildFile; fileRef = 25B228991B5DD80F001B450C /* PersonViewController.m */; };
		25B2289C1B5DD80F001B450C /* PersonViewController.xib in Resources */ = {isa = PBXBuildFile; fileRef = 25B2289A1B5DD80F001B450C /* PersonViewController.xib */; };
		25B2289E1B5DE14F001B450C /* news@2x.png in Resources */ = {isa = PBXBuildFile; fileRef = 25B2289D1B5DE14F001B450C /* news@2x.png */; };
		25B228A01B5DE201001B450C /* main@2x.png in Resources */ = {isa = PBXBuildFile; fileRef = 25B2289F1B5DE201001B450C /* main@2x.png */; };
		25B228A21B5DE239001B450C /* person@2x.png in Resources */ = {isa = PBXBuildFile; fileRef = 25B228A11B5DE239001B450C /* person@2x.png */; };
		25B228A41B5DE9A6001B450C /* file@2x.png in Resources */ = {isa = PBXBuildFile; fileRef = 25B228A31B5DE9A6001B450C /* file@2x.png */; };
		25B228A91B5DED4B001B450C /* SeachViewController.m in Sources */ = {isa = PBXBuildFile; fileRef = 25B228A71B5DED4B001B450C /* SeachViewController.m */; };
		25B228AA1B5DED4B001B450C /* SeachViewController.xib in Resources */ = {isa = PBXBuildFile; fileRef = 25B228A81B5DED4B001B450C /* SeachViewController.xib */; };
		25B228AF1B5DF0F5001B450C /* WomanModelViewController.m in Sources */ = {isa = PBXBuildFile; fileRef = 25B228AD1B5DF0F5001B450C /* WomanModelViewController.m */; };
		25B228B01B5DF0F5001B450C /* WomanModelViewController.xib in Resources */ = {isa = PBXBuildFile; fileRef = 25B228AE1B5DF0F5001B450C /* WomanModelViewController.xib */; };
		25B228B41B5DF10C001B450C /* ManModelViewController.m in Sources */ = {isa = PBXBuildFile; fileRef = 25B228B21B5DF10C001B450C /* ManModelViewController.m */; };
		25B228B51B5DF10C001B450C /* ManModelViewController.xib in Resources */ = {isa = PBXBuildFile; fileRef = 25B228B31B5DF10C001B450C /* ManModelViewController.xib */; };
		25B228BC1B5DF164001B450C /* ChildModelViewController.m in Sources */ = {isa = PBXBuildFile; fileRef = 25B228BA1B5DF164001B450C /* ChildModelViewController.m */; };
		25B228BD1B5DF164001B450C /* ChildModelViewController.xib in Resources */ = {isa = PBXBuildFile; fileRef = 25B228BB1B5DF164001B450C /* ChildModelViewController.xib */; };
		25B228C41B5DF1C4001B450C /* ForeignWomanModelViewController.m in Sources */ = {isa = PBXBuildFile; fileRef = 25B228C21B5DF1C4001B450C /* ForeignWomanModelViewController.m */; };
		25B228C51B5DF1C4001B450C /* ForeignWomanModelViewController.xib in Resources */ = {isa = PBXBuildFile; fileRef = 25B228C31B5DF1C4001B450C /* ForeignWomanModelViewController.xib */; };
		25B228C91B5DF1DF001B450C /* ForeignManViewController.m in Sources */ = {isa = PBXBuildFile; fileRef = 25B228C71B5DF1DE001B450C /* ForeignManViewController.m */; };
		25B228CA1B5DF1DF001B450C /* ForeignManViewController.xib in Resources */ = {isa = PBXBuildFile; fileRef = 25B228C81B5DF1DE001B450C /* ForeignManViewController.xib */; };
		25B228CE1B5DF203001B450C /* OldModelViewController.m in Sources */ = {isa = PBXBuildFile; fileRef = 25B228CC1B5DF203001B450C /* OldModelViewController.m */; };
		25B228CF1B5DF203001B450C /* OldModelViewController.xib in Resources */ = {isa = PBXBuildFile; fileRef = 25B228CD1B5DF203001B450C /* OldModelViewController.xib */; };
		25B2A1B41B6F49160044D93A /* MainCollectionViewCell.m in Sources */ = {isa = PBXBuildFile; fileRef = 25B2A1B21B6F49160044D93A /* MainCollectionViewCell.m */; };
		25B2A1B51B6F49160044D93A /* MainCollectionViewCell.xib in Resources */ = {isa = PBXBuildFile; fileRef = 25B2A1B31B6F49160044D93A /* MainCollectionViewCell.xib */; };
		25DC9D331B743D1300CEC864 /* BaseInfoBC.m in Sources */ = {isa = PBXBuildFile; fileRef = 25DC9D2F1B743D1300CEC864 /* BaseInfoBC.m */; };
		25DC9D341B743D1300CEC864 /* BaseInfoData.m in Sources */ = {isa = PBXBuildFile; fileRef = 25DC9D311B743D1300CEC864 /* BaseInfoData.m */; };
		25DC9D431B74411100CEC864 /* UserIDBaseInfo.m in Sources */ = {isa = PBXBuildFile; fileRef = 25DC9D371B74411100CEC864 /* UserIDBaseInfo.m */; };
		25DC9D441B74411100CEC864 /* UserIDBC.m in Sources */ = {isa = PBXBuildFile; fileRef = 25DC9D391B74411100CEC864 /* UserIDBC.m */; };
		25DC9D451B74411100CEC864 /* UserIDBodyInfo.m in Sources */ = {isa = PBXBuildFile; fileRef = 25DC9D3B1B74411100CEC864 /* UserIDBodyInfo.m */; };
		25DC9D461B74411100CEC864 /* UserIDBusinessInfo.m in Sources */ = {isa = PBXBuildFile; fileRef = 25DC9D3D1B74411100CEC864 /* UserIDBusinessInfo.m */; };
		25DC9D471B74411100CEC864 /* UserIDData.m in Sources */ = {isa = PBXBuildFile; fileRef = 25DC9D3F1B74411100CEC864 /* UserIDData.m */; };
		25DC9D481B74411100CEC864 /* UserIDMedia.m in Sources */ = {isa = PBXBuildFile; fileRef = 25DC9D421B74411100CEC864 /* UserIDMedia.m */; };
		25DC9D4C1B748F0500CEC864 /* MyNoticeViewController.m in Sources */ = {isa = PBXBuildFile; fileRef = 25DC9D4A1B748F0500CEC864 /* MyNoticeViewController.m */; };
		25DC9D4D1B748F0500CEC864 /* MyNoticeViewController.xib in Resources */ = {isa = PBXBuildFile; fileRef = 25DC9D4B1B748F0500CEC864 /* MyNoticeViewController.xib */; };
/* End PBXBuildFile section */

/* Begin PBXContainerItemProxy section */
		256C1AA01B5CEC6D00461B84 /* PBXContainerItemProxy */ = {
			isa = PBXContainerItemProxy;
			containerPortal = 256C1A7E1B5CEC6D00461B84 /* Project object */;
			proxyType = 1;
			remoteGlobalIDString = 256C1A851B5CEC6D00461B84;
			remoteInfo = "e-Model";
		};
/* End PBXContainerItemProxy section */

/* Begin PBXFileReference section */
		250C24BE1B733FFA006EF48C /* EMWBusinessInfo.h */ = {isa = PBXFileReference; fileEncoding = 4; lastKnownFileType = sourcecode.c.h; path = EMWBusinessInfo.h; sourceTree = "<group>"; };
		250C24BF1B733FFA006EF48C /* EMWBusinessInfo.m */ = {isa = PBXFileReference; fileEncoding = 4; lastKnownFileType = sourcecode.c.objc; path = EMWBusinessInfo.m; sourceTree = "<group>"; };
		250C24C21B734779006EF48C /* DataModels.h */ = {isa = PBXFileReference; fileEncoding = 4; lastKnownFileType = sourcecode.c.h; path = DataModels.h; sourceTree = "<group>"; };
		250C24C31B734779006EF48C /* EMWBusinessBaseClass.h */ = {isa = PBXFileReference; fileEncoding = 4; lastKnownFileType = sourcecode.c.h; path = EMWBusinessBaseClass.h; sourceTree = "<group>"; };
		250C24C41B734779006EF48C /* EMWBusinessBaseClass.m */ = {isa = PBXFileReference; fileEncoding = 4; lastKnownFileType = sourcecode.c.objc; path = EMWBusinessBaseClass.m; sourceTree = "<group>"; };
		250C24C51B734779006EF48C /* EMWBusinessData.h */ = {isa = PBXFileReference; fileEncoding = 4; lastKnownFileType = sourcecode.c.h; path = EMWBusinessData.h; sourceTree = "<group>"; };
		250C24C61B734779006EF48C /* EMWBusinessData.m */ = {isa = PBXFileReference; fileEncoding = 4; lastKnownFileType = sourcecode.c.objc; path = EMWBusinessData.m; sourceTree = "<group>"; };
		250C68771B70AA6400A112A0 /* MessageTableViewCell.h */ = {isa = PBXFileReference; fileEncoding = 4; lastKnownFileType = sourcecode.c.h; path = MessageTableViewCell.h; sourceTree = "<group>"; };
		250C68781B70AA6400A112A0 /* MessageTableViewCell.m */ = {isa = PBXFileReference; fileEncoding = 4; lastKnownFileType = sourcecode.c.objc; path = MessageTableViewCell.m; sourceTree = "<group>"; };
		250C68791B70AA6400A112A0 /* MessageTableViewCell.xib */ = {isa = PBXFileReference; fileEncoding = 4; lastKnownFileType = file.xib; path = MessageTableViewCell.xib; sourceTree = "<group>"; };
		255B9CB81B787F0C00161C5A /* OrderData.h */ = {isa = PBXFileReference; fileEncoding = 4; lastKnownFileType = sourcecode.c.h; path = OrderData.h; sourceTree = "<group>"; };
		255B9CB91B787F0C00161C5A /* OrderData.m */ = {isa = PBXFileReference; fileEncoding = 4; lastKnownFileType = sourcecode.c.objc; path = OrderData.m; sourceTree = "<group>"; };
		255B9CBA1B787F0C00161C5A /* OrderDataModels.h */ = {isa = PBXFileReference; fileEncoding = 4; lastKnownFileType = sourcecode.c.h; path = OrderDataModels.h; sourceTree = "<group>"; };
		255B9CBB1B787F0C00161C5A /* OrderOrderBC.h */ = {isa = PBXFileReference; fileEncoding = 4; lastKnownFileType = sourcecode.c.h; path = OrderOrderBC.h; sourceTree = "<group>"; };
		255B9CBC1B787F0C00161C5A /* OrderOrderBC.m */ = {isa = PBXFileReference; fileEncoding = 4; lastKnownFileType = sourcecode.c.objc; path = OrderOrderBC.m; sourceTree = "<group>"; };
		256C1A861B5CEC6D00461B84 /* e-Model.app */ = {isa = PBXFileReference; explicitFileType = wrapper.application; includeInIndex = 0; path = "e-Model.app"; sourceTree = BUILT_PRODUCTS_DIR; };
		256C1A8A1B5CEC6D00461B84 /* Info.plist */ = {isa = PBXFileReference; lastKnownFileType = text.plist.xml; path = Info.plist; sourceTree = "<group>"; };
		256C1A8B1B5CEC6D00461B84 /* main.m */ = {isa = PBXFileReference; lastKnownFileType = sourcecode.c.objc; path = main.m; sourceTree = "<group>"; };
		256C1A8D1B5CEC6D00461B84 /* AppDelegate.h */ = {isa = PBXFileReference; lastKnownFileType = sourcecode.c.h; path = AppDelegate.h; sourceTree = "<group>"; };
		256C1A8E1B5CEC6D00461B84 /* AppDelegate.m */ = {isa = PBXFileReference; lastKnownFileType = sourcecode.c.objc; path = AppDelegate.m; sourceTree = "<group>"; };
		256C1A901B5CEC6D00461B84 /* ViewController.h */ = {isa = PBXFileReference; lastKnownFileType = sourcecode.c.h; path = ViewController.h; sourceTree = "<group>"; };
		256C1A911B5CEC6D00461B84 /* ViewController.m */ = {isa = PBXFileReference; lastKnownFileType = sourcecode.c.objc; path = ViewController.m; sourceTree = "<group>"; };
		256C1A941B5CEC6D00461B84 /* Base */ = {isa = PBXFileReference; lastKnownFileType = file.storyboard; name = Base; path = Base.lproj/Main.storyboard; sourceTree = "<group>"; };
		256C1A961B5CEC6D00461B84 /* Images.xcassets */ = {isa = PBXFileReference; lastKnownFileType = folder.assetcatalog; path = Images.xcassets; sourceTree = "<group>"; };
		256C1A991B5CEC6D00461B84 /* Base */ = {isa = PBXFileReference; lastKnownFileType = file.xib; name = Base; path = Base.lproj/LaunchScreen.xib; sourceTree = "<group>"; };
		256C1A9F1B5CEC6D00461B84 /* e-ModelTests.xctest */ = {isa = PBXFileReference; explicitFileType = wrapper.cfbundle; includeInIndex = 0; path = "e-ModelTests.xctest"; sourceTree = BUILT_PRODUCTS_DIR; };
		256C1AA41B5CEC6D00461B84 /* Info.plist */ = {isa = PBXFileReference; lastKnownFileType = text.plist.xml; path = Info.plist; sourceTree = "<group>"; };
		256C1AA51B5CEC6D00461B84 /* e_ModelTests.m */ = {isa = PBXFileReference; lastKnownFileType = sourcecode.c.objc; path = e_ModelTests.m; sourceTree = "<group>"; };
		256C1AB11B5CEE6D00461B84 /* LoginViewController.h */ = {isa = PBXFileReference; fileEncoding = 4; lastKnownFileType = sourcecode.c.h; path = LoginViewController.h; sourceTree = "<group>"; };
		256C1AB21B5CEE6D00461B84 /* LoginViewController.m */ = {isa = PBXFileReference; fileEncoding = 4; lastKnownFileType = sourcecode.c.objc; path = LoginViewController.m; sourceTree = "<group>"; };
		256C1AB31B5CEE6D00461B84 /* LoginViewController.xib */ = {isa = PBXFileReference; fileEncoding = 4; lastKnownFileType = file.xib; path = LoginViewController.xib; sourceTree = "<group>"; };
		256C1AB61B5CEE7F00461B84 /* RegistViewController.h */ = {isa = PBXFileReference; fileEncoding = 4; lastKnownFileType = sourcecode.c.h; path = RegistViewController.h; sourceTree = "<group>"; };
		256C1AB71B5CEE7F00461B84 /* RegistViewController.m */ = {isa = PBXFileReference; fileEncoding = 4; lastKnownFileType = sourcecode.c.objc; path = RegistViewController.m; sourceTree = "<group>"; };
		256C1AB81B5CEE7F00461B84 /* RegistViewController.xib */ = {isa = PBXFileReference; fileEncoding = 4; lastKnownFileType = file.xib; path = RegistViewController.xib; sourceTree = "<group>"; };
		256C1ABC1B5CFB0100461B84 /* MainViewController.h */ = {isa = PBXFileReference; fileEncoding = 4; lastKnownFileType = sourcecode.c.h; path = MainViewController.h; sourceTree = "<group>"; };
		256C1ABD1B5CFB0100461B84 /* MainViewController.m */ = {isa = PBXFileReference; fileEncoding = 4; lastKnownFileType = sourcecode.c.objc; path = MainViewController.m; sourceTree = "<group>"; };
		256C1ABE1B5CFB0100461B84 /* MainViewController.xib */ = {isa = PBXFileReference; fileEncoding = 4; lastKnownFileType = file.xib; path = MainViewController.xib; sourceTree = "<group>"; };
		256C1AC11B5D0F2400461B84 /* PrefixHeader.pch */ = {isa = PBXFileReference; fileEncoding = 4; lastKnownFileType = sourcecode.c.h; path = PrefixHeader.pch; sourceTree = "<group>"; };
		256C1AC41B5D19CA00461B84 /* en */ = {isa = PBXFileReference; lastKnownFileType = text.plist.strings; name = en; path = en.lproj/SMS_SDKLocalizable.strings; sourceTree = "<group>"; };
		256C1AC51B5D19CA00461B84 /* SMS_SDK.framework */ = {isa = PBXFileReference; lastKnownFileType = wrapper.framework; path = SMS_SDK.framework; sourceTree = "<group>"; };
		256C1AC61B5D19CA00461B84 /* zh-Hans */ = {isa = PBXFileReference; lastKnownFileType = text.plist.strings; name = "zh-Hans"; path = "zh-Hans.lproj/SMS_SDKLocalizable.strings"; sourceTree = "<group>"; };
		256C1AC91B5D1A1B00461B84 /* Foundation.framework */ = {isa = PBXFileReference; lastKnownFileType = wrapper.framework; name = Foundation.framework; path = System/Library/Frameworks/Foundation.framework; sourceTree = SDKROOT; };
		256C1ACB1B5D1A3000461B84 /* UIKit.framework */ = {isa = PBXFileReference; lastKnownFileType = wrapper.framework; name = UIKit.framework; path = System/Library/Frameworks/UIKit.framework; sourceTree = SDKROOT; };
		256C1ACD1B5D1A4600461B84 /* CoreGraphics.framework */ = {isa = PBXFileReference; lastKnownFileType = wrapper.framework; name = CoreGraphics.framework; path = System/Library/Frameworks/CoreGraphics.framework; sourceTree = SDKROOT; };
		256C1ACF1B5D1A5200461B84 /* libz.dylib */ = {isa = PBXFileReference; lastKnownFileType = "compiled.mach-o.dylib"; name = libz.dylib; path = usr/lib/libz.dylib; sourceTree = SDKROOT; };
		256C1AD11B5D1A7700461B84 /* libicucore.dylib */ = {isa = PBXFileReference; lastKnownFileType = "compiled.mach-o.dylib"; name = libicucore.dylib; path = usr/lib/libicucore.dylib; sourceTree = SDKROOT; };
		256C1AD31B5D1A8100461B84 /* MessageUI.framework */ = {isa = PBXFileReference; lastKnownFileType = wrapper.framework; name = MessageUI.framework; path = System/Library/Frameworks/MessageUI.framework; sourceTree = SDKROOT; };
		256C1AD51B5D1A8A00461B84 /* Security.framework */ = {isa = PBXFileReference; lastKnownFileType = wrapper.framework; name = Security.framework; path = System/Library/Frameworks/Security.framework; sourceTree = SDKROOT; };
		256C1AD71B5D1A9200461B84 /* AddressBook.framework */ = {isa = PBXFileReference; lastKnownFileType = wrapper.framework; name = AddressBook.framework; path = System/Library/Frameworks/AddressBook.framework; sourceTree = SDKROOT; };
		256C1AD91B5D1A9700461B84 /* AddressBookUI.framework */ = {isa = PBXFileReference; lastKnownFileType = wrapper.framework; name = AddressBookUI.framework; path = System/Library/Frameworks/AddressBookUI.framework; sourceTree = SDKROOT; };
		257147B01B719BB1005F6E17 /* ChatViewController.h */ = {isa = PBXFileReference; fileEncoding = 4; lastKnownFileType = sourcecode.c.h; path = ChatViewController.h; sourceTree = "<group>"; };
		257147B11B719BB1005F6E17 /* ChatViewController.m */ = {isa = PBXFileReference; fileEncoding = 4; lastKnownFileType = sourcecode.c.objc; path = ChatViewController.m; sourceTree = "<group>"; };
		257147B21B719BB1005F6E17 /* ChatViewController.xib */ = {isa = PBXFileReference; fileEncoding = 4; lastKnownFileType = file.xib; path = ChatViewController.xib; sourceTree = "<group>"; };
		257147B51B719CE9005F6E17 /* ChatTableViewCell.h */ = {isa = PBXFileReference; fileEncoding = 4; lastKnownFileType = sourcecode.c.h; path = ChatTableViewCell.h; sourceTree = "<group>"; };
		257147B61B719CE9005F6E17 /* ChatTableViewCell.m */ = {isa = PBXFileReference; fileEncoding = 4; lastKnownFileType = sourcecode.c.objc; path = ChatTableViewCell.m; sourceTree = "<group>"; };
		257147B71B719CE9005F6E17 /* ChatTableViewCell.xib */ = {isa = PBXFileReference; fileEncoding = 4; lastKnownFileType = file.xib; path = ChatTableViewCell.xib; sourceTree = "<group>"; };
		257147BB1B71A9E8005F6E17 /* MKAnnotationView+WebCache.h */ = {isa = PBXFileReference; fileEncoding = 4; lastKnownFileType = sourcecode.c.h; path = "MKAnnotationView+WebCache.h"; sourceTree = "<group>"; };
		257147BC1B71A9E8005F6E17 /* MKAnnotationView+WebCache.m */ = {isa = PBXFileReference; fileEncoding = 4; lastKnownFileType = sourcecode.c.objc; path = "MKAnnotationView+WebCache.m"; sourceTree = "<group>"; };
		257147BD1B71A9E8005F6E17 /* NSData+ImageContentType.h */ = {isa = PBXFileReference; fileEncoding = 4; lastKnownFileType = sourcecode.c.h; path = "NSData+ImageContentType.h"; sourceTree = "<group>"; };
		257147BE1B71A9E8005F6E17 /* NSData+ImageContentType.m */ = {isa = PBXFileReference; fileEncoding = 4; lastKnownFileType = sourcecode.c.objc; path = "NSData+ImageContentType.m"; sourceTree = "<group>"; };
		257147BF1B71A9E8005F6E17 /* SDImageCache.h */ = {isa = PBXFileReference; fileEncoding = 4; lastKnownFileType = sourcecode.c.h; path = SDImageCache.h; sourceTree = "<group>"; };
		257147C01B71A9E8005F6E17 /* SDImageCache.m */ = {isa = PBXFileReference; fileEncoding = 4; lastKnownFileType = sourcecode.c.objc; path = SDImageCache.m; sourceTree = "<group>"; };
		257147C11B71A9E8005F6E17 /* SDWebImageCompat.h */ = {isa = PBXFileReference; fileEncoding = 4; lastKnownFileType = sourcecode.c.h; path = SDWebImageCompat.h; sourceTree = "<group>"; };
		257147C21B71A9E8005F6E17 /* SDWebImageCompat.m */ = {isa = PBXFileReference; fileEncoding = 4; lastKnownFileType = sourcecode.c.objc; path = SDWebImageCompat.m; sourceTree = "<group>"; };
		257147C31B71A9E8005F6E17 /* SDWebImageDecoder.h */ = {isa = PBXFileReference; fileEncoding = 4; lastKnownFileType = sourcecode.c.h; path = SDWebImageDecoder.h; sourceTree = "<group>"; };
		257147C41B71A9E8005F6E17 /* SDWebImageDecoder.m */ = {isa = PBXFileReference; fileEncoding = 4; lastKnownFileType = sourcecode.c.objc; path = SDWebImageDecoder.m; sourceTree = "<group>"; };
		257147C51B71A9E8005F6E17 /* SDWebImageDownloader.h */ = {isa = PBXFileReference; fileEncoding = 4; lastKnownFileType = sourcecode.c.h; path = SDWebImageDownloader.h; sourceTree = "<group>"; };
		257147C61B71A9E8005F6E17 /* SDWebImageDownloader.m */ = {isa = PBXFileReference; fileEncoding = 4; lastKnownFileType = sourcecode.c.objc; path = SDWebImageDownloader.m; sourceTree = "<group>"; };
		257147C71B71A9E8005F6E17 /* SDWebImageDownloaderOperation.h */ = {isa = PBXFileReference; fileEncoding = 4; lastKnownFileType = sourcecode.c.h; path = SDWebImageDownloaderOperation.h; sourceTree = "<group>"; };
		257147C81B71A9E8005F6E17 /* SDWebImageDownloaderOperation.m */ = {isa = PBXFileReference; fileEncoding = 4; lastKnownFileType = sourcecode.c.objc; path = SDWebImageDownloaderOperation.m; sourceTree = "<group>"; };
		257147C91B71A9E8005F6E17 /* SDWebImageManager.h */ = {isa = PBXFileReference; fileEncoding = 4; lastKnownFileType = sourcecode.c.h; path = SDWebImageManager.h; sourceTree = "<group>"; };
		257147CA1B71A9E8005F6E17 /* SDWebImageManager.m */ = {isa = PBXFileReference; fileEncoding = 4; lastKnownFileType = sourcecode.c.objc; path = SDWebImageManager.m; sourceTree = "<group>"; };
		257147CB1B71A9E8005F6E17 /* SDWebImageOperation.h */ = {isa = PBXFileReference; fileEncoding = 4; lastKnownFileType = sourcecode.c.h; path = SDWebImageOperation.h; sourceTree = "<group>"; };
		257147CC1B71A9E8005F6E17 /* SDWebImagePrefetcher.h */ = {isa = PBXFileReference; fileEncoding = 4; lastKnownFileType = sourcecode.c.h; path = SDWebImagePrefetcher.h; sourceTree = "<group>"; };
		257147CD1B71A9E8005F6E17 /* SDWebImagePrefetcher.m */ = {isa = PBXFileReference; fileEncoding = 4; lastKnownFileType = sourcecode.c.objc; path = SDWebImagePrefetcher.m; sourceTree = "<group>"; };
		257147CE1B71A9E8005F6E17 /* UIButton+WebCache.h */ = {isa = PBXFileReference; fileEncoding = 4; lastKnownFileType = sourcecode.c.h; path = "UIButton+WebCache.h"; sourceTree = "<group>"; };
		257147CF1B71A9E8005F6E17 /* UIButton+WebCache.m */ = {isa = PBXFileReference; fileEncoding = 4; lastKnownFileType = sourcecode.c.objc; path = "UIButton+WebCache.m"; sourceTree = "<group>"; };
		257147D01B71A9E8005F6E17 /* UIImage+GIF.h */ = {isa = PBXFileReference; fileEncoding = 4; lastKnownFileType = sourcecode.c.h; path = "UIImage+GIF.h"; sourceTree = "<group>"; };
		257147D11B71A9E8005F6E17 /* UIImage+GIF.m */ = {isa = PBXFileReference; fileEncoding = 4; lastKnownFileType = sourcecode.c.objc; path = "UIImage+GIF.m"; sourceTree = "<group>"; };
		257147D21B71A9E8005F6E17 /* UIImage+MultiFormat.h */ = {isa = PBXFileReference; fileEncoding = 4; lastKnownFileType = sourcecode.c.h; path = "UIImage+MultiFormat.h"; sourceTree = "<group>"; };
		257147D31B71A9E8005F6E17 /* UIImage+MultiFormat.m */ = {isa = PBXFileReference; fileEncoding = 4; lastKnownFileType = sourcecode.c.objc; path = "UIImage+MultiFormat.m"; sourceTree = "<group>"; };
		257147D41B71A9E8005F6E17 /* UIImage+WebP.h */ = {isa = PBXFileReference; fileEncoding = 4; lastKnownFileType = sourcecode.c.h; path = "UIImage+WebP.h"; sourceTree = "<group>"; };
		257147D51B71A9E8005F6E17 /* UIImage+WebP.m */ = {isa = PBXFileReference; fileEncoding = 4; lastKnownFileType = sourcecode.c.objc; path = "UIImage+WebP.m"; sourceTree = "<group>"; };
		257147D61B71A9E8005F6E17 /* UIImageView+HighlightedWebCache.h */ = {isa = PBXFileReference; fileEncoding = 4; lastKnownFileType = sourcecode.c.h; path = "UIImageView+HighlightedWebCache.h"; sourceTree = "<group>"; };
		257147D71B71A9E8005F6E17 /* UIImageView+HighlightedWebCache.m */ = {isa = PBXFileReference; fileEncoding = 4; lastKnownFileType = sourcecode.c.objc; path = "UIImageView+HighlightedWebCache.m"; sourceTree = "<group>"; };
		257147D81B71A9E8005F6E17 /* UIImageView+WebCache.h */ = {isa = PBXFileReference; fileEncoding = 4; lastKnownFileType = sourcecode.c.h; path = "UIImageView+WebCache.h"; sourceTree = "<group>"; };
		257147D91B71A9E8005F6E17 /* UIImageView+WebCache.m */ = {isa = PBXFileReference; fileEncoding = 4; lastKnownFileType = sourcecode.c.objc; path = "UIImageView+WebCache.m"; sourceTree = "<group>"; };
		257147DA1B71A9E8005F6E17 /* UIView+WebCacheOperation.h */ = {isa = PBXFileReference; fileEncoding = 4; lastKnownFileType = sourcecode.c.h; path = "UIView+WebCacheOperation.h"; sourceTree = "<group>"; };
		257147DB1B71A9E8005F6E17 /* UIView+WebCacheOperation.m */ = {isa = PBXFileReference; fileEncoding = 4; lastKnownFileType = sourcecode.c.objc; path = "UIView+WebCacheOperation.m"; sourceTree = "<group>"; };
		257147ED1B71AA0B005F6E17 /* AFHTTPRequestOperation.h */ = {isa = PBXFileReference; fileEncoding = 4; lastKnownFileType = sourcecode.c.h; path = AFHTTPRequestOperation.h; sourceTree = "<group>"; };
		257147EE1B71AA0B005F6E17 /* AFHTTPRequestOperation.m */ = {isa = PBXFileReference; fileEncoding = 4; lastKnownFileType = sourcecode.c.objc; path = AFHTTPRequestOperation.m; sourceTree = "<group>"; };
		257147EF1B71AA0B005F6E17 /* AFHTTPRequestOperationManager.h */ = {isa = PBXFileReference; fileEncoding = 4; lastKnownFileType = sourcecode.c.h; path = AFHTTPRequestOperationManager.h; sourceTree = "<group>"; };
		257147F01B71AA0B005F6E17 /* AFHTTPRequestOperationManager.m */ = {isa = PBXFileReference; fileEncoding = 4; lastKnownFileType = sourcecode.c.objc; path = AFHTTPRequestOperationManager.m; sourceTree = "<group>"; };
		257147F11B71AA0B005F6E17 /* AFHTTPSessionManager.h */ = {isa = PBXFileReference; fileEncoding = 4; lastKnownFileType = sourcecode.c.h; path = AFHTTPSessionManager.h; sourceTree = "<group>"; };
		257147F21B71AA0B005F6E17 /* AFHTTPSessionManager.m */ = {isa = PBXFileReference; fileEncoding = 4; lastKnownFileType = sourcecode.c.objc; path = AFHTTPSessionManager.m; sourceTree = "<group>"; };
		257147F31B71AA0B005F6E17 /* AFNetworking.h */ = {isa = PBXFileReference; fileEncoding = 4; lastKnownFileType = sourcecode.c.h; path = AFNetworking.h; sourceTree = "<group>"; };
		257147F41B71AA0B005F6E17 /* AFNetworkReachabilityManager.h */ = {isa = PBXFileReference; fileEncoding = 4; lastKnownFileType = sourcecode.c.h; path = AFNetworkReachabilityManager.h; sourceTree = "<group>"; };
		257147F51B71AA0B005F6E17 /* AFNetworkReachabilityManager.m */ = {isa = PBXFileReference; fileEncoding = 4; lastKnownFileType = sourcecode.c.objc; path = AFNetworkReachabilityManager.m; sourceTree = "<group>"; };
		257147F61B71AA0B005F6E17 /* AFSecurityPolicy.h */ = {isa = PBXFileReference; fileEncoding = 4; lastKnownFileType = sourcecode.c.h; path = AFSecurityPolicy.h; sourceTree = "<group>"; };
		257147F71B71AA0B005F6E17 /* AFSecurityPolicy.m */ = {isa = PBXFileReference; fileEncoding = 4; lastKnownFileType = sourcecode.c.objc; path = AFSecurityPolicy.m; sourceTree = "<group>"; };
		257147F81B71AA0B005F6E17 /* AFURLConnectionOperation.h */ = {isa = PBXFileReference; fileEncoding = 4; lastKnownFileType = sourcecode.c.h; path = AFURLConnectionOperation.h; sourceTree = "<group>"; };
		257147F91B71AA0B005F6E17 /* AFURLConnectionOperation.m */ = {isa = PBXFileReference; fileEncoding = 4; lastKnownFileType = sourcecode.c.objc; path = AFURLConnectionOperation.m; sourceTree = "<group>"; };
		257147FA1B71AA0B005F6E17 /* AFURLRequestSerialization.h */ = {isa = PBXFileReference; fileEncoding = 4; lastKnownFileType = sourcecode.c.h; path = AFURLRequestSerialization.h; sourceTree = "<group>"; };
		257147FB1B71AA0B005F6E17 /* AFURLRequestSerialization.m */ = {isa = PBXFileReference; fileEncoding = 4; lastKnownFileType = sourcecode.c.objc; path = AFURLRequestSerialization.m; sourceTree = "<group>"; };
		257147FC1B71AA0B005F6E17 /* AFURLResponseSerialization.h */ = {isa = PBXFileReference; fileEncoding = 4; lastKnownFileType = sourcecode.c.h; path = AFURLResponseSerialization.h; sourceTree = "<group>"; };
		257147FD1B71AA0B005F6E17 /* AFURLResponseSerialization.m */ = {isa = PBXFileReference; fileEncoding = 4; lastKnownFileType = sourcecode.c.objc; path = AFURLResponseSerialization.m; sourceTree = "<group>"; };
		257147FE1B71AA0B005F6E17 /* AFURLSessionManager.h */ = {isa = PBXFileReference; fileEncoding = 4; lastKnownFileType = sourcecode.c.h; path = AFURLSessionManager.h; sourceTree = "<group>"; };
		257147FF1B71AA0B005F6E17 /* AFURLSessionManager.m */ = {isa = PBXFileReference; fileEncoding = 4; lastKnownFileType = sourcecode.c.objc; path = AFURLSessionManager.m; sourceTree = "<group>"; };
		2571480A1B71AA17005F6E17 /* SVPullToRefresh.h */ = {isa = PBXFileReference; fileEncoding = 4; lastKnownFileType = sourcecode.c.h; path = SVPullToRefresh.h; sourceTree = "<group>"; };
		2571480B1B71AA17005F6E17 /* UIScrollView+SVInfiniteScrolling.h */ = {isa = PBXFileReference; fileEncoding = 4; lastKnownFileType = sourcecode.c.h; path = "UIScrollView+SVInfiniteScrolling.h"; sourceTree = "<group>"; };
		2571480C1B71AA17005F6E17 /* UIScrollView+SVInfiniteScrolling.m */ = {isa = PBXFileReference; fileEncoding = 4; lastKnownFileType = sourcecode.c.objc; path = "UIScrollView+SVInfiniteScrolling.m"; sourceTree = "<group>"; };
		2571480D1B71AA17005F6E17 /* UIScrollView+SVPullToRefresh.h */ = {isa = PBXFileReference; fileEncoding = 4; lastKnownFileType = sourcecode.c.h; path = "UIScrollView+SVPullToRefresh.h"; sourceTree = "<group>"; };
		2571480E1B71AA17005F6E17 /* UIScrollView+SVPullToRefresh.m */ = {isa = PBXFileReference; fileEncoding = 4; lastKnownFileType = sourcecode.c.objc; path = "UIScrollView+SVPullToRefresh.m"; sourceTree = "<group>"; };
		257148111B71AD69005F6E17 /* chatinputbg.png */ = {isa = PBXFileReference; lastKnownFileType = image.png; path = chatinputbg.png; sourceTree = "<group>"; };
		257148131B71B6E8005F6E17 /* bubble.png */ = {isa = PBXFileReference; lastKnownFileType = image.png; path = bubble.png; sourceTree = "<group>"; };
		257148151B71B6F1005F6E17 /* bubbleSelf.png */ = {isa = PBXFileReference; lastKnownFileType = image.png; path = bubbleSelf.png; sourceTree = "<group>"; };
		257148171B71CBEE005F6E17 /* NoticeTableViewCell.h */ = {isa = PBXFileReference; fileEncoding = 4; lastKnownFileType = sourcecode.c.h; path = NoticeTableViewCell.h; sourceTree = "<group>"; };
		257148181B71CBEE005F6E17 /* NoticeTableViewCell.m */ = {isa = PBXFileReference; fileEncoding = 4; lastKnownFileType = sourcecode.c.objc; path = NoticeTableViewCell.m; sourceTree = "<group>"; };
		257148191B71CBEE005F6E17 /* NoticeTableViewCell.xib */ = {isa = PBXFileReference; fileEncoding = 4; lastKnownFileType = file.xib; path = NoticeTableViewCell.xib; sourceTree = "<group>"; };
		2571481C1B71D7CB005F6E17 /* 123.png */ = {isa = PBXFileReference; lastKnownFileType = image.png; path = 123.png; sourceTree = "<group>"; };
		2571481E1B71D98C005F6E17 /* 456.png */ = {isa = PBXFileReference; lastKnownFileType = image.png; path = 456.png; sourceTree = "<group>"; };
		257148201B71DEC3005F6E17 /* 1.png */ = {isa = PBXFileReference; lastKnownFileType = image.png; path = 1.png; sourceTree = "<group>"; };
		257148211B71DEC3005F6E17 /* 0.png */ = {isa = PBXFileReference; lastKnownFileType = image.png; path = 0.png; sourceTree = "<group>"; };
		257148251B71E90C005F6E17 /* NoticeDetailViewController.h */ = {isa = PBXFileReference; fileEncoding = 4; lastKnownFileType = sourcecode.c.h; path = NoticeDetailViewController.h; sourceTree = "<group>"; };
		257148261B71E90C005F6E17 /* NoticeDetailViewController.m */ = {isa = PBXFileReference; fileEncoding = 4; lastKnownFileType = sourcecode.c.objc; path = NoticeDetailViewController.m; sourceTree = "<group>"; };
		257148271B71E90C005F6E17 /* NoticeDetailViewController.xib */ = {isa = PBXFileReference; fileEncoding = 4; lastKnownFileType = file.xib; path = NoticeDetailViewController.xib; sourceTree = "<group>"; };
		2571482A1B71FAEB005F6E17 /* EMWUser.h */ = {isa = PBXFileReference; fileEncoding = 4; lastKnownFileType = sourcecode.c.h; path = EMWUser.h; sourceTree = "<group>"; };
		2571482B1B71FAEB005F6E17 /* EMWUser.m */ = {isa = PBXFileReference; fileEncoding = 4; lastKnownFileType = sourcecode.c.objc; path = EMWUser.m; sourceTree = "<group>"; };
		25B228831B5DD301001B450C /* Header.h */ = {isa = PBXFileReference; fileEncoding = 4; lastKnownFileType = sourcecode.c.h; path = Header.h; sourceTree = "<group>"; };
		25B228841B5DD386001B450C /* EMWHttpManager.h */ = {isa = PBXFileReference; fileEncoding = 4; lastKnownFileType = sourcecode.c.h; path = EMWHttpManager.h; sourceTree = "<group>"; };
		25B228851B5DD386001B450C /* EMWHttpManager.m */ = {isa = PBXFileReference; fileEncoding = 4; lastKnownFileType = sourcecode.c.objc; path = EMWHttpManager.m; sourceTree = "<group>"; };
		25B228881B5DD748001B450C /* MessageViewController.h */ = {isa = PBXFileReference; fileEncoding = 4; lastKnownFileType = sourcecode.c.h; path = MessageViewController.h; sourceTree = "<group>"; };
		25B228891B5DD748001B450C /* MessageViewController.m */ = {isa = PBXFileReference; fileEncoding = 4; lastKnownFileType = sourcecode.c.objc; path = MessageViewController.m; sourceTree = "<group>"; };
		25B2288A1B5DD748001B450C /* MessageViewController.xib */ = {isa = PBXFileReference; fileEncoding = 4; lastKnownFileType = file.xib; path = MessageViewController.xib; sourceTree = "<group>"; };
		25B228921B5DD7CF001B450C /* NoticeViewController.h */ = {isa = PBXFileReference; fileEncoding = 4; lastKnownFileType = sourcecode.c.h; path = NoticeViewController.h; sourceTree = "<group>"; };
		25B228931B5DD7CF001B450C /* NoticeViewController.m */ = {isa = PBXFileReference; fileEncoding = 4; lastKnownFileType = sourcecode.c.objc; path = NoticeViewController.m; sourceTree = "<group>"; };
		25B228941B5DD7CF001B450C /* NoticeViewController.xib */ = {isa = PBXFileReference; fileEncoding = 4; lastKnownFileType = file.xib; path = NoticeViewController.xib; sourceTree = "<group>"; };
		25B228981B5DD80F001B450C /* PersonViewController.h */ = {isa = PBXFileReference; fileEncoding = 4; lastKnownFileType = sourcecode.c.h; path = PersonViewController.h; sourceTree = "<group>"; };
		25B228991B5DD80F001B450C /* PersonViewController.m */ = {isa = PBXFileReference; fileEncoding = 4; lastKnownFileType = sourcecode.c.objc; path = PersonViewController.m; sourceTree = "<group>"; };
		25B2289A1B5DD80F001B450C /* PersonViewController.xib */ = {isa = PBXFileReference; fileEncoding = 4; lastKnownFileType = file.xib; path = PersonViewController.xib; sourceTree = "<group>"; };
		25B2289D1B5DE14F001B450C /* news@2x.png */ = {isa = PBXFileReference; lastKnownFileType = image.png; path = "news@2x.png"; sourceTree = "<group>"; };
		25B2289F1B5DE201001B450C /* main@2x.png */ = {isa = PBXFileReference; lastKnownFileType = image.png; path = "main@2x.png"; sourceTree = "<group>"; };
		25B228A11B5DE239001B450C /* person@2x.png */ = {isa = PBXFileReference; lastKnownFileType = image.png; path = "person@2x.png"; sourceTree = "<group>"; };
		25B228A31B5DE9A6001B450C /* file@2x.png */ = {isa = PBXFileReference; lastKnownFileType = image.png; path = "file@2x.png"; sourceTree = "<group>"; };
		25B228A61B5DED4B001B450C /* SeachViewController.h */ = {isa = PBXFileReference; fileEncoding = 4; lastKnownFileType = sourcecode.c.h; path = SeachViewController.h; sourceTree = "<group>"; };
		25B228A71B5DED4B001B450C /* SeachViewController.m */ = {isa = PBXFileReference; fileEncoding = 4; lastKnownFileType = sourcecode.c.objc; path = SeachViewController.m; sourceTree = "<group>"; };
		25B228A81B5DED4B001B450C /* SeachViewController.xib */ = {isa = PBXFileReference; fileEncoding = 4; lastKnownFileType = file.xib; path = SeachViewController.xib; sourceTree = "<group>"; };
		25B228AC1B5DF0F5001B450C /* WomanModelViewController.h */ = {isa = PBXFileReference; fileEncoding = 4; lastKnownFileType = sourcecode.c.h; path = WomanModelViewController.h; sourceTree = "<group>"; };
		25B228AD1B5DF0F5001B450C /* WomanModelViewController.m */ = {isa = PBXFileReference; fileEncoding = 4; lastKnownFileType = sourcecode.c.objc; path = WomanModelViewController.m; sourceTree = "<group>"; };
		25B228AE1B5DF0F5001B450C /* WomanModelViewController.xib */ = {isa = PBXFileReference; fileEncoding = 4; lastKnownFileType = file.xib; path = WomanModelViewController.xib; sourceTree = "<group>"; };
		25B228B11B5DF10C001B450C /* ManModelViewController.h */ = {isa = PBXFileReference; fileEncoding = 4; lastKnownFileType = sourcecode.c.h; path = ManModelViewController.h; sourceTree = "<group>"; };
		25B228B21B5DF10C001B450C /* ManModelViewController.m */ = {isa = PBXFileReference; fileEncoding = 4; lastKnownFileType = sourcecode.c.objc; path = ManModelViewController.m; sourceTree = "<group>"; };
		25B228B31B5DF10C001B450C /* ManModelViewController.xib */ = {isa = PBXFileReference; fileEncoding = 4; lastKnownFileType = file.xib; path = ManModelViewController.xib; sourceTree = "<group>"; };
		25B228B91B5DF164001B450C /* ChildModelViewController.h */ = {isa = PBXFileReference; fileEncoding = 4; lastKnownFileType = sourcecode.c.h; path = ChildModelViewController.h; sourceTree = "<group>"; };
		25B228BA1B5DF164001B450C /* ChildModelViewController.m */ = {isa = PBXFileReference; fileEncoding = 4; lastKnownFileType = sourcecode.c.objc; path = ChildModelViewController.m; sourceTree = "<group>"; };
		25B228BB1B5DF164001B450C /* ChildModelViewController.xib */ = {isa = PBXFileReference; fileEncoding = 4; lastKnownFileType = file.xib; path = ChildModelViewController.xib; sourceTree = "<group>"; };
		25B228C11B5DF1C4001B450C /* ForeignWomanModelViewController.h */ = {isa = PBXFileReference; fileEncoding = 4; lastKnownFileType = sourcecode.c.h; path = ForeignWomanModelViewController.h; sourceTree = "<group>"; };
		25B228C21B5DF1C4001B450C /* ForeignWomanModelViewController.m */ = {isa = PBXFileReference; fileEncoding = 4; lastKnownFileType = sourcecode.c.objc; path = ForeignWomanModelViewController.m; sourceTree = "<group>"; };
		25B228C31B5DF1C4001B450C /* ForeignWomanModelViewController.xib */ = {isa = PBXFileReference; fileEncoding = 4; lastKnownFileType = file.xib; path = ForeignWomanModelViewController.xib; sourceTree = "<group>"; };
		25B228C61B5DF1DE001B450C /* ForeignManViewController.h */ = {isa = PBXFileReference; fileEncoding = 4; lastKnownFileType = sourcecode.c.h; path = ForeignManViewController.h; sourceTree = "<group>"; };
		25B228C71B5DF1DE001B450C /* ForeignManViewController.m */ = {isa = PBXFileReference; fileEncoding = 4; lastKnownFileType = sourcecode.c.objc; path = ForeignManViewController.m; sourceTree = "<group>"; };
		25B228C81B5DF1DE001B450C /* ForeignManViewController.xib */ = {isa = PBXFileReference; fileEncoding = 4; lastKnownFileType = file.xib; path = ForeignManViewController.xib; sourceTree = "<group>"; };
		25B228CB1B5DF203001B450C /* OldModelViewController.h */ = {isa = PBXFileReference; fileEncoding = 4; lastKnownFileType = sourcecode.c.h; path = OldModelViewController.h; sourceTree = "<group>"; };
		25B228CC1B5DF203001B450C /* OldModelViewController.m */ = {isa = PBXFileReference; fileEncoding = 4; lastKnownFileType = sourcecode.c.objc; path = OldModelViewController.m; sourceTree = "<group>"; };
		25B228CD1B5DF203001B450C /* OldModelViewController.xib */ = {isa = PBXFileReference; fileEncoding = 4; lastKnownFileType = file.xib; path = OldModelViewController.xib; sourceTree = "<group>"; };
		25B2A1B11B6F49160044D93A /* MainCollectionViewCell.h */ = {isa = PBXFileReference; fileEncoding = 4; lastKnownFileType = sourcecode.c.h; path = MainCollectionViewCell.h; sourceTree = "<group>"; };
		25B2A1B21B6F49160044D93A /* MainCollectionViewCell.m */ = {isa = PBXFileReference; fileEncoding = 4; lastKnownFileType = sourcecode.c.objc; path = MainCollectionViewCell.m; sourceTree = "<group>"; };
		25B2A1B31B6F49160044D93A /* MainCollectionViewCell.xib */ = {isa = PBXFileReference; fileEncoding = 4; lastKnownFileType = file.xib; path = MainCollectionViewCell.xib; sourceTree = "<group>"; };
		25DC9D2E1B743D1300CEC864 /* BaseInfoBC.h */ = {isa = PBXFileReference; fileEncoding = 4; lastKnownFileType = sourcecode.c.h; path = BaseInfoBC.h; sourceTree = "<group>"; };
		25DC9D2F1B743D1300CEC864 /* BaseInfoBC.m */ = {isa = PBXFileReference; fileEncoding = 4; lastKnownFileType = sourcecode.c.objc; path = BaseInfoBC.m; sourceTree = "<group>"; };
		25DC9D301B743D1300CEC864 /* BaseInfoData.h */ = {isa = PBXFileReference; fileEncoding = 4; lastKnownFileType = sourcecode.c.h; path = BaseInfoData.h; sourceTree = "<group>"; };
		25DC9D311B743D1300CEC864 /* BaseInfoData.m */ = {isa = PBXFileReference; fileEncoding = 4; lastKnownFileType = sourcecode.c.objc; path = BaseInfoData.m; sourceTree = "<group>"; };
		25DC9D321B743D1300CEC864 /* BaseInfoDataModels.h */ = {isa = PBXFileReference; fileEncoding = 4; lastKnownFileType = sourcecode.c.h; path = BaseInfoDataModels.h; sourceTree = "<group>"; };
		25DC9D361B74411100CEC864 /* UserIDBaseInfo.h */ = {isa = PBXFileReference; fileEncoding = 4; lastKnownFileType = sourcecode.c.h; path = UserIDBaseInfo.h; sourceTree = "<group>"; };
		25DC9D371B74411100CEC864 /* UserIDBaseInfo.m */ = {isa = PBXFileReference; fileEncoding = 4; lastKnownFileType = sourcecode.c.objc; path = UserIDBaseInfo.m; sourceTree = "<group>"; };
		25DC9D381B74411100CEC864 /* UserIDBC.h */ = {isa = PBXFileReference; fileEncoding = 4; lastKnownFileType = sourcecode.c.h; path = UserIDBC.h; sourceTree = "<group>"; };
		25DC9D391B74411100CEC864 /* UserIDBC.m */ = {isa = PBXFileReference; fileEncoding = 4; lastKnownFileType = sourcecode.c.objc; path = UserIDBC.m; sourceTree = "<group>"; };
		25DC9D3A1B74411100CEC864 /* UserIDBodyInfo.h */ = {isa = PBXFileReference; fileEncoding = 4; lastKnownFileType = sourcecode.c.h; path = UserIDBodyInfo.h; sourceTree = "<group>"; };
		25DC9D3B1B74411100CEC864 /* UserIDBodyInfo.m */ = {isa = PBXFileReference; fileEncoding = 4; lastKnownFileType = sourcecode.c.objc; path = UserIDBodyInfo.m; sourceTree = "<group>"; };
		25DC9D3C1B74411100CEC864 /* UserIDBusinessInfo.h */ = {isa = PBXFileReference; fileEncoding = 4; lastKnownFileType = sourcecode.c.h; path = UserIDBusinessInfo.h; sourceTree = "<group>"; };
		25DC9D3D1B74411100CEC864 /* UserIDBusinessInfo.m */ = {isa = PBXFileReference; fileEncoding = 4; lastKnownFileType = sourcecode.c.objc; path = UserIDBusinessInfo.m; sourceTree = "<group>"; };
		25DC9D3E1B74411100CEC864 /* UserIDData.h */ = {isa = PBXFileReference; fileEncoding = 4; lastKnownFileType = sourcecode.c.h; path = UserIDData.h; sourceTree = "<group>"; };
		25DC9D3F1B74411100CEC864 /* UserIDData.m */ = {isa = PBXFileReference; fileEncoding = 4; lastKnownFileType = sourcecode.c.objc; path = UserIDData.m; sourceTree = "<group>"; };
		25DC9D401B74411100CEC864 /* UserIDDataModels.h */ = {isa = PBXFileReference; fileEncoding = 4; lastKnownFileType = sourcecode.c.h; path = UserIDDataModels.h; sourceTree = "<group>"; };
		25DC9D411B74411100CEC864 /* UserIDMedia.h */ = {isa = PBXFileReference; fileEncoding = 4; lastKnownFileType = sourcecode.c.h; path = UserIDMedia.h; sourceTree = "<group>"; };
		25DC9D421B74411100CEC864 /* UserIDMedia.m */ = {isa = PBXFileReference; fileEncoding = 4; lastKnownFileType = sourcecode.c.objc; path = UserIDMedia.m; sourceTree = "<group>"; };
		25DC9D491B748F0500CEC864 /* MyNoticeViewController.h */ = {isa = PBXFileReference; fileEncoding = 4; lastKnownFileType = sourcecode.c.h; path = MyNoticeViewController.h; sourceTree = "<group>"; };
		25DC9D4A1B748F0500CEC864 /* MyNoticeViewController.m */ = {isa = PBXFileReference; fileEncoding = 4; lastKnownFileType = sourcecode.c.objc; path = MyNoticeViewController.m; sourceTree = "<group>"; };
		25DC9D4B1B748F0500CEC864 /* MyNoticeViewController.xib */ = {isa = PBXFileReference; fileEncoding = 4; lastKnownFileType = file.xib; path = MyNoticeViewController.xib; sourceTree = "<group>"; };
/* End PBXFileReference section */

/* Begin PBXFrameworksBuildPhase section */
		256C1A831B5CEC6D00461B84 /* Frameworks */ = {
			isa = PBXFrameworksBuildPhase;
			buildActionMask = 2147483647;
			files = (
				256C1ADA1B5D1A9700461B84 /* AddressBookUI.framework in Frameworks */,
				256C1AD81B5D1A9200461B84 /* AddressBook.framework in Frameworks */,
				256C1AD61B5D1A8A00461B84 /* Security.framework in Frameworks */,
				256C1AD41B5D1A8100461B84 /* MessageUI.framework in Frameworks */,
				256C1AD21B5D1A7700461B84 /* libicucore.dylib in Frameworks */,
				256C1AD01B5D1A5200461B84 /* libz.dylib in Frameworks */,
				256C1ACE1B5D1A4600461B84 /* CoreGraphics.framework in Frameworks */,
				256C1ACC1B5D1A3000461B84 /* UIKit.framework in Frameworks */,
				256C1ACA1B5D1A1B00461B84 /* Foundation.framework in Frameworks */,
				256C1AC81B5D19CA00461B84 /* SMS_SDK.framework in Frameworks */,
			);
			runOnlyForDeploymentPostprocessing = 0;
		};
		256C1A9C1B5CEC6D00461B84 /* Frameworks */ = {
			isa = PBXFrameworksBuildPhase;
			buildActionMask = 2147483647;
			files = (
			);
			runOnlyForDeploymentPostprocessing = 0;
		};
/* End PBXFrameworksBuildPhase section */

/* Begin PBXGroup section */
		250C24C11B734779006EF48C /* EMWBusiness */ = {
			isa = PBXGroup;
			children = (
				250C24C21B734779006EF48C /* DataModels.h */,
				250C24C31B734779006EF48C /* EMWBusinessBaseClass.h */,
				250C24C41B734779006EF48C /* EMWBusinessBaseClass.m */,
				250C24C51B734779006EF48C /* EMWBusinessData.h */,
				250C24C61B734779006EF48C /* EMWBusinessData.m */,
			);
			path = EMWBusiness;
			sourceTree = "<group>";
		};
		255B9CB71B787F0C00161C5A /* Order */ = {
			isa = PBXGroup;
			children = (
				255B9CB81B787F0C00161C5A /* OrderData.h */,
				255B9CB91B787F0C00161C5A /* OrderData.m */,
				255B9CBA1B787F0C00161C5A /* OrderDataModels.h */,
				255B9CBB1B787F0C00161C5A /* OrderOrderBC.h */,
				255B9CBC1B787F0C00161C5A /* OrderOrderBC.m */,
			);
			path = Order;
			sourceTree = "<group>";
		};
		256C1A7D1B5CEC6D00461B84 = {
			isa = PBXGroup;
			children = (
				256C1AD91B5D1A9700461B84 /* AddressBookUI.framework */,
				256C1AD71B5D1A9200461B84 /* AddressBook.framework */,
				256C1AD51B5D1A8A00461B84 /* Security.framework */,
				256C1AD31B5D1A8100461B84 /* MessageUI.framework */,
				256C1AD11B5D1A7700461B84 /* libicucore.dylib */,
				256C1ACF1B5D1A5200461B84 /* libz.dylib */,
				256C1ACD1B5D1A4600461B84 /* CoreGraphics.framework */,
				256C1ACB1B5D1A3000461B84 /* UIKit.framework */,
				256C1AC91B5D1A1B00461B84 /* Foundation.framework */,
				256C1A881B5CEC6D00461B84 /* e-Model */,
				256C1AA21B5CEC6D00461B84 /* e-ModelTests */,
				256C1A871B5CEC6D00461B84 /* Products */,
			);
			sourceTree = "<group>";
		};
		256C1A871B5CEC6D00461B84 /* Products */ = {
			isa = PBXGroup;
			children = (
				256C1A861B5CEC6D00461B84 /* e-Model.app */,
				256C1A9F1B5CEC6D00461B84 /* e-ModelTests.xctest */,
			);
			name = Products;
			sourceTree = "<group>";
		};
		256C1A881B5CEC6D00461B84 /* e-Model */ = {
			isa = PBXGroup;
			children = (
				25B228821B5DD2CF001B450C /* Librarys */,
				25B228811B5DD2C3001B450C /* resources */,
				25B228801B5DD2B5001B450C /* Models */,
				25B2287F1B5DD28E001B450C /* ViewControllers */,
				25B2287E1B5DD272001B450C /* Utils */,
				256C1A8D1B5CEC6D00461B84 /* AppDelegate.h */,
				256C1A8E1B5CEC6D00461B84 /* AppDelegate.m */,
				256C1A901B5CEC6D00461B84 /* ViewController.h */,
				256C1A911B5CEC6D00461B84 /* ViewController.m */,
				256C1A931B5CEC6D00461B84 /* Main.storyboard */,
				256C1A961B5CEC6D00461B84 /* Images.xcassets */,
				256C1A981B5CEC6D00461B84 /* LaunchScreen.xib */,
				256C1A891B5CEC6D00461B84 /* Supporting Files */,
			);
			path = "e-Model";
			sourceTree = "<group>";
		};
		256C1A891B5CEC6D00461B84 /* Supporting Files */ = {
			isa = PBXGroup;
			children = (
				256C1A8A1B5CEC6D00461B84 /* Info.plist */,
				256C1A8B1B5CEC6D00461B84 /* main.m */,
				256C1AC11B5D0F2400461B84 /* PrefixHeader.pch */,
			);
			name = "Supporting Files";
			sourceTree = "<group>";
		};
		256C1AA21B5CEC6D00461B84 /* e-ModelTests */ = {
			isa = PBXGroup;
			children = (
				256C1AA51B5CEC6D00461B84 /* e_ModelTests.m */,
				256C1AA31B5CEC6D00461B84 /* Supporting Files */,
			);
			path = "e-ModelTests";
			sourceTree = "<group>";
		};
		256C1AA31B5CEC6D00461B84 /* Supporting Files */ = {
			isa = PBXGroup;
			children = (
				256C1AA41B5CEC6D00461B84 /* Info.plist */,
			);
			name = "Supporting Files";
			sourceTree = "<group>";
		};
		256C1AAF1B5CEE3300461B84 /* EMWRegist */ = {
			isa = PBXGroup;
			children = (
				256C1AB61B5CEE7F00461B84 /* RegistViewController.h */,
				256C1AB71B5CEE7F00461B84 /* RegistViewController.m */,
				256C1AB81B5CEE7F00461B84 /* RegistViewController.xib */,
			);
			name = EMWRegist;
			sourceTree = "<group>";
		};
		256C1AB01B5CEE3500461B84 /* EMWLogin */ = {
			isa = PBXGroup;
			children = (
				256C1AB11B5CEE6D00461B84 /* LoginViewController.h */,
				256C1AB21B5CEE6D00461B84 /* LoginViewController.m */,
				256C1AB31B5CEE6D00461B84 /* LoginViewController.xib */,
			);
			name = EMWLogin;
			sourceTree = "<group>";
		};
		256C1ABB1B5CFAD900461B84 /* EMWMain */ = {
			isa = PBXGroup;
			children = (
				25B228AB1B5DF050001B450C /* Model */,
				25B228A51B5DED0E001B450C /* SeachModel */,
				256C1ABC1B5CFB0100461B84 /* MainViewController.h */,
				256C1ABD1B5CFB0100461B84 /* MainViewController.m */,
				256C1ABE1B5CFB0100461B84 /* MainViewController.xib */,
				25B2A1B11B6F49160044D93A /* MainCollectionViewCell.h */,
				25B2A1B21B6F49160044D93A /* MainCollectionViewCell.m */,
				25B2A1B31B6F49160044D93A /* MainCollectionViewCell.xib */,
			);
			name = EMWMain;
			sourceTree = "<group>";
		};
		256C1AC21B5D19CA00461B84 /* SMS_SDK */ = {
			isa = PBXGroup;
			children = (
				256C1AC31B5D19CA00461B84 /* SMS_SDKLocalizable.strings */,
				256C1AC51B5D19CA00461B84 /* SMS_SDK.framework */,
			);
			path = SMS_SDK;
			sourceTree = "<group>";
		};
		257147AF1B719B84005F6E17 /* Chat */ = {
			isa = PBXGroup;
			children = (
				257147B01B719BB1005F6E17 /* ChatViewController.h */,
				257147B11B719BB1005F6E17 /* ChatViewController.m */,
				257147B21B719BB1005F6E17 /* ChatViewController.xib */,
				257147B51B719CE9005F6E17 /* ChatTableViewCell.h */,
				257147B61B719CE9005F6E17 /* ChatTableViewCell.m */,
				257147B71B719CE9005F6E17 /* ChatTableViewCell.xib */,
			);
			name = Chat;
			sourceTree = "<group>";
		};
		257147BA1B71A9E8005F6E17 /* SDWebImage新版 */ = {
			isa = PBXGroup;
			children = (
				257147BB1B71A9E8005F6E17 /* MKAnnotationView+WebCache.h */,
				257147BC1B71A9E8005F6E17 /* MKAnnotationView+WebCache.m */,
				257147BD1B71A9E8005F6E17 /* NSData+ImageContentType.h */,
				257147BE1B71A9E8005F6E17 /* NSData+ImageContentType.m */,
				257147BF1B71A9E8005F6E17 /* SDImageCache.h */,
				257147C01B71A9E8005F6E17 /* SDImageCache.m */,
				257147C11B71A9E8005F6E17 /* SDWebImageCompat.h */,
				257147C21B71A9E8005F6E17 /* SDWebImageCompat.m */,
				257147C31B71A9E8005F6E17 /* SDWebImageDecoder.h */,
				257147C41B71A9E8005F6E17 /* SDWebImageDecoder.m */,
				257147C51B71A9E8005F6E17 /* SDWebImageDownloader.h */,
				257147C61B71A9E8005F6E17 /* SDWebImageDownloader.m */,
				257147C71B71A9E8005F6E17 /* SDWebImageDownloaderOperation.h */,
				257147C81B71A9E8005F6E17 /* SDWebImageDownloaderOperation.m */,
				257147C91B71A9E8005F6E17 /* SDWebImageManager.h */,
				257147CA1B71A9E8005F6E17 /* SDWebImageManager.m */,
				257147CB1B71A9E8005F6E17 /* SDWebImageOperation.h */,
				257147CC1B71A9E8005F6E17 /* SDWebImagePrefetcher.h */,
				257147CD1B71A9E8005F6E17 /* SDWebImagePrefetcher.m */,
				257147CE1B71A9E8005F6E17 /* UIButton+WebCache.h */,
				257147CF1B71A9E8005F6E17 /* UIButton+WebCache.m */,
				257147D01B71A9E8005F6E17 /* UIImage+GIF.h */,
				257147D11B71A9E8005F6E17 /* UIImage+GIF.m */,
				257147D21B71A9E8005F6E17 /* UIImage+MultiFormat.h */,
				257147D31B71A9E8005F6E17 /* UIImage+MultiFormat.m */,
				257147D41B71A9E8005F6E17 /* UIImage+WebP.h */,
				257147D51B71A9E8005F6E17 /* UIImage+WebP.m */,
				257147D61B71A9E8005F6E17 /* UIImageView+HighlightedWebCache.h */,
				257147D71B71A9E8005F6E17 /* UIImageView+HighlightedWebCache.m */,
				257147D81B71A9E8005F6E17 /* UIImageView+WebCache.h */,
				257147D91B71A9E8005F6E17 /* UIImageView+WebCache.m */,
				257147DA1B71A9E8005F6E17 /* UIView+WebCacheOperation.h */,
				257147DB1B71A9E8005F6E17 /* UIView+WebCacheOperation.m */,
			);
			path = "SDWebImage新版";
			sourceTree = "<group>";
		};
		257147EC1B71AA0B005F6E17 /* AFNetworking */ = {
			isa = PBXGroup;
			children = (
				257147ED1B71AA0B005F6E17 /* AFHTTPRequestOperation.h */,
				257147EE1B71AA0B005F6E17 /* AFHTTPRequestOperation.m */,
				257147EF1B71AA0B005F6E17 /* AFHTTPRequestOperationManager.h */,
				257147F01B71AA0B005F6E17 /* AFHTTPRequestOperationManager.m */,
				257147F11B71AA0B005F6E17 /* AFHTTPSessionManager.h */,
				257147F21B71AA0B005F6E17 /* AFHTTPSessionManager.m */,
				257147F31B71AA0B005F6E17 /* AFNetworking.h */,
				257147F41B71AA0B005F6E17 /* AFNetworkReachabilityManager.h */,
				257147F51B71AA0B005F6E17 /* AFNetworkReachabilityManager.m */,
				257147F61B71AA0B005F6E17 /* AFSecurityPolicy.h */,
				257147F71B71AA0B005F6E17 /* AFSecurityPolicy.m */,
				257147F81B71AA0B005F6E17 /* AFURLConnectionOperation.h */,
				257147F91B71AA0B005F6E17 /* AFURLConnectionOperation.m */,
				257147FA1B71AA0B005F6E17 /* AFURLRequestSerialization.h */,
				257147FB1B71AA0B005F6E17 /* AFURLRequestSerialization.m */,
				257147FC1B71AA0B005F6E17 /* AFURLResponseSerialization.h */,
				257147FD1B71AA0B005F6E17 /* AFURLResponseSerialization.m */,
				257147FE1B71AA0B005F6E17 /* AFURLSessionManager.h */,
				257147FF1B71AA0B005F6E17 /* AFURLSessionManager.m */,
			);
			path = AFNetworking;
			sourceTree = "<group>";
		};
		257148091B71AA17005F6E17 /* SVPullToRefresh */ = {
			isa = PBXGroup;
			children = (
				2571480A1B71AA17005F6E17 /* SVPullToRefresh.h */,
				2571480B1B71AA17005F6E17 /* UIScrollView+SVInfiniteScrolling.h */,
				2571480C1B71AA17005F6E17 /* UIScrollView+SVInfiniteScrolling.m */,
				2571480D1B71AA17005F6E17 /* UIScrollView+SVPullToRefresh.h */,
				2571480E1B71AA17005F6E17 /* UIScrollView+SVPullToRefresh.m */,
			);
			path = SVPullToRefresh;
			sourceTree = "<group>";
		};
		257148241B71E70D005F6E17 /* NoticeDetails */ = {
			isa = PBXGroup;
			children = (
				257148251B71E90C005F6E17 /* NoticeDetailViewController.h */,
				257148261B71E90C005F6E17 /* NoticeDetailViewController.m */,
				257148271B71E90C005F6E17 /* NoticeDetailViewController.xib */,
				25DC9D491B748F0500CEC864 /* MyNoticeViewController.h */,
				25DC9D4A1B748F0500CEC864 /* MyNoticeViewController.m */,
				25DC9D4B1B748F0500CEC864 /* MyNoticeViewController.xib */,
			);
			name = NoticeDetails;
			sourceTree = "<group>";
		};
		25B2287E1B5DD272001B450C /* Utils */ = {
			isa = PBXGroup;
			children = (
				25B228831B5DD301001B450C /* Header.h */,
				25B228841B5DD386001B450C /* EMWHttpManager.h */,
				25B228851B5DD386001B450C /* EMWHttpManager.m */,
			);
			name = Utils;
			sourceTree = "<group>";
		};
		25B2287F1B5DD28E001B450C /* ViewControllers */ = {
			isa = PBXGroup;
			children = (
				256C1AB01B5CEE3500461B84 /* EMWLogin */,
				256C1AAF1B5CEE3300461B84 /* EMWRegist */,
				256C1ABB1B5CFAD900461B84 /* EMWMain */,
				25B228871B5DD70A001B450C /* EMWMessage */,
				25B2288D1B5DD77E001B450C /* EMWNotice */,
				25B228971B5DD7EF001B450C /* EMWPerson */,
			);
			name = ViewControllers;
			sourceTree = "<group>";
		};
		25B228801B5DD2B5001B450C /* Models */ = {
			isa = PBXGroup;
			children = (
				255B9CB71B787F0C00161C5A /* Order */,
				25DC9D351B74411100CEC864 /* UserID */,
				25DC9D2D1B743D1300CEC864 /* BaseInfo */,
				250C24C11B734779006EF48C /* EMWBusiness */,
				2571482A1B71FAEB005F6E17 /* EMWUser.h */,
				2571482B1B71FAEB005F6E17 /* EMWUser.m */,
				250C24BE1B733FFA006EF48C /* EMWBusinessInfo.h */,
				250C24BF1B733FFA006EF48C /* EMWBusinessInfo.m */,
			);
			name = Models;
			sourceTree = "<group>";
		};
		25B228811B5DD2C3001B450C /* resources */ = {
			isa = PBXGroup;
			children = (
				257148201B71DEC3005F6E17 /* 1.png */,
				257148211B71DEC3005F6E17 /* 0.png */,
				2571481E1B71D98C005F6E17 /* 456.png */,
				2571481C1B71D7CB005F6E17 /* 123.png */,
				25B2289D1B5DE14F001B450C /* news@2x.png */,
				25B2289F1B5DE201001B450C /* main@2x.png */,
				25B228A11B5DE239001B450C /* person@2x.png */,
				25B228A31B5DE9A6001B450C /* file@2x.png */,
				257148111B71AD69005F6E17 /* chatinputbg.png */,
				257148131B71B6E8005F6E17 /* bubble.png */,
				257148151B71B6F1005F6E17 /* bubbleSelf.png */,
			);
			name = resources;
			sourceTree = "<group>";
		};
		25B228821B5DD2CF001B450C /* Librarys */ = {
			isa = PBXGroup;
			children = (
				257148091B71AA17005F6E17 /* SVPullToRefresh */,
				257147EC1B71AA0B005F6E17 /* AFNetworking */,
				257147BA1B71A9E8005F6E17 /* SDWebImage新版 */,
				256C1AC21B5D19CA00461B84 /* SMS_SDK */,
			);
			name = Librarys;
			sourceTree = "<group>";
		};
		25B228871B5DD70A001B450C /* EMWMessage */ = {
			isa = PBXGroup;
			children = (
				257147AF1B719B84005F6E17 /* Chat */,
				25B228881B5DD748001B450C /* MessageViewController.h */,
				25B228891B5DD748001B450C /* MessageViewController.m */,
				25B2288A1B5DD748001B450C /* MessageViewController.xib */,
				250C68771B70AA6400A112A0 /* MessageTableViewCell.h */,
				250C68781B70AA6400A112A0 /* MessageTableViewCell.m */,
				250C68791B70AA6400A112A0 /* MessageTableViewCell.xib */,
			);
			name = EMWMessage;
			sourceTree = "<group>";
		};
		25B2288D1B5DD77E001B450C /* EMWNotice */ = {
			isa = PBXGroup;
			children = (
				257148241B71E70D005F6E17 /* NoticeDetails */,
				25B228921B5DD7CF001B450C /* NoticeViewController.h */,
				25B228931B5DD7CF001B450C /* NoticeViewController.m */,
				25B228941B5DD7CF001B450C /* NoticeViewController.xib */,
				257148171B71CBEE005F6E17 /* NoticeTableViewCell.h */,
				257148181B71CBEE005F6E17 /* NoticeTableViewCell.m */,
				257148191B71CBEE005F6E17 /* NoticeTableViewCell.xib */,
			);
			name = EMWNotice;
			sourceTree = "<group>";
		};
		25B228971B5DD7EF001B450C /* EMWPerson */ = {
			isa = PBXGroup;
			children = (
				25B228981B5DD80F001B450C /* PersonViewController.h */,
				25B228991B5DD80F001B450C /* PersonViewController.m */,
				25B2289A1B5DD80F001B450C /* PersonViewController.xib */,
			);
			name = EMWPerson;
			sourceTree = "<group>";
		};
		25B228A51B5DED0E001B450C /* SeachModel */ = {
			isa = PBXGroup;
			children = (
				25B228A61B5DED4B001B450C /* SeachViewController.h */,
				25B228A71B5DED4B001B450C /* SeachViewController.m */,
				25B228A81B5DED4B001B450C /* SeachViewController.xib */,
			);
			name = SeachModel;
			sourceTree = "<group>";
		};
		25B228AB1B5DF050001B450C /* Model */ = {
			isa = PBXGroup;
			children = (
				25B228AC1B5DF0F5001B450C /* WomanModelViewController.h */,
				25B228AD1B5DF0F5001B450C /* WomanModelViewController.m */,
				25B228AE1B5DF0F5001B450C /* WomanModelViewController.xib */,
				25B228B11B5DF10C001B450C /* ManModelViewController.h */,
				25B228B21B5DF10C001B450C /* ManModelViewController.m */,
				25B228B31B5DF10C001B450C /* ManModelViewController.xib */,
				25B228B91B5DF164001B450C /* ChildModelViewController.h */,
				25B228BA1B5DF164001B450C /* ChildModelViewController.m */,
				25B228BB1B5DF164001B450C /* ChildModelViewController.xib */,
				25B228C11B5DF1C4001B450C /* ForeignWomanModelViewController.h */,
				25B228C21B5DF1C4001B450C /* ForeignWomanModelViewController.m */,
				25B228C31B5DF1C4001B450C /* ForeignWomanModelViewController.xib */,
				25B228C61B5DF1DE001B450C /* ForeignManViewController.h */,
				25B228C71B5DF1DE001B450C /* ForeignManViewController.m */,
				25B228C81B5DF1DE001B450C /* ForeignManViewController.xib */,
				25B228CB1B5DF203001B450C /* OldModelViewController.h */,
				25B228CC1B5DF203001B450C /* OldModelViewController.m */,
				25B228CD1B5DF203001B450C /* OldModelViewController.xib */,
			);
			name = Model;
			sourceTree = "<group>";
		};
		25DC9D2D1B743D1300CEC864 /* BaseInfo */ = {
			isa = PBXGroup;
			children = (
				25DC9D2E1B743D1300CEC864 /* BaseInfoBC.h */,
				25DC9D2F1B743D1300CEC864 /* BaseInfoBC.m */,
				25DC9D301B743D1300CEC864 /* BaseInfoData.h */,
				25DC9D311B743D1300CEC864 /* BaseInfoData.m */,
				25DC9D321B743D1300CEC864 /* BaseInfoDataModels.h */,
			);
			path = BaseInfo;
			sourceTree = "<group>";
		};
		25DC9D351B74411100CEC864 /* UserID */ = {
			isa = PBXGroup;
			children = (
				25DC9D361B74411100CEC864 /* UserIDBaseInfo.h */,
				25DC9D371B74411100CEC864 /* UserIDBaseInfo.m */,
				25DC9D381B74411100CEC864 /* UserIDBC.h */,
				25DC9D391B74411100CEC864 /* UserIDBC.m */,
				25DC9D3A1B74411100CEC864 /* UserIDBodyInfo.h */,
				25DC9D3B1B74411100CEC864 /* UserIDBodyInfo.m */,
				25DC9D3C1B74411100CEC864 /* UserIDBusinessInfo.h */,
				25DC9D3D1B74411100CEC864 /* UserIDBusinessInfo.m */,
				25DC9D3E1B74411100CEC864 /* UserIDData.h */,
				25DC9D3F1B74411100CEC864 /* UserIDData.m */,
				25DC9D401B74411100CEC864 /* UserIDDataModels.h */,
				25DC9D411B74411100CEC864 /* UserIDMedia.h */,
				25DC9D421B74411100CEC864 /* UserIDMedia.m */,
			);
			path = UserID;
			sourceTree = "<group>";
		};
/* End PBXGroup section */

/* Begin PBXNativeTarget section */
		256C1A851B5CEC6D00461B84 /* e-Model */ = {
			isa = PBXNativeTarget;
			buildConfigurationList = 256C1AA91B5CEC6D00461B84 /* Build configuration list for PBXNativeTarget "e-Model" */;
			buildPhases = (
				256C1A821B5CEC6D00461B84 /* Sources */,
				256C1A831B5CEC6D00461B84 /* Frameworks */,
				256C1A841B5CEC6D00461B84 /* Resources */,
			);
			buildRules = (
			);
			dependencies = (
			);
			name = "e-Model";
			productName = "e-Model";
			productReference = 256C1A861B5CEC6D00461B84 /* e-Model.app */;
			productType = "com.apple.product-type.application";
		};
		256C1A9E1B5CEC6D00461B84 /* e-ModelTests */ = {
			isa = PBXNativeTarget;
			buildConfigurationList = 256C1AAC1B5CEC6D00461B84 /* Build configuration list for PBXNativeTarget "e-ModelTests" */;
			buildPhases = (
				256C1A9B1B5CEC6D00461B84 /* Sources */,
				256C1A9C1B5CEC6D00461B84 /* Frameworks */,
				256C1A9D1B5CEC6D00461B84 /* Resources */,
			);
			buildRules = (
			);
			dependencies = (
				256C1AA11B5CEC6D00461B84 /* PBXTargetDependency */,
			);
			name = "e-ModelTests";
			productName = "e-ModelTests";
			productReference = 256C1A9F1B5CEC6D00461B84 /* e-ModelTests.xctest */;
			productType = "com.apple.product-type.bundle.unit-test";
		};
/* End PBXNativeTarget section */

/* Begin PBXProject section */
		256C1A7E1B5CEC6D00461B84 /* Project object */ = {
			isa = PBXProject;
			attributes = {
				LastUpgradeCheck = 0640;
				ORGANIZATIONNAME = EMW;
				TargetAttributes = {
					256C1A851B5CEC6D00461B84 = {
						CreatedOnToolsVersion = 6.4;
					};
					256C1A9E1B5CEC6D00461B84 = {
						CreatedOnToolsVersion = 6.4;
						TestTargetID = 256C1A851B5CEC6D00461B84;
					};
				};
			};
			buildConfigurationList = 256C1A811B5CEC6D00461B84 /* Build configuration list for PBXProject "e-Model" */;
			compatibilityVersion = "Xcode 3.2";
			developmentRegion = English;
			hasScannedForEncodings = 0;
			knownRegions = (
				en,
				Base,
				"zh-Hans",
			);
			mainGroup = 256C1A7D1B5CEC6D00461B84;
			productRefGroup = 256C1A871B5CEC6D00461B84 /* Products */;
			projectDirPath = "";
			projectRoot = "";
			targets = (
				256C1A851B5CEC6D00461B84 /* e-Model */,
				256C1A9E1B5CEC6D00461B84 /* e-ModelTests */,
			);
		};
/* End PBXProject section */

/* Begin PBXResourcesBuildPhase section */
		256C1A841B5CEC6D00461B84 /* Resources */ = {
			isa = PBXResourcesBuildPhase;
			buildActionMask = 2147483647;
			files = (
				257148231B71DEC3005F6E17 /* 0.png in Resources */,
				2571481B1B71CBEE005F6E17 /* NoticeTableViewCell.xib in Resources */,
				25B228A41B5DE9A6001B450C /* file@2x.png in Resources */,
				25B228B51B5DF10C001B450C /* ManModelViewController.xib in Resources */,
				25B228AA1B5DED4B001B450C /* SeachViewController.xib in Resources */,
				25B228961B5DD7CF001B450C /* NoticeViewController.xib in Resources */,
				25B2289C1B5DD80F001B450C /* PersonViewController.xib in Resources */,
				25B2289E1B5DE14F001B450C /* news@2x.png in Resources */,
				25B228CA1B5DF1DF001B450C /* ForeignManViewController.xib in Resources */,
				2571481F1B71D98C005F6E17 /* 456.png in Resources */,
				257148221B71DEC3005F6E17 /* 1.png in Resources */,
				256C1AB51B5CEE6D00461B84 /* LoginViewController.xib in Resources */,
				25B228CF1B5DF203001B450C /* OldModelViewController.xib in Resources */,
				25DC9D4D1B748F0500CEC864 /* MyNoticeViewController.xib in Resources */,
				25B228C51B5DF1C4001B450C /* ForeignWomanModelViewController.xib in Resources */,
				256C1AC71B5D19CA00461B84 /* SMS_SDKLocalizable.strings in Resources */,
				257148161B71B6F1005F6E17 /* bubbleSelf.png in Resources */,
				250C687B1B70AA6400A112A0 /* MessageTableViewCell.xib in Resources */,
				256C1AC01B5CFB0100461B84 /* MainViewController.xib in Resources */,
				25B228BD1B5DF164001B450C /* ChildModelViewController.xib in Resources */,
				257148291B71E90C005F6E17 /* NoticeDetailViewController.xib in Resources */,
				257147B41B719BB1005F6E17 /* ChatViewController.xib in Resources */,
				256C1A951B5CEC6D00461B84 /* Main.storyboard in Resources */,
				256C1ABA1B5CEE7F00461B84 /* RegistViewController.xib in Resources */,
				257147B91B719CE9005F6E17 /* ChatTableViewCell.xib in Resources */,
				256C1A9A1B5CEC6D00461B84 /* LaunchScreen.xib in Resources */,
				25B228A01B5DE201001B450C /* main@2x.png in Resources */,
				257148141B71B6E8005F6E17 /* bubble.png in Resources */,
				25B2288C1B5DD748001B450C /* MessageViewController.xib in Resources */,
				2571481D1B71D7CB005F6E17 /* 123.png in Resources */,
				25B228A21B5DE239001B450C /* person@2x.png in Resources */,
				25B2A1B51B6F49160044D93A /* MainCollectionViewCell.xib in Resources */,
				257148121B71AD69005F6E17 /* chatinputbg.png in Resources */,
				256C1A971B5CEC6D00461B84 /* Images.xcassets in Resources */,
				25B228B01B5DF0F5001B450C /* WomanModelViewController.xib in Resources */,
			);
			runOnlyForDeploymentPostprocessing = 0;
		};
		256C1A9D1B5CEC6D00461B84 /* Resources */ = {
			isa = PBXResourcesBuildPhase;
			buildActionMask = 2147483647;
			files = (
			);
			runOnlyForDeploymentPostprocessing = 0;
		};
/* End PBXResourcesBuildPhase section */

/* Begin PBXSourcesBuildPhase section */
		256C1A821B5CEC6D00461B84 /* Sources */ = {
			isa = PBXSourcesBuildPhase;
			buildActionMask = 2147483647;
			files = (
				257147E01B71A9E8005F6E17 /* SDWebImageDecoder.m in Sources */,
				256C1AB41B5CEE6D00461B84 /* LoginViewController.m in Sources */,
				257148001B71AA0B005F6E17 /* AFHTTPRequestOperation.m in Sources */,
				257147DC1B71A9E8005F6E17 /* MKAnnotationView+WebCache.m in Sources */,
				250C687A1B70AA6400A112A0 /* MessageTableViewCell.m in Sources */,
				257147B31B719BB1005F6E17 /* ChatViewController.m in Sources */,
				25B228951B5DD7CF001B450C /* NoticeViewController.m in Sources */,
				257148061B71AA0B005F6E17 /* AFURLRequestSerialization.m in Sources */,
				257148021B71AA0B005F6E17 /* AFHTTPSessionManager.m in Sources */,
				256C1ABF1B5CFB0100461B84 /* MainViewController.m in Sources */,
				25DC9D441B74411100CEC864 /* UserIDBC.m in Sources */,
				25DC9D341B743D1300CEC864 /* BaseInfoData.m in Sources */,
				256C1A921B5CEC6D00461B84 /* ViewController.m in Sources */,
				2571480F1B71AA17005F6E17 /* UIScrollView+SVInfiniteScrolling.m in Sources */,
				257148051B71AA0B005F6E17 /* AFURLConnectionOperation.m in Sources */,
				25DC9D331B743D1300CEC864 /* BaseInfoBC.m in Sources */,
				257147DF1B71A9E8005F6E17 /* SDWebImageCompat.m in Sources */,
				257147DE1B71A9E8005F6E17 /* SDImageCache.m in Sources */,
				250C24C81B734779006EF48C /* EMWBusinessData.m in Sources */,
				257147E71B71A9E8005F6E17 /* UIImage+MultiFormat.m in Sources */,
				25DC9D481B74411100CEC864 /* UserIDMedia.m in Sources */,
				257147E61B71A9E8005F6E17 /* UIImage+GIF.m in Sources */,
				250C24C01B733FFA006EF48C /* EMWBusinessInfo.m in Sources */,
				257147E11B71A9E8005F6E17 /* SDWebImageDownloader.m in Sources */,
				25B228CE1B5DF203001B450C /* OldModelViewController.m in Sources */,
				257147EA1B71A9E8005F6E17 /* UIImageView+WebCache.m in Sources */,
				257148101B71AA17005F6E17 /* UIScrollView+SVPullToRefresh.m in Sources */,
				257148071B71AA0B005F6E17 /* AFURLResponseSerialization.m in Sources */,
				255B9CBD1B787F0C00161C5A /* OrderData.m in Sources */,
				257147E51B71A9E8005F6E17 /* UIButton+WebCache.m in Sources */,
				256C1A8F1B5CEC6D00461B84 /* AppDelegate.m in Sources */,
				25B2289B1B5DD80F001B450C /* PersonViewController.m in Sources */,
				2571482C1B71FAEB005F6E17 /* EMWUser.m in Sources */,
				256C1A8C1B5CEC6D00461B84 /* main.m in Sources */,
				257148011B71AA0B005F6E17 /* AFHTTPRequestOperationManager.m in Sources */,
				25B228BC1B5DF164001B450C /* ChildModelViewController.m in Sources */,
				25B228861B5DD386001B450C /* EMWHttpManager.m in Sources */,
				25DC9D461B74411100CEC864 /* UserIDBusinessInfo.m in Sources */,
				25B228A91B5DED4B001B450C /* SeachViewController.m in Sources */,
				257147E21B71A9E8005F6E17 /* SDWebImageDownloaderOperation.m in Sources */,
				25B2A1B41B6F49160044D93A /* MainCollectionViewCell.m in Sources */,
				25B228C91B5DF1DF001B450C /* ForeignManViewController.m in Sources */,
				257148041B71AA0B005F6E17 /* AFSecurityPolicy.m in Sources */,
				257147E41B71A9E8005F6E17 /* SDWebImagePrefetcher.m in Sources */,
				257147E81B71A9E8005F6E17 /* UIImage+WebP.m in Sources */,
				2571481A1B71CBEE005F6E17 /* NoticeTableViewCell.m in Sources */,
				257147E31B71A9E8005F6E17 /* SDWebImageManager.m in Sources */,
				25DC9D431B74411100CEC864 /* UserIDBaseInfo.m in Sources */,
				257147DD1B71A9E8005F6E17 /* NSData+ImageContentType.m in Sources */,
				25B2288B1B5DD748001B450C /* MessageViewController.m in Sources */,
				257148031B71AA0B005F6E17 /* AFNetworkReachabilityManager.m in Sources */,
				25B228C41B5DF1C4001B450C /* ForeignWomanModelViewController.m in Sources */,
				25DC9D4C1B748F0500CEC864 /* MyNoticeViewController.m in Sources */,
				257147B81B719CE9005F6E17 /* ChatTableViewCell.m in Sources */,
				257148281B71E90C005F6E17 /* NoticeDetailViewController.m in Sources */,
				25B228B41B5DF10C001B450C /* ManModelViewController.m in Sources */,
				256C1AB91B5CEE7F00461B84 /* RegistViewController.m in Sources */,
				257147EB1B71A9E8005F6E17 /* UIView+WebCacheOperation.m in Sources */,
				257147E91B71A9E8005F6E17 /* UIImageView+HighlightedWebCache.m in Sources */,
				25B228AF1B5DF0F5001B450C /* WomanModelViewController.m in Sources */,
				25DC9D471B74411100CEC864 /* UserIDData.m in Sources */,
				257148081B71AA0B005F6E17 /* AFURLSessionManager.m in Sources */,
				250C24C71B734779006EF48C /* EMWBusinessBaseClass.m in Sources */,
				25DC9D451B74411100CEC864 /* UserIDBodyInfo.m in Sources */,
				255B9CBE1B787F0C00161C5A /* OrderOrderBC.m in Sources */,
			);
			runOnlyForDeploymentPostprocessing = 0;
		};
		256C1A9B1B5CEC6D00461B84 /* Sources */ = {
			isa = PBXSourcesBuildPhase;
			buildActionMask = 2147483647;
			files = (
				256C1AA61B5CEC6D00461B84 /* e_ModelTests.m in Sources */,
			);
			runOnlyForDeploymentPostprocessing = 0;
		};
/* End PBXSourcesBuildPhase section */

/* Begin PBXTargetDependency section */
		256C1AA11B5CEC6D00461B84 /* PBXTargetDependency */ = {
			isa = PBXTargetDependency;
			target = 256C1A851B5CEC6D00461B84 /* e-Model */;
			targetProxy = 256C1AA01B5CEC6D00461B84 /* PBXContainerItemProxy */;
		};
/* End PBXTargetDependency section */

/* Begin PBXVariantGroup section */
		256C1A931B5CEC6D00461B84 /* Main.storyboard */ = {
			isa = PBXVariantGroup;
			children = (
				256C1A941B5CEC6D00461B84 /* Base */,
			);
			name = Main.storyboard;
			sourceTree = "<group>";
		};
		256C1A981B5CEC6D00461B84 /* LaunchScreen.xib */ = {
			isa = PBXVariantGroup;
			children = (
				256C1A991B5CEC6D00461B84 /* Base */,
			);
			name = LaunchScreen.xib;
			sourceTree = "<group>";
		};
		256C1AC31B5D19CA00461B84 /* SMS_SDKLocalizable.strings */ = {
			isa = PBXVariantGroup;
			children = (
				256C1AC41B5D19CA00461B84 /* en */,
				256C1AC61B5D19CA00461B84 /* zh-Hans */,
			);
			name = SMS_SDKLocalizable.strings;
			sourceTree = "<group>";
		};
/* End PBXVariantGroup section */

/* Begin XCBuildConfiguration section */
		256C1AA71B5CEC6D00461B84 /* Debug */ = {
			isa = XCBuildConfiguration;
			buildSettings = {
				ALWAYS_SEARCH_USER_PATHS = NO;
				CLANG_CXX_LANGUAGE_STANDARD = "gnu++0x";
				CLANG_CXX_LIBRARY = "libc++";
				CLANG_ENABLE_MODULES = YES;
				CLANG_ENABLE_OBJC_ARC = YES;
				CLANG_WARN_BOOL_CONVERSION = YES;
				CLANG_WARN_CONSTANT_CONVERSION = YES;
				CLANG_WARN_DIRECT_OBJC_ISA_USAGE = YES_ERROR;
				CLANG_WARN_EMPTY_BODY = YES;
				CLANG_WARN_ENUM_CONVERSION = YES;
				CLANG_WARN_INT_CONVERSION = YES;
				CLANG_WARN_OBJC_ROOT_CLASS = YES_ERROR;
				CLANG_WARN_UNREACHABLE_CODE = YES;
				CLANG_WARN__DUPLICATE_METHOD_MATCH = YES;
				"CODE_SIGN_IDENTITY[sdk=iphoneos*]" = "iPhone Developer";
				COPY_PHASE_STRIP = NO;
				DEBUG_INFORMATION_FORMAT = "dwarf-with-dsym";
				ENABLE_STRICT_OBJC_MSGSEND = YES;
				GCC_C_LANGUAGE_STANDARD = gnu99;
				GCC_DYNAMIC_NO_PIC = NO;
				GCC_NO_COMMON_BLOCKS = YES;
				GCC_OPTIMIZATION_LEVEL = 0;
				GCC_PREPROCESSOR_DEFINITIONS = (
					"DEBUG=1",
					"$(inherited)",
				);
				GCC_SYMBOLS_PRIVATE_EXTERN = NO;
				GCC_WARN_64_TO_32_BIT_CONVERSION = YES;
				GCC_WARN_ABOUT_RETURN_TYPE = YES_ERROR;
				GCC_WARN_UNDECLARED_SELECTOR = YES;
				GCC_WARN_UNINITIALIZED_AUTOS = YES_AGGRESSIVE;
				GCC_WARN_UNUSED_FUNCTION = YES;
				GCC_WARN_UNUSED_VARIABLE = YES;
				IPHONEOS_DEPLOYMENT_TARGET = 8.4;
				MTL_ENABLE_DEBUG_INFO = YES;
				ONLY_ACTIVE_ARCH = YES;
				SDKROOT = iphoneos;
				TARGETED_DEVICE_FAMILY = "1,2";
			};
			name = Debug;
		};
		256C1AA81B5CEC6D00461B84 /* Release */ = {
			isa = XCBuildConfiguration;
			buildSettings = {
				ALWAYS_SEARCH_USER_PATHS = NO;
				CLANG_CXX_LANGUAGE_STANDARD = "gnu++0x";
				CLANG_CXX_LIBRARY = "libc++";
				CLANG_ENABLE_MODULES = YES;
				CLANG_ENABLE_OBJC_ARC = YES;
				CLANG_WARN_BOOL_CONVERSION = YES;
				CLANG_WARN_CONSTANT_CONVERSION = YES;
				CLANG_WARN_DIRECT_OBJC_ISA_USAGE = YES_ERROR;
				CLANG_WARN_EMPTY_BODY = YES;
				CLANG_WARN_ENUM_CONVERSION = YES;
				CLANG_WARN_INT_CONVERSION = YES;
				CLANG_WARN_OBJC_ROOT_CLASS = YES_ERROR;
				CLANG_WARN_UNREACHABLE_CODE = YES;
				CLANG_WARN__DUPLICATE_METHOD_MATCH = YES;
				"CODE_SIGN_IDENTITY[sdk=iphoneos*]" = "iPhone Developer";
				COPY_PHASE_STRIP = NO;
				DEBUG_INFORMATION_FORMAT = "dwarf-with-dsym";
				ENABLE_NS_ASSERTIONS = NO;
				ENABLE_STRICT_OBJC_MSGSEND = YES;
				GCC_C_LANGUAGE_STANDARD = gnu99;
				GCC_NO_COMMON_BLOCKS = YES;
				GCC_WARN_64_TO_32_BIT_CONVERSION = YES;
				GCC_WARN_ABOUT_RETURN_TYPE = YES_ERROR;
				GCC_WARN_UNDECLARED_SELECTOR = YES;
				GCC_WARN_UNINITIALIZED_AUTOS = YES_AGGRESSIVE;
				GCC_WARN_UNUSED_FUNCTION = YES;
				GCC_WARN_UNUSED_VARIABLE = YES;
				IPHONEOS_DEPLOYMENT_TARGET = 8.4;
				MTL_ENABLE_DEBUG_INFO = NO;
				SDKROOT = iphoneos;
				TARGETED_DEVICE_FAMILY = "1,2";
				VALIDATE_PRODUCT = YES;
			};
			name = Release;
		};
		256C1AAA1B5CEC6D00461B84 /* Debug */ = {
			isa = XCBuildConfiguration;
			buildSettings = {
				ASSETCATALOG_COMPILER_APPICON_NAME = AppIcon;
				FRAMEWORK_SEARCH_PATHS = (
					"$(inherited)",
					"$(PROJECT_DIR)/e-Model/SMS_SDK",
				);
				INFOPLIST_FILE = "e-Model/Info.plist";
				LD_RUNPATH_SEARCH_PATHS = "$(inherited) @executable_path/Frameworks";
				PRODUCT_NAME = "$(TARGET_NAME)";
			};
			name = Debug;
		};
		256C1AAB1B5CEC6D00461B84 /* Release */ = {
			isa = XCBuildConfiguration;
			buildSettings = {
				ASSETCATALOG_COMPILER_APPICON_NAME = AppIcon;
				FRAMEWORK_SEARCH_PATHS = (
					"$(inherited)",
					"$(PROJECT_DIR)/e-Model/SMS_SDK",
				);
				INFOPLIST_FILE = "e-Model/Info.plist";
				LD_RUNPATH_SEARCH_PATHS = "$(inherited) @executable_path/Frameworks";
				PRODUCT_NAME = "$(TARGET_NAME)";
			};
			name = Release;
		};
		256C1AAD1B5CEC6D00461B84 /* Debug */ = {
			isa = XCBuildConfiguration;
			buildSettings = {
				BUNDLE_LOADER = "$(TEST_HOST)";
				FRAMEWORK_SEARCH_PATHS = (
					"$(SDKROOT)/Developer/Library/Frameworks",
					"$(inherited)",
				);
				GCC_PREPROCESSOR_DEFINITIONS = (
					"DEBUG=1",
					"$(inherited)",
				);
				INFOPLIST_FILE = "e-ModelTests/Info.plist";
				LD_RUNPATH_SEARCH_PATHS = "$(inherited) @executable_path/Frameworks @loader_path/Frameworks";
				PRODUCT_NAME = "$(TARGET_NAME)";
				TEST_HOST = "$(BUILT_PRODUCTS_DIR)/e-Model.app/e-Model";
			};
			name = Debug;
		};
		256C1AAE1B5CEC6D00461B84 /* Release */ = {
			isa = XCBuildConfiguration;
			buildSettings = {
				BUNDLE_LOADER = "$(TEST_HOST)";
				FRAMEWORK_SEARCH_PATHS = (
					"$(SDKROOT)/Developer/Library/Frameworks",
					"$(inherited)",
				);
				INFOPLIST_FILE = "e-ModelTests/Info.plist";
				LD_RUNPATH_SEARCH_PATHS = "$(inherited) @executable_path/Frameworks @loader_path/Frameworks";
				PRODUCT_NAME = "$(TARGET_NAME)";
				TEST_HOST = "$(BUILT_PRODUCTS_DIR)/e-Model.app/e-Model";
			};
			name = Release;
		};
/* End XCBuildConfiguration section */

/* Begin XCConfigurationList section */
		256C1A811B5CEC6D00461B84 /* Build configuration list for PBXProject "e-Model" */ = {
			isa = XCConfigurationList;
			buildConfigurations = (
				256C1AA71B5CEC6D00461B84 /* Debug */,
				256C1AA81B5CEC6D00461B84 /* Release */,
			);
			defaultConfigurationIsVisible = 0;
			defaultConfigurationName = Release;
		};
		256C1AA91B5CEC6D00461B84 /* Build configuration list for PBXNativeTarget "e-Model" */ = {
			isa = XCConfigurationList;
			buildConfigurations = (
				256C1AAA1B5CEC6D00461B84 /* Debug */,
				256C1AAB1B5CEC6D00461B84 /* Release */,
			);
			defaultConfigurationIsVisible = 0;
			defaultConfigurationName = Release;
		};
		256C1AAC1B5CEC6D00461B84 /* Build configuration list for PBXNativeTarget "e-ModelTests" */ = {
			isa = XCConfigurationList;
			buildConfigurations = (
				256C1AAD1B5CEC6D00461B84 /* Debug */,
				256C1AAE1B5CEC6D00461B84 /* Release */,
			);
			defaultConfigurationIsVisible = 0;
			defaultConfigurationName = Release;
		};
/* End XCConfigurationList section */
	};
	rootObject = 256C1A7E1B5CEC6D00461B84 /* Project object */;
}
